// !$*UTF8*$!
{
	archiveVersion = 1;
	classes = {
	};
	objectVersion = 46;
	objects = {

/* Begin PBXBuildFile section */
		52293DBF1BF7268D00AB82E5 /* FLEXClassesTableViewController.h in Headers */ = {isa = PBXBuildFile; fileRef = 52293D791BF7268D00AB82E5 /* FLEXClassesTableViewController.h */; };
		52293DC01BF7268D00AB82E5 /* FLEXClassesTableViewController.m in Sources */ = {isa = PBXBuildFile; fileRef = 52293D7A1BF7268D00AB82E5 /* FLEXClassesTableViewController.m */; };
		52293DC11BF7268D00AB82E5 /* FLEXCookiesTableViewController.h in Headers */ = {isa = PBXBuildFile; fileRef = 52293D7B1BF7268D00AB82E5 /* FLEXCookiesTableViewController.h */; };
		52293DC21BF7268D00AB82E5 /* FLEXCookiesTableViewController.m in Sources */ = {isa = PBXBuildFile; fileRef = 52293D7C1BF7268D00AB82E5 /* FLEXCookiesTableViewController.m */; };
		52293DC31BF7268D00AB82E5 /* FLEXFileBrowserFileOperationController.h in Headers */ = {isa = PBXBuildFile; fileRef = 52293D7D1BF7268D00AB82E5 /* FLEXFileBrowserFileOperationController.h */; };
		52293DC41BF7268D00AB82E5 /* FLEXFileBrowserFileOperationController.m in Sources */ = {isa = PBXBuildFile; fileRef = 52293D7E1BF7268D00AB82E5 /* FLEXFileBrowserFileOperationController.m */; };
		52293DC51BF7268D00AB82E5 /* FLEXFileBrowserSearchOperation.h in Headers */ = {isa = PBXBuildFile; fileRef = 52293D7F1BF7268D00AB82E5 /* FLEXFileBrowserSearchOperation.h */; };
		52293DC61BF7268D00AB82E5 /* FLEXFileBrowserSearchOperation.m in Sources */ = {isa = PBXBuildFile; fileRef = 52293D801BF7268D00AB82E5 /* FLEXFileBrowserSearchOperation.m */; };
		52293DC71BF7268D00AB82E5 /* FLEXFileBrowserTableViewController.h in Headers */ = {isa = PBXBuildFile; fileRef = 52293D811BF7268D00AB82E5 /* FLEXFileBrowserTableViewController.h */; };
		52293DC81BF7268D00AB82E5 /* FLEXFileBrowserTableViewController.m in Sources */ = {isa = PBXBuildFile; fileRef = 52293D821BF7268D00AB82E5 /* FLEXFileBrowserTableViewController.m */; };
		52293DC91BF7268D00AB82E5 /* FLEXGlobalsTableViewController.h in Headers */ = {isa = PBXBuildFile; fileRef = 52293D831BF7268D00AB82E5 /* FLEXGlobalsTableViewController.h */; };
		52293DCA1BF7268D00AB82E5 /* FLEXGlobalsTableViewController.m in Sources */ = {isa = PBXBuildFile; fileRef = 52293D841BF7268D00AB82E5 /* FLEXGlobalsTableViewController.m */; };
		52293DCB1BF7268D00AB82E5 /* FLEXInstancesTableViewController.h in Headers */ = {isa = PBXBuildFile; fileRef = 52293D851BF7268D00AB82E5 /* FLEXInstancesTableViewController.h */; };
		52293DCC1BF7268D00AB82E5 /* FLEXInstancesTableViewController.m in Sources */ = {isa = PBXBuildFile; fileRef = 52293D861BF7268D00AB82E5 /* FLEXInstancesTableViewController.m */; };
		52293DCD1BF7268D00AB82E5 /* FLEXLibrariesTableViewController.h in Headers */ = {isa = PBXBuildFile; fileRef = 52293D871BF7268D00AB82E5 /* FLEXLibrariesTableViewController.h */; };
		52293DCE1BF7268D00AB82E5 /* FLEXLibrariesTableViewController.m in Sources */ = {isa = PBXBuildFile; fileRef = 52293D881BF7268D00AB82E5 /* FLEXLibrariesTableViewController.m */; };
		52293DCF1BF7268D00AB82E5 /* FLEXLiveObjectsTableViewController.h in Headers */ = {isa = PBXBuildFile; fileRef = 52293D891BF7268D00AB82E5 /* FLEXLiveObjectsTableViewController.h */; };
		52293DD01BF7268D00AB82E5 /* FLEXLiveObjectsTableViewController.m in Sources */ = {isa = PBXBuildFile; fileRef = 52293D8A1BF7268D00AB82E5 /* FLEXLiveObjectsTableViewController.m */; };
		52293DD11BF7268D00AB82E5 /* FLEXWebViewController.h in Headers */ = {isa = PBXBuildFile; fileRef = 52293D8B1BF7268D00AB82E5 /* FLEXWebViewController.h */; };
		52293DD21BF7268D00AB82E5 /* FLEXWebViewController.m in Sources */ = {isa = PBXBuildFile; fileRef = 52293D8C1BF7268D00AB82E5 /* FLEXWebViewController.m */; };
		52293DD31BF7268D00AB82E5 /* FLEXSystemLogMessage.h in Headers */ = {isa = PBXBuildFile; fileRef = 52293D8E1BF7268D00AB82E5 /* FLEXSystemLogMessage.h */; };
		52293DD41BF7268D00AB82E5 /* FLEXSystemLogMessage.m in Sources */ = {isa = PBXBuildFile; fileRef = 52293D8F1BF7268D00AB82E5 /* FLEXSystemLogMessage.m */; };
		52293DD51BF7268D00AB82E5 /* FLEXSystemLogTableViewCell.h in Headers */ = {isa = PBXBuildFile; fileRef = 52293D901BF7268D00AB82E5 /* FLEXSystemLogTableViewCell.h */; };
		52293DD61BF7268D00AB82E5 /* FLEXSystemLogTableViewCell.m in Sources */ = {isa = PBXBuildFile; fileRef = 52293D911BF7268D00AB82E5 /* FLEXSystemLogTableViewCell.m */; };
		52293DD71BF7268D00AB82E5 /* FLEXSystemLogTableViewController.h in Headers */ = {isa = PBXBuildFile; fileRef = 52293D921BF7268D00AB82E5 /* FLEXSystemLogTableViewController.h */; };
		52293DD81BF7268D00AB82E5 /* FLEXSystemLogTableViewController.m in Sources */ = {isa = PBXBuildFile; fileRef = 52293D931BF7268D00AB82E5 /* FLEXSystemLogTableViewController.m */; };
		52293DD91BF7268D00AB82E5 /* FLEXArrayExplorerViewController.h in Headers */ = {isa = PBXBuildFile; fileRef = 52293D951BF7268D00AB82E5 /* FLEXArrayExplorerViewController.h */; };
		52293DDA1BF7268D00AB82E5 /* FLEXArrayExplorerViewController.m in Sources */ = {isa = PBXBuildFile; fileRef = 52293D961BF7268D00AB82E5 /* FLEXArrayExplorerViewController.m */; };
		52293DDB1BF7268D00AB82E5 /* FLEXClassExplorerViewController.h in Headers */ = {isa = PBXBuildFile; fileRef = 52293D971BF7268D00AB82E5 /* FLEXClassExplorerViewController.h */; };
		52293DDC1BF7268D00AB82E5 /* FLEXClassExplorerViewController.m in Sources */ = {isa = PBXBuildFile; fileRef = 52293D981BF7268D00AB82E5 /* FLEXClassExplorerViewController.m */; };
		52293DDD1BF7268D00AB82E5 /* FLEXDefaultsExplorerViewController.h in Headers */ = {isa = PBXBuildFile; fileRef = 52293D991BF7268D00AB82E5 /* FLEXDefaultsExplorerViewController.h */; };
		52293DDE1BF7268D00AB82E5 /* FLEXDefaultsExplorerViewController.m in Sources */ = {isa = PBXBuildFile; fileRef = 52293D9A1BF7268D00AB82E5 /* FLEXDefaultsExplorerViewController.m */; };
		52293DDF1BF7268D00AB82E5 /* FLEXDictionaryExplorerViewController.h in Headers */ = {isa = PBXBuildFile; fileRef = 52293D9B1BF7268D00AB82E5 /* FLEXDictionaryExplorerViewController.h */; };
		52293DE01BF7268D00AB82E5 /* FLEXDictionaryExplorerViewController.m in Sources */ = {isa = PBXBuildFile; fileRef = 52293D9C1BF7268D00AB82E5 /* FLEXDictionaryExplorerViewController.m */; };
		52293DE11BF7268D00AB82E5 /* FLEXGlobalsTableViewControllerEntry.h in Headers */ = {isa = PBXBuildFile; fileRef = 52293D9D1BF7268D00AB82E5 /* FLEXGlobalsTableViewControllerEntry.h */; };
		52293DE21BF7268D00AB82E5 /* FLEXGlobalsTableViewControllerEntry.m in Sources */ = {isa = PBXBuildFile; fileRef = 52293D9E1BF7268D00AB82E5 /* FLEXGlobalsTableViewControllerEntry.m */; };
		52293DE31BF7268D00AB82E5 /* FLEXImageExplorerViewController.h in Headers */ = {isa = PBXBuildFile; fileRef = 52293D9F1BF7268D00AB82E5 /* FLEXImageExplorerViewController.h */; };
		52293DE41BF7268D00AB82E5 /* FLEXImageExplorerViewController.m in Sources */ = {isa = PBXBuildFile; fileRef = 52293DA01BF7268D00AB82E5 /* FLEXImageExplorerViewController.m */; };
		52293DE51BF7268D00AB82E5 /* FLEXLayerExplorerViewController.h in Headers */ = {isa = PBXBuildFile; fileRef = 52293DA11BF7268D00AB82E5 /* FLEXLayerExplorerViewController.h */; };
		52293DE61BF7268D00AB82E5 /* FLEXLayerExplorerViewController.m in Sources */ = {isa = PBXBuildFile; fileRef = 52293DA21BF7268D00AB82E5 /* FLEXLayerExplorerViewController.m */; };
		52293DE71BF7268D00AB82E5 /* FLEXObjectExplorerFactory.h in Headers */ = {isa = PBXBuildFile; fileRef = 52293DA31BF7268D00AB82E5 /* FLEXObjectExplorerFactory.h */; };
		52293DE81BF7268D00AB82E5 /* FLEXObjectExplorerFactory.m in Sources */ = {isa = PBXBuildFile; fileRef = 52293DA41BF7268D00AB82E5 /* FLEXObjectExplorerFactory.m */; };
		52293DE91BF7268D00AB82E5 /* FLEXObjectExplorerViewController.h in Headers */ = {isa = PBXBuildFile; fileRef = 52293DA51BF7268D00AB82E5 /* FLEXObjectExplorerViewController.h */; };
		52293DEA1BF7268D00AB82E5 /* FLEXObjectExplorerViewController.m in Sources */ = {isa = PBXBuildFile; fileRef = 52293DA61BF7268D00AB82E5 /* FLEXObjectExplorerViewController.m */; };
		52293DEB1BF7268D00AB82E5 /* FLEXSetExplorerViewController.h in Headers */ = {isa = PBXBuildFile; fileRef = 52293DA71BF7268D00AB82E5 /* FLEXSetExplorerViewController.h */; };
		52293DEC1BF7268D00AB82E5 /* FLEXSetExplorerViewController.m in Sources */ = {isa = PBXBuildFile; fileRef = 52293DA81BF7268D00AB82E5 /* FLEXSetExplorerViewController.m */; };
		52293DED1BF7268D00AB82E5 /* FLEXViewControllerExplorerViewController.h in Headers */ = {isa = PBXBuildFile; fileRef = 52293DA91BF7268D00AB82E5 /* FLEXViewControllerExplorerViewController.h */; };
		52293DEE1BF7268D00AB82E5 /* FLEXViewControllerExplorerViewController.m in Sources */ = {isa = PBXBuildFile; fileRef = 52293DAA1BF7268D00AB82E5 /* FLEXViewControllerExplorerViewController.m */; };
		52293DEF1BF7268D00AB82E5 /* FLEXViewExplorerViewController.h in Headers */ = {isa = PBXBuildFile; fileRef = 52293DAB1BF7268D00AB82E5 /* FLEXViewExplorerViewController.h */; };
		52293DF01BF7268D00AB82E5 /* FLEXViewExplorerViewController.m in Sources */ = {isa = PBXBuildFile; fileRef = 52293DAC1BF7268D00AB82E5 /* FLEXViewExplorerViewController.m */; };
		52293DF11BF7268D00AB82E5 /* FLEXHierarchyTableViewCell.h in Headers */ = {isa = PBXBuildFile; fileRef = 52293DAE1BF7268D00AB82E5 /* FLEXHierarchyTableViewCell.h */; };
		52293DF21BF7268D00AB82E5 /* FLEXHierarchyTableViewCell.m in Sources */ = {isa = PBXBuildFile; fileRef = 52293DAF1BF7268D00AB82E5 /* FLEXHierarchyTableViewCell.m */; };
		52293DF31BF7268D00AB82E5 /* FLEXHierarchyTableViewController.h in Headers */ = {isa = PBXBuildFile; fileRef = 52293DB01BF7268D00AB82E5 /* FLEXHierarchyTableViewController.h */; };
		52293DF41BF7268D00AB82E5 /* FLEXHierarchyTableViewController.m in Sources */ = {isa = PBXBuildFile; fileRef = 52293DB11BF7268D00AB82E5 /* FLEXHierarchyTableViewController.m */; };
		52293DF51BF7268D00AB82E5 /* FLEXImagePreviewViewController.h in Headers */ = {isa = PBXBuildFile; fileRef = 52293DB21BF7268D00AB82E5 /* FLEXImagePreviewViewController.h */; };
		52293DF61BF7268D00AB82E5 /* FLEXImagePreviewViewController.m in Sources */ = {isa = PBXBuildFile; fileRef = 52293DB31BF7268D00AB82E5 /* FLEXImagePreviewViewController.m */; };
		52293E121BF726A700AB82E5 /* FLEXArgumentInputColorView.h in Headers */ = {isa = PBXBuildFile; fileRef = 52293DF81BF726A700AB82E5 /* FLEXArgumentInputColorView.h */; };
		52293E131BF726A700AB82E5 /* FLEXArgumentInputColorView.m in Sources */ = {isa = PBXBuildFile; fileRef = 52293DF91BF726A700AB82E5 /* FLEXArgumentInputColorView.m */; };
		52293E141BF726A700AB82E5 /* FLEXArgumentInputDateView.h in Headers */ = {isa = PBXBuildFile; fileRef = 52293DFA1BF726A700AB82E5 /* FLEXArgumentInputDateView.h */; };
		52293E151BF726A700AB82E5 /* FLEXArgumentInputDateView.m in Sources */ = {isa = PBXBuildFile; fileRef = 52293DFB1BF726A700AB82E5 /* FLEXArgumentInputDateView.m */; };
		52293E161BF726A700AB82E5 /* FLEXArgumentInputFontsPickerView.h in Headers */ = {isa = PBXBuildFile; fileRef = 52293DFC1BF726A700AB82E5 /* FLEXArgumentInputFontsPickerView.h */; };
		52293E171BF726A700AB82E5 /* FLEXArgumentInputFontsPickerView.m in Sources */ = {isa = PBXBuildFile; fileRef = 52293DFD1BF726A700AB82E5 /* FLEXArgumentInputFontsPickerView.m */; };
		52293E181BF726A700AB82E5 /* FLEXArgumentInputFontView.h in Headers */ = {isa = PBXBuildFile; fileRef = 52293DFE1BF726A700AB82E5 /* FLEXArgumentInputFontView.h */; };
		52293E191BF726A700AB82E5 /* FLEXArgumentInputFontView.m in Sources */ = {isa = PBXBuildFile; fileRef = 52293DFF1BF726A700AB82E5 /* FLEXArgumentInputFontView.m */; };
		52293E1A1BF726A700AB82E5 /* FLEXArgumentInputJSONObjectView.h in Headers */ = {isa = PBXBuildFile; fileRef = 52293E001BF726A700AB82E5 /* FLEXArgumentInputJSONObjectView.h */; };
		52293E1B1BF726A700AB82E5 /* FLEXArgumentInputJSONObjectView.m in Sources */ = {isa = PBXBuildFile; fileRef = 52293E011BF726A700AB82E5 /* FLEXArgumentInputJSONObjectView.m */; };
		52293E1C1BF726A700AB82E5 /* FLEXArgumentInputNotSupportedView.h in Headers */ = {isa = PBXBuildFile; fileRef = 52293E021BF726A700AB82E5 /* FLEXArgumentInputNotSupportedView.h */; };
		52293E1D1BF726A700AB82E5 /* FLEXArgumentInputNotSupportedView.m in Sources */ = {isa = PBXBuildFile; fileRef = 52293E031BF726A700AB82E5 /* FLEXArgumentInputNotSupportedView.m */; };
		52293E1E1BF726A700AB82E5 /* FLEXArgumentInputNumberView.h in Headers */ = {isa = PBXBuildFile; fileRef = 52293E041BF726A700AB82E5 /* FLEXArgumentInputNumberView.h */; };
		52293E1F1BF726A700AB82E5 /* FLEXArgumentInputNumberView.m in Sources */ = {isa = PBXBuildFile; fileRef = 52293E051BF726A700AB82E5 /* FLEXArgumentInputNumberView.m */; };
		52293E201BF726A700AB82E5 /* FLEXArgumentInputStringView.h in Headers */ = {isa = PBXBuildFile; fileRef = 52293E061BF726A700AB82E5 /* FLEXArgumentInputStringView.h */; };
		52293E211BF726A700AB82E5 /* FLEXArgumentInputStringView.m in Sources */ = {isa = PBXBuildFile; fileRef = 52293E071BF726A700AB82E5 /* FLEXArgumentInputStringView.m */; };
		52293E221BF726A700AB82E5 /* FLEXArgumentInputStructView.h in Headers */ = {isa = PBXBuildFile; fileRef = 52293E081BF726A700AB82E5 /* FLEXArgumentInputStructView.h */; };
		52293E231BF726A700AB82E5 /* FLEXArgumentInputStructView.m in Sources */ = {isa = PBXBuildFile; fileRef = 52293E091BF726A700AB82E5 /* FLEXArgumentInputStructView.m */; };
		52293E241BF726A700AB82E5 /* FLEXArgumentInputSwitchView.h in Headers */ = {isa = PBXBuildFile; fileRef = 52293E0A1BF726A700AB82E5 /* FLEXArgumentInputSwitchView.h */; };
		52293E251BF726A700AB82E5 /* FLEXArgumentInputSwitchView.m in Sources */ = {isa = PBXBuildFile; fileRef = 52293E0B1BF726A700AB82E5 /* FLEXArgumentInputSwitchView.m */; };
		52293E261BF726A700AB82E5 /* FLEXArgumentInputTextView.h in Headers */ = {isa = PBXBuildFile; fileRef = 52293E0C1BF726A700AB82E5 /* FLEXArgumentInputTextView.h */; };
		52293E271BF726A700AB82E5 /* FLEXArgumentInputTextView.m in Sources */ = {isa = PBXBuildFile; fileRef = 52293E0D1BF726A700AB82E5 /* FLEXArgumentInputTextView.m */; };
		52293E281BF726A700AB82E5 /* FLEXArgumentInputView.h in Headers */ = {isa = PBXBuildFile; fileRef = 52293E0E1BF726A700AB82E5 /* FLEXArgumentInputView.h */; };
		52293E291BF726A700AB82E5 /* FLEXArgumentInputView.m in Sources */ = {isa = PBXBuildFile; fileRef = 52293E0F1BF726A700AB82E5 /* FLEXArgumentInputView.m */; };
		52293E2A1BF726A700AB82E5 /* FLEXArgumentInputViewFactory.h in Headers */ = {isa = PBXBuildFile; fileRef = 52293E101BF726A700AB82E5 /* FLEXArgumentInputViewFactory.h */; };
		52293E2B1BF726A700AB82E5 /* FLEXArgumentInputViewFactory.m in Sources */ = {isa = PBXBuildFile; fileRef = 52293E111BF726A700AB82E5 /* FLEXArgumentInputViewFactory.m */; };
		52293E3D1BF726CB00AB82E5 /* FLEXNetworkHistoryTableViewController.h in Headers */ = {isa = PBXBuildFile; fileRef = 52293E2D1BF726CB00AB82E5 /* FLEXNetworkHistoryTableViewController.h */; };
		52293E3E1BF726CB00AB82E5 /* FLEXNetworkHistoryTableViewController.m in Sources */ = {isa = PBXBuildFile; fileRef = 52293E2E1BF726CB00AB82E5 /* FLEXNetworkHistoryTableViewController.m */; };
		52293E3F1BF726CB00AB82E5 /* FLEXNetworkRecorder.h in Headers */ = {isa = PBXBuildFile; fileRef = 52293E2F1BF726CB00AB82E5 /* FLEXNetworkRecorder.h */; };
		52293E401BF726CB00AB82E5 /* FLEXNetworkRecorder.m in Sources */ = {isa = PBXBuildFile; fileRef = 52293E301BF726CB00AB82E5 /* FLEXNetworkRecorder.m */; };
		52293E411BF726CB00AB82E5 /* FLEXNetworkSettingsTableViewController.h in Headers */ = {isa = PBXBuildFile; fileRef = 52293E311BF726CB00AB82E5 /* FLEXNetworkSettingsTableViewController.h */; };
		52293E421BF726CB00AB82E5 /* FLEXNetworkSettingsTableViewController.m in Sources */ = {isa = PBXBuildFile; fileRef = 52293E321BF726CB00AB82E5 /* FLEXNetworkSettingsTableViewController.m */; };
		52293E431BF726CB00AB82E5 /* FLEXNetworkTransaction.h in Headers */ = {isa = PBXBuildFile; fileRef = 52293E331BF726CB00AB82E5 /* FLEXNetworkTransaction.h */; };
		52293E441BF726CB00AB82E5 /* FLEXNetworkTransaction.m in Sources */ = {isa = PBXBuildFile; fileRef = 52293E341BF726CB00AB82E5 /* FLEXNetworkTransaction.m */; };
		52293E451BF726CB00AB82E5 /* FLEXNetworkTransactionDetailTableViewController.h in Headers */ = {isa = PBXBuildFile; fileRef = 52293E351BF726CB00AB82E5 /* FLEXNetworkTransactionDetailTableViewController.h */; };
		52293E461BF726CB00AB82E5 /* FLEXNetworkTransactionDetailTableViewController.m in Sources */ = {isa = PBXBuildFile; fileRef = 52293E361BF726CB00AB82E5 /* FLEXNetworkTransactionDetailTableViewController.m */; };
		52293E471BF726CB00AB82E5 /* FLEXNetworkTransactionTableViewCell.h in Headers */ = {isa = PBXBuildFile; fileRef = 52293E371BF726CB00AB82E5 /* FLEXNetworkTransactionTableViewCell.h */; };
		52293E481BF726CB00AB82E5 /* FLEXNetworkTransactionTableViewCell.m in Sources */ = {isa = PBXBuildFile; fileRef = 52293E381BF726CB00AB82E5 /* FLEXNetworkTransactionTableViewCell.m */; };
		52293E491BF726CB00AB82E5 /* FLEXNetworkObserver.h in Headers */ = {isa = PBXBuildFile; fileRef = 52293E3A1BF726CB00AB82E5 /* FLEXNetworkObserver.h */; };
		52293E4A1BF726CB00AB82E5 /* FLEXNetworkObserver.m in Sources */ = {isa = PBXBuildFile; fileRef = 52293E3B1BF726CB00AB82E5 /* FLEXNetworkObserver.m */; };
		52293E4C1BF7276D00AB82E5 /* libz.tbd in Frameworks */ = {isa = PBXBuildFile; fileRef = 52293E4B1BF7276D00AB82E5 /* libz.tbd */; };
		52293E4E1BF727EF00AB82E5 /* ImageIO.framework in Frameworks */ = {isa = PBXBuildFile; fileRef = 52293E4D1BF727EF00AB82E5 /* ImageIO.framework */; };
		52293E501BF7282900AB82E5 /* QuartzCore.framework in Frameworks */ = {isa = PBXBuildFile; fileRef = 52293E4F1BF7282900AB82E5 /* QuartzCore.framework */; };
		52293E571BF7286700AB82E5 /* FLEXKeyboardHelpViewController.h in Headers */ = {isa = PBXBuildFile; fileRef = 52293E511BF7286700AB82E5 /* FLEXKeyboardHelpViewController.h */; };
		52293E581BF7286700AB82E5 /* FLEXKeyboardHelpViewController.m in Sources */ = {isa = PBXBuildFile; fileRef = 52293E521BF7286700AB82E5 /* FLEXKeyboardHelpViewController.m */; };
		52293E591BF7286700AB82E5 /* FLEXKeyboardShortcutManager.h in Headers */ = {isa = PBXBuildFile; fileRef = 52293E531BF7286700AB82E5 /* FLEXKeyboardShortcutManager.h */; };
		52293E5A1BF7286700AB82E5 /* FLEXKeyboardShortcutManager.m in Sources */ = {isa = PBXBuildFile; fileRef = 52293E541BF7286700AB82E5 /* FLEXKeyboardShortcutManager.m */; };
		52293E5B1BF7286700AB82E5 /* FLEXMultilineTableViewCell.h in Headers */ = {isa = PBXBuildFile; fileRef = 52293E551BF7286700AB82E5 /* FLEXMultilineTableViewCell.h */; };
		52293E5C1BF7286700AB82E5 /* FLEXMultilineTableViewCell.m in Sources */ = {isa = PBXBuildFile; fileRef = 52293E561BF7286700AB82E5 /* FLEXMultilineTableViewCell.m */; };
		5229492B1A1DCB4500A5A01C /* Foundation.framework in Frameworks */ = {isa = PBXBuildFile; fileRef = 5229492A1A1DCB4500A5A01C /* Foundation.framework */; };
		5229492D1A1DCB4500A5A01C /* UIKit.framework in Frameworks */ = {isa = PBXBuildFile; fileRef = 5229492C1A1DCB4500A5A01C /* UIKit.framework */; };
		522949371A1DCB4500A5A01C /* libFLEX.h in Headers */ = {isa = PBXBuildFile; fileRef = 522949361A1DCB4500A5A01C /* libFLEX.h */; };
		522949391A1DCB4500A5A01C /* libFLEX.m in Sources */ = {isa = PBXBuildFile; fileRef = 522949381A1DCB4500A5A01C /* libFLEX.m */; };
		522949ED1A1DCD5E00A5A01C /* FLEXDefaultEditorViewController.h in Headers */ = {isa = PBXBuildFile; fileRef = 522949831A1DCD5E00A5A01C /* FLEXDefaultEditorViewController.h */; };
		522949EE1A1DCD5E00A5A01C /* FLEXDefaultEditorViewController.m in Sources */ = {isa = PBXBuildFile; fileRef = 522949841A1DCD5E00A5A01C /* FLEXDefaultEditorViewController.m */; };
		522949EF1A1DCD5E00A5A01C /* FLEXFieldEditorView.h in Headers */ = {isa = PBXBuildFile; fileRef = 522949851A1DCD5E00A5A01C /* FLEXFieldEditorView.h */; };
		522949F01A1DCD5E00A5A01C /* FLEXFieldEditorView.m in Sources */ = {isa = PBXBuildFile; fileRef = 522949861A1DCD5E00A5A01C /* FLEXFieldEditorView.m */; };
		522949F11A1DCD5E00A5A01C /* FLEXFieldEditorViewController.h in Headers */ = {isa = PBXBuildFile; fileRef = 522949871A1DCD5E00A5A01C /* FLEXFieldEditorViewController.h */; };
		522949F21A1DCD5E00A5A01C /* FLEXFieldEditorViewController.m in Sources */ = {isa = PBXBuildFile; fileRef = 522949881A1DCD5E00A5A01C /* FLEXFieldEditorViewController.m */; };
		522949F31A1DCD5E00A5A01C /* FLEXIvarEditorViewController.h in Headers */ = {isa = PBXBuildFile; fileRef = 522949891A1DCD5E00A5A01C /* FLEXIvarEditorViewController.h */; };
		522949F41A1DCD5E00A5A01C /* FLEXIvarEditorViewController.m in Sources */ = {isa = PBXBuildFile; fileRef = 5229498A1A1DCD5E00A5A01C /* FLEXIvarEditorViewController.m */; };
		522949F51A1DCD5E00A5A01C /* FLEXMethodCallingViewController.h in Headers */ = {isa = PBXBuildFile; fileRef = 5229498B1A1DCD5E00A5A01C /* FLEXMethodCallingViewController.h */; };
		522949F61A1DCD5E00A5A01C /* FLEXMethodCallingViewController.m in Sources */ = {isa = PBXBuildFile; fileRef = 5229498C1A1DCD5E00A5A01C /* FLEXMethodCallingViewController.m */; };
		522949F71A1DCD5E00A5A01C /* FLEXPropertyEditorViewController.h in Headers */ = {isa = PBXBuildFile; fileRef = 5229498D1A1DCD5E00A5A01C /* FLEXPropertyEditorViewController.h */; };
		522949F81A1DCD5E00A5A01C /* FLEXPropertyEditorViewController.m in Sources */ = {isa = PBXBuildFile; fileRef = 5229498E1A1DCD5E00A5A01C /* FLEXPropertyEditorViewController.m */; };
		52294A2C1A1DCD5E00A5A01C /* FLEXHeapEnumerator.h in Headers */ = {isa = PBXBuildFile; fileRef = 522949C61A1DCD5E00A5A01C /* FLEXHeapEnumerator.h */; };
		52294A2D1A1DCD5E00A5A01C /* FLEXHeapEnumerator.m in Sources */ = {isa = PBXBuildFile; fileRef = 522949C71A1DCD5E00A5A01C /* FLEXHeapEnumerator.m */; };
		52294A2E1A1DCD5E00A5A01C /* FLEXResources.h in Headers */ = {isa = PBXBuildFile; fileRef = 522949C81A1DCD5E00A5A01C /* FLEXResources.h */; };
		52294A2F1A1DCD5E00A5A01C /* FLEXResources.m in Sources */ = {isa = PBXBuildFile; fileRef = 522949C91A1DCD5E00A5A01C /* FLEXResources.m */; };
		52294A301A1DCD5E00A5A01C /* FLEXRuntimeUtility.h in Headers */ = {isa = PBXBuildFile; fileRef = 522949CA1A1DCD5E00A5A01C /* FLEXRuntimeUtility.h */; };
		52294A311A1DCD5E00A5A01C /* FLEXRuntimeUtility.m in Sources */ = {isa = PBXBuildFile; fileRef = 522949CB1A1DCD5E00A5A01C /* FLEXRuntimeUtility.m */; };
		52294A321A1DCD5E00A5A01C /* FLEXUtility.h in Headers */ = {isa = PBXBuildFile; fileRef = 522949CC1A1DCD5E00A5A01C /* FLEXUtility.h */; };
		52294A331A1DCD5E00A5A01C /* FLEXUtility.m in Sources */ = {isa = PBXBuildFile; fileRef = 522949CD1A1DCD5E00A5A01C /* FLEXUtility.m */; };
		52294A3D1A1DCFA100A5A01C /* CoreGraphics.framework in Frameworks */ = {isa = PBXBuildFile; fileRef = 52294A3C1A1DCFA100A5A01C /* CoreGraphics.framework */; };
		5250B21E1D7098AC00546133 /* FLEXDatabaseManager.h in Headers */ = {isa = PBXBuildFile; fileRef = 5250B20B1D7098AC00546133 /* FLEXDatabaseManager.h */; };
		5250B21F1D7098AC00546133 /* FLEXMultiColumnTableView.h in Headers */ = {isa = PBXBuildFile; fileRef = 5250B20C1D7098AC00546133 /* FLEXMultiColumnTableView.h */; };
		5250B2201D7098AC00546133 /* FLEXMultiColumnTableView.m in Sources */ = {isa = PBXBuildFile; fileRef = 5250B20D1D7098AC00546133 /* FLEXMultiColumnTableView.m */; };
		5250B2211D7098AC00546133 /* FLEXRealmDatabaseManager.h in Headers */ = {isa = PBXBuildFile; fileRef = 5250B20E1D7098AC00546133 /* FLEXRealmDatabaseManager.h */; };
		5250B2221D7098AC00546133 /* FLEXRealmDatabaseManager.m in Sources */ = {isa = PBXBuildFile; fileRef = 5250B20F1D7098AC00546133 /* FLEXRealmDatabaseManager.m */; };
		5250B2231D7098AC00546133 /* FLEXRealmDefines.h in Headers */ = {isa = PBXBuildFile; fileRef = 5250B2101D7098AC00546133 /* FLEXRealmDefines.h */; };
		5250B2241D7098AC00546133 /* FLEXSQLiteDatabaseManager.h in Headers */ = {isa = PBXBuildFile; fileRef = 5250B2111D7098AC00546133 /* FLEXSQLiteDatabaseManager.h */; };
		5250B2251D7098AC00546133 /* FLEXSQLiteDatabaseManager.m in Sources */ = {isa = PBXBuildFile; fileRef = 5250B2121D7098AC00546133 /* FLEXSQLiteDatabaseManager.m */; };
		5250B2261D7098AC00546133 /* FLEXTableColumnHeader.h in Headers */ = {isa = PBXBuildFile; fileRef = 5250B2131D7098AC00546133 /* FLEXTableColumnHeader.h */; };
		5250B2271D7098AC00546133 /* FLEXTableColumnHeader.m in Sources */ = {isa = PBXBuildFile; fileRef = 5250B2141D7098AC00546133 /* FLEXTableColumnHeader.m */; };
		5250B2281D7098AC00546133 /* FLEXTableContentCell.h in Headers */ = {isa = PBXBuildFile; fileRef = 5250B2151D7098AC00546133 /* FLEXTableContentCell.h */; };
		5250B2291D7098AC00546133 /* FLEXTableContentCell.m in Sources */ = {isa = PBXBuildFile; fileRef = 5250B2161D7098AC00546133 /* FLEXTableContentCell.m */; };
		5250B22A1D7098AC00546133 /* FLEXTableContentViewController.h in Headers */ = {isa = PBXBuildFile; fileRef = 5250B2171D7098AC00546133 /* FLEXTableContentViewController.h */; };
		5250B22B1D7098AC00546133 /* FLEXTableContentViewController.m in Sources */ = {isa = PBXBuildFile; fileRef = 5250B2181D7098AC00546133 /* FLEXTableContentViewController.m */; };
		5250B22C1D7098AC00546133 /* FLEXTableLeftCell.h in Headers */ = {isa = PBXBuildFile; fileRef = 5250B2191D7098AC00546133 /* FLEXTableLeftCell.h */; };
		5250B22D1D7098AC00546133 /* FLEXTableLeftCell.m in Sources */ = {isa = PBXBuildFile; fileRef = 5250B21A1D7098AC00546133 /* FLEXTableLeftCell.m */; };
		5250B22E1D7098AC00546133 /* FLEXTableListViewController.h in Headers */ = {isa = PBXBuildFile; fileRef = 5250B21B1D7098AC00546133 /* FLEXTableListViewController.h */; };
		5250B22F1D7098AC00546133 /* FLEXTableListViewController.m in Sources */ = {isa = PBXBuildFile; fileRef = 5250B21C1D7098AC00546133 /* FLEXTableListViewController.m */; };
		5250B2321D7098C700546133 /* FLEX.h in Headers */ = {isa = PBXBuildFile; fileRef = 5250B2301D7098C600546133 /* FLEX.h */; };
		5250B2331D7098C700546133 /* FLEXManager.h in Headers */ = {isa = PBXBuildFile; fileRef = 5250B2311D7098C600546133 /* FLEXManager.h */; };
		5250B2371D7098E200546133 /* FLEXManager+Private.h in Headers */ = {isa = PBXBuildFile; fileRef = 5250B2351D7098E200546133 /* FLEXManager+Private.h */; };
		5250B2381D7098E200546133 /* FLEXManager.m in Sources */ = {isa = PBXBuildFile; fileRef = 5250B2361D7098E200546133 /* FLEXManager.m */; };
		5250B23E1D70991700546133 /* FLEXExplorerViewController.h in Headers */ = {isa = PBXBuildFile; fileRef = 5250B23A1D70991700546133 /* FLEXExplorerViewController.h */; };
		5250B23F1D70991700546133 /* FLEXExplorerViewController.m in Sources */ = {isa = PBXBuildFile; fileRef = 5250B23B1D70991700546133 /* FLEXExplorerViewController.m */; };
		5250B2401D70991700546133 /* FLEXWindow.h in Headers */ = {isa = PBXBuildFile; fileRef = 5250B23C1D70991700546133 /* FLEXWindow.h */; };
		5250B2411D70991700546133 /* FLEXWindow.m in Sources */ = {isa = PBXBuildFile; fileRef = 5250B23D1D70991700546133 /* FLEXWindow.m */; };
		5250B2471D70992300546133 /* FLEXExplorerToolbar.h in Headers */ = {isa = PBXBuildFile; fileRef = 5250B2431D70992300546133 /* FLEXExplorerToolbar.h */; };
		5250B2481D70992300546133 /* FLEXExplorerToolbar.m in Sources */ = {isa = PBXBuildFile; fileRef = 5250B2441D70992300546133 /* FLEXExplorerToolbar.m */; };
		5250B2491D70992300546133 /* FLEXToolbarItem.h in Headers */ = {isa = PBXBuildFile; fileRef = 5250B2451D70992300546133 /* FLEXToolbarItem.h */; };
		5250B24A1D70992300546133 /* FLEXToolbarItem.m in Sources */ = {isa = PBXBuildFile; fileRef = 5250B2461D70992300546133 /* FLEXToolbarItem.m */; };
		5250B24D1D70995F00546133 /* FLEXNetworkCurlLogger.h in Headers */ = {isa = PBXBuildFile; fileRef = 5250B24B1D70995F00546133 /* FLEXNetworkCurlLogger.h */; };
		5250B24E1D70995F00546133 /* FLEXNetworkCurlLogger.m in Sources */ = {isa = PBXBuildFile; fileRef = 5250B24C1D70995F00546133 /* FLEXNetworkCurlLogger.m */; };
		5250B2501D70996B00546133 /* libsqlite3.tbd in Frameworks */ = {isa = PBXBuildFile; fileRef = 5250B24F1D70996B00546133 /* libsqlite3.tbd */; };
/* End PBXBuildFile section */

/* Begin PBXFileReference section */
		52293D791BF7268D00AB82E5 /* FLEXClassesTableViewController.h */ = {isa = PBXFileReference; fileEncoding = 4; lastKnownFileType = sourcecode.c.h; path = FLEXClassesTableViewController.h; sourceTree = "<group>"; };
		52293D7A1BF7268D00AB82E5 /* FLEXClassesTableViewController.m */ = {isa = PBXFileReference; fileEncoding = 4; lastKnownFileType = sourcecode.c.objc; path = FLEXClassesTableViewController.m; sourceTree = "<group>"; };
		52293D7B1BF7268D00AB82E5 /* FLEXCookiesTableViewController.h */ = {isa = PBXFileReference; fileEncoding = 4; lastKnownFileType = sourcecode.c.h; path = FLEXCookiesTableViewController.h; sourceTree = "<group>"; };
		52293D7C1BF7268D00AB82E5 /* FLEXCookiesTableViewController.m */ = {isa = PBXFileReference; fileEncoding = 4; lastKnownFileType = sourcecode.c.objc; path = FLEXCookiesTableViewController.m; sourceTree = "<group>"; };
		52293D7D1BF7268D00AB82E5 /* FLEXFileBrowserFileOperationController.h */ = {isa = PBXFileReference; fileEncoding = 4; lastKnownFileType = sourcecode.c.h; path = FLEXFileBrowserFileOperationController.h; sourceTree = "<group>"; };
		52293D7E1BF7268D00AB82E5 /* FLEXFileBrowserFileOperationController.m */ = {isa = PBXFileReference; fileEncoding = 4; lastKnownFileType = sourcecode.c.objc; path = FLEXFileBrowserFileOperationController.m; sourceTree = "<group>"; };
		52293D7F1BF7268D00AB82E5 /* FLEXFileBrowserSearchOperation.h */ = {isa = PBXFileReference; fileEncoding = 4; lastKnownFileType = sourcecode.c.h; path = FLEXFileBrowserSearchOperation.h; sourceTree = "<group>"; };
		52293D801BF7268D00AB82E5 /* FLEXFileBrowserSearchOperation.m */ = {isa = PBXFileReference; fileEncoding = 4; lastKnownFileType = sourcecode.c.objc; path = FLEXFileBrowserSearchOperation.m; sourceTree = "<group>"; };
		52293D811BF7268D00AB82E5 /* FLEXFileBrowserTableViewController.h */ = {isa = PBXFileReference; fileEncoding = 4; lastKnownFileType = sourcecode.c.h; path = FLEXFileBrowserTableViewController.h; sourceTree = "<group>"; };
		52293D821BF7268D00AB82E5 /* FLEXFileBrowserTableViewController.m */ = {isa = PBXFileReference; fileEncoding = 4; lastKnownFileType = sourcecode.c.objc; path = FLEXFileBrowserTableViewController.m; sourceTree = "<group>"; };
		52293D831BF7268D00AB82E5 /* FLEXGlobalsTableViewController.h */ = {isa = PBXFileReference; fileEncoding = 4; lastKnownFileType = sourcecode.c.h; path = FLEXGlobalsTableViewController.h; sourceTree = "<group>"; };
		52293D841BF7268D00AB82E5 /* FLEXGlobalsTableViewController.m */ = {isa = PBXFileReference; fileEncoding = 4; lastKnownFileType = sourcecode.c.objc; path = FLEXGlobalsTableViewController.m; sourceTree = "<group>"; };
		52293D851BF7268D00AB82E5 /* FLEXInstancesTableViewController.h */ = {isa = PBXFileReference; fileEncoding = 4; lastKnownFileType = sourcecode.c.h; path = FLEXInstancesTableViewController.h; sourceTree = "<group>"; };
		52293D861BF7268D00AB82E5 /* FLEXInstancesTableViewController.m */ = {isa = PBXFileReference; fileEncoding = 4; lastKnownFileType = sourcecode.c.objc; path = FLEXInstancesTableViewController.m; sourceTree = "<group>"; };
		52293D871BF7268D00AB82E5 /* FLEXLibrariesTableViewController.h */ = {isa = PBXFileReference; fileEncoding = 4; lastKnownFileType = sourcecode.c.h; path = FLEXLibrariesTableViewController.h; sourceTree = "<group>"; };
		52293D881BF7268D00AB82E5 /* FLEXLibrariesTableViewController.m */ = {isa = PBXFileReference; fileEncoding = 4; lastKnownFileType = sourcecode.c.objc; path = FLEXLibrariesTableViewController.m; sourceTree = "<group>"; };
		52293D891BF7268D00AB82E5 /* FLEXLiveObjectsTableViewController.h */ = {isa = PBXFileReference; fileEncoding = 4; lastKnownFileType = sourcecode.c.h; path = FLEXLiveObjectsTableViewController.h; sourceTree = "<group>"; };
		52293D8A1BF7268D00AB82E5 /* FLEXLiveObjectsTableViewController.m */ = {isa = PBXFileReference; fileEncoding = 4; lastKnownFileType = sourcecode.c.objc; path = FLEXLiveObjectsTableViewController.m; sourceTree = "<group>"; };
		52293D8B1BF7268D00AB82E5 /* FLEXWebViewController.h */ = {isa = PBXFileReference; fileEncoding = 4; lastKnownFileType = sourcecode.c.h; path = FLEXWebViewController.h; sourceTree = "<group>"; };
		52293D8C1BF7268D00AB82E5 /* FLEXWebViewController.m */ = {isa = PBXFileReference; fileEncoding = 4; lastKnownFileType = sourcecode.c.objc; path = FLEXWebViewController.m; sourceTree = "<group>"; };
		52293D8E1BF7268D00AB82E5 /* FLEXSystemLogMessage.h */ = {isa = PBXFileReference; fileEncoding = 4; lastKnownFileType = sourcecode.c.h; path = FLEXSystemLogMessage.h; sourceTree = "<group>"; };
		52293D8F1BF7268D00AB82E5 /* FLEXSystemLogMessage.m */ = {isa = PBXFileReference; fileEncoding = 4; lastKnownFileType = sourcecode.c.objc; path = FLEXSystemLogMessage.m; sourceTree = "<group>"; };
		52293D901BF7268D00AB82E5 /* FLEXSystemLogTableViewCell.h */ = {isa = PBXFileReference; fileEncoding = 4; lastKnownFileType = sourcecode.c.h; path = FLEXSystemLogTableViewCell.h; sourceTree = "<group>"; };
		52293D911BF7268D00AB82E5 /* FLEXSystemLogTableViewCell.m */ = {isa = PBXFileReference; fileEncoding = 4; lastKnownFileType = sourcecode.c.objc; path = FLEXSystemLogTableViewCell.m; sourceTree = "<group>"; };
		52293D921BF7268D00AB82E5 /* FLEXSystemLogTableViewController.h */ = {isa = PBXFileReference; fileEncoding = 4; lastKnownFileType = sourcecode.c.h; path = FLEXSystemLogTableViewController.h; sourceTree = "<group>"; };
		52293D931BF7268D00AB82E5 /* FLEXSystemLogTableViewController.m */ = {isa = PBXFileReference; fileEncoding = 4; lastKnownFileType = sourcecode.c.objc; path = FLEXSystemLogTableViewController.m; sourceTree = "<group>"; };
		52293D951BF7268D00AB82E5 /* FLEXArrayExplorerViewController.h */ = {isa = PBXFileReference; fileEncoding = 4; lastKnownFileType = sourcecode.c.h; path = FLEXArrayExplorerViewController.h; sourceTree = "<group>"; };
		52293D961BF7268D00AB82E5 /* FLEXArrayExplorerViewController.m */ = {isa = PBXFileReference; fileEncoding = 4; lastKnownFileType = sourcecode.c.objc; path = FLEXArrayExplorerViewController.m; sourceTree = "<group>"; };
		52293D971BF7268D00AB82E5 /* FLEXClassExplorerViewController.h */ = {isa = PBXFileReference; fileEncoding = 4; lastKnownFileType = sourcecode.c.h; path = FLEXClassExplorerViewController.h; sourceTree = "<group>"; };
		52293D981BF7268D00AB82E5 /* FLEXClassExplorerViewController.m */ = {isa = PBXFileReference; fileEncoding = 4; lastKnownFileType = sourcecode.c.objc; path = FLEXClassExplorerViewController.m; sourceTree = "<group>"; };
		52293D991BF7268D00AB82E5 /* FLEXDefaultsExplorerViewController.h */ = {isa = PBXFileReference; fileEncoding = 4; lastKnownFileType = sourcecode.c.h; path = FLEXDefaultsExplorerViewController.h; sourceTree = "<group>"; };
		52293D9A1BF7268D00AB82E5 /* FLEXDefaultsExplorerViewController.m */ = {isa = PBXFileReference; fileEncoding = 4; lastKnownFileType = sourcecode.c.objc; path = FLEXDefaultsExplorerViewController.m; sourceTree = "<group>"; };
		52293D9B1BF7268D00AB82E5 /* FLEXDictionaryExplorerViewController.h */ = {isa = PBXFileReference; fileEncoding = 4; lastKnownFileType = sourcecode.c.h; path = FLEXDictionaryExplorerViewController.h; sourceTree = "<group>"; };
		52293D9C1BF7268D00AB82E5 /* FLEXDictionaryExplorerViewController.m */ = {isa = PBXFileReference; fileEncoding = 4; lastKnownFileType = sourcecode.c.objc; path = FLEXDictionaryExplorerViewController.m; sourceTree = "<group>"; };
		52293D9D1BF7268D00AB82E5 /* FLEXGlobalsTableViewControllerEntry.h */ = {isa = PBXFileReference; fileEncoding = 4; lastKnownFileType = sourcecode.c.h; path = FLEXGlobalsTableViewControllerEntry.h; sourceTree = "<group>"; };
		52293D9E1BF7268D00AB82E5 /* FLEXGlobalsTableViewControllerEntry.m */ = {isa = PBXFileReference; fileEncoding = 4; lastKnownFileType = sourcecode.c.objc; path = FLEXGlobalsTableViewControllerEntry.m; sourceTree = "<group>"; };
		52293D9F1BF7268D00AB82E5 /* FLEXImageExplorerViewController.h */ = {isa = PBXFileReference; fileEncoding = 4; lastKnownFileType = sourcecode.c.h; path = FLEXImageExplorerViewController.h; sourceTree = "<group>"; };
		52293DA01BF7268D00AB82E5 /* FLEXImageExplorerViewController.m */ = {isa = PBXFileReference; fileEncoding = 4; lastKnownFileType = sourcecode.c.objc; path = FLEXImageExplorerViewController.m; sourceTree = "<group>"; };
		52293DA11BF7268D00AB82E5 /* FLEXLayerExplorerViewController.h */ = {isa = PBXFileReference; fileEncoding = 4; lastKnownFileType = sourcecode.c.h; path = FLEXLayerExplorerViewController.h; sourceTree = "<group>"; };
		52293DA21BF7268D00AB82E5 /* FLEXLayerExplorerViewController.m */ = {isa = PBXFileReference; fileEncoding = 4; lastKnownFileType = sourcecode.c.objc; path = FLEXLayerExplorerViewController.m; sourceTree = "<group>"; };
		52293DA31BF7268D00AB82E5 /* FLEXObjectExplorerFactory.h */ = {isa = PBXFileReference; fileEncoding = 4; lastKnownFileType = sourcecode.c.h; path = FLEXObjectExplorerFactory.h; sourceTree = "<group>"; };
		52293DA41BF7268D00AB82E5 /* FLEXObjectExplorerFactory.m */ = {isa = PBXFileReference; fileEncoding = 4; lastKnownFileType = sourcecode.c.objc; path = FLEXObjectExplorerFactory.m; sourceTree = "<group>"; };
		52293DA51BF7268D00AB82E5 /* FLEXObjectExplorerViewController.h */ = {isa = PBXFileReference; fileEncoding = 4; lastKnownFileType = sourcecode.c.h; path = FLEXObjectExplorerViewController.h; sourceTree = "<group>"; };
		52293DA61BF7268D00AB82E5 /* FLEXObjectExplorerViewController.m */ = {isa = PBXFileReference; fileEncoding = 4; lastKnownFileType = sourcecode.c.objc; path = FLEXObjectExplorerViewController.m; sourceTree = "<group>"; };
		52293DA71BF7268D00AB82E5 /* FLEXSetExplorerViewController.h */ = {isa = PBXFileReference; fileEncoding = 4; lastKnownFileType = sourcecode.c.h; path = FLEXSetExplorerViewController.h; sourceTree = "<group>"; };
		52293DA81BF7268D00AB82E5 /* FLEXSetExplorerViewController.m */ = {isa = PBXFileReference; fileEncoding = 4; lastKnownFileType = sourcecode.c.objc; path = FLEXSetExplorerViewController.m; sourceTree = "<group>"; };
		52293DA91BF7268D00AB82E5 /* FLEXViewControllerExplorerViewController.h */ = {isa = PBXFileReference; fileEncoding = 4; lastKnownFileType = sourcecode.c.h; path = FLEXViewControllerExplorerViewController.h; sourceTree = "<group>"; };
		52293DAA1BF7268D00AB82E5 /* FLEXViewControllerExplorerViewController.m */ = {isa = PBXFileReference; fileEncoding = 4; lastKnownFileType = sourcecode.c.objc; path = FLEXViewControllerExplorerViewController.m; sourceTree = "<group>"; };
		52293DAB1BF7268D00AB82E5 /* FLEXViewExplorerViewController.h */ = {isa = PBXFileReference; fileEncoding = 4; lastKnownFileType = sourcecode.c.h; path = FLEXViewExplorerViewController.h; sourceTree = "<group>"; };
		52293DAC1BF7268D00AB82E5 /* FLEXViewExplorerViewController.m */ = {isa = PBXFileReference; fileEncoding = 4; lastKnownFileType = sourcecode.c.objc; path = FLEXViewExplorerViewController.m; sourceTree = "<group>"; };
		52293DAE1BF7268D00AB82E5 /* FLEXHierarchyTableViewCell.h */ = {isa = PBXFileReference; fileEncoding = 4; lastKnownFileType = sourcecode.c.h; path = FLEXHierarchyTableViewCell.h; sourceTree = "<group>"; };
		52293DAF1BF7268D00AB82E5 /* FLEXHierarchyTableViewCell.m */ = {isa = PBXFileReference; fileEncoding = 4; lastKnownFileType = sourcecode.c.objc; path = FLEXHierarchyTableViewCell.m; sourceTree = "<group>"; };
		52293DB01BF7268D00AB82E5 /* FLEXHierarchyTableViewController.h */ = {isa = PBXFileReference; fileEncoding = 4; lastKnownFileType = sourcecode.c.h; path = FLEXHierarchyTableViewController.h; sourceTree = "<group>"; };
		52293DB11BF7268D00AB82E5 /* FLEXHierarchyTableViewController.m */ = {isa = PBXFileReference; fileEncoding = 4; lastKnownFileType = sourcecode.c.objc; path = FLEXHierarchyTableViewController.m; sourceTree = "<group>"; };
		52293DB21BF7268D00AB82E5 /* FLEXImagePreviewViewController.h */ = {isa = PBXFileReference; fileEncoding = 4; lastKnownFileType = sourcecode.c.h; path = FLEXImagePreviewViewController.h; sourceTree = "<group>"; };
		52293DB31BF7268D00AB82E5 /* FLEXImagePreviewViewController.m */ = {isa = PBXFileReference; fileEncoding = 4; lastKnownFileType = sourcecode.c.objc; path = FLEXImagePreviewViewController.m; sourceTree = "<group>"; };
		52293DF81BF726A700AB82E5 /* FLEXArgumentInputColorView.h */ = {isa = PBXFileReference; fileEncoding = 4; lastKnownFileType = sourcecode.c.h; path = FLEXArgumentInputColorView.h; sourceTree = "<group>"; };
		52293DF91BF726A700AB82E5 /* FLEXArgumentInputColorView.m */ = {isa = PBXFileReference; fileEncoding = 4; lastKnownFileType = sourcecode.c.objc; path = FLEXArgumentInputColorView.m; sourceTree = "<group>"; };
		52293DFA1BF726A700AB82E5 /* FLEXArgumentInputDateView.h */ = {isa = PBXFileReference; fileEncoding = 4; lastKnownFileType = sourcecode.c.h; path = FLEXArgumentInputDateView.h; sourceTree = "<group>"; };
		52293DFB1BF726A700AB82E5 /* FLEXArgumentInputDateView.m */ = {isa = PBXFileReference; fileEncoding = 4; lastKnownFileType = sourcecode.c.objc; path = FLEXArgumentInputDateView.m; sourceTree = "<group>"; };
		52293DFC1BF726A700AB82E5 /* FLEXArgumentInputFontsPickerView.h */ = {isa = PBXFileReference; fileEncoding = 4; lastKnownFileType = sourcecode.c.h; path = FLEXArgumentInputFontsPickerView.h; sourceTree = "<group>"; };
		52293DFD1BF726A700AB82E5 /* FLEXArgumentInputFontsPickerView.m */ = {isa = PBXFileReference; fileEncoding = 4; lastKnownFileType = sourcecode.c.objc; path = FLEXArgumentInputFontsPickerView.m; sourceTree = "<group>"; };
		52293DFE1BF726A700AB82E5 /* FLEXArgumentInputFontView.h */ = {isa = PBXFileReference; fileEncoding = 4; lastKnownFileType = sourcecode.c.h; path = FLEXArgumentInputFontView.h; sourceTree = "<group>"; };
		52293DFF1BF726A700AB82E5 /* FLEXArgumentInputFontView.m */ = {isa = PBXFileReference; fileEncoding = 4; lastKnownFileType = sourcecode.c.objc; path = FLEXArgumentInputFontView.m; sourceTree = "<group>"; };
		52293E001BF726A700AB82E5 /* FLEXArgumentInputJSONObjectView.h */ = {isa = PBXFileReference; fileEncoding = 4; lastKnownFileType = sourcecode.c.h; path = FLEXArgumentInputJSONObjectView.h; sourceTree = "<group>"; };
		52293E011BF726A700AB82E5 /* FLEXArgumentInputJSONObjectView.m */ = {isa = PBXFileReference; fileEncoding = 4; lastKnownFileType = sourcecode.c.objc; path = FLEXArgumentInputJSONObjectView.m; sourceTree = "<group>"; };
		52293E021BF726A700AB82E5 /* FLEXArgumentInputNotSupportedView.h */ = {isa = PBXFileReference; fileEncoding = 4; lastKnownFileType = sourcecode.c.h; path = FLEXArgumentInputNotSupportedView.h; sourceTree = "<group>"; };
		52293E031BF726A700AB82E5 /* FLEXArgumentInputNotSupportedView.m */ = {isa = PBXFileReference; fileEncoding = 4; lastKnownFileType = sourcecode.c.objc; path = FLEXArgumentInputNotSupportedView.m; sourceTree = "<group>"; };
		52293E041BF726A700AB82E5 /* FLEXArgumentInputNumberView.h */ = {isa = PBXFileReference; fileEncoding = 4; lastKnownFileType = sourcecode.c.h; path = FLEXArgumentInputNumberView.h; sourceTree = "<group>"; };
		52293E051BF726A700AB82E5 /* FLEXArgumentInputNumberView.m */ = {isa = PBXFileReference; fileEncoding = 4; lastKnownFileType = sourcecode.c.objc; path = FLEXArgumentInputNumberView.m; sourceTree = "<group>"; };
		52293E061BF726A700AB82E5 /* FLEXArgumentInputStringView.h */ = {isa = PBXFileReference; fileEncoding = 4; lastKnownFileType = sourcecode.c.h; path = FLEXArgumentInputStringView.h; sourceTree = "<group>"; };
		52293E071BF726A700AB82E5 /* FLEXArgumentInputStringView.m */ = {isa = PBXFileReference; fileEncoding = 4; lastKnownFileType = sourcecode.c.objc; path = FLEXArgumentInputStringView.m; sourceTree = "<group>"; };
		52293E081BF726A700AB82E5 /* FLEXArgumentInputStructView.h */ = {isa = PBXFileReference; fileEncoding = 4; lastKnownFileType = sourcecode.c.h; path = FLEXArgumentInputStructView.h; sourceTree = "<group>"; };
		52293E091BF726A700AB82E5 /* FLEXArgumentInputStructView.m */ = {isa = PBXFileReference; fileEncoding = 4; lastKnownFileType = sourcecode.c.objc; path = FLEXArgumentInputStructView.m; sourceTree = "<group>"; };
		52293E0A1BF726A700AB82E5 /* FLEXArgumentInputSwitchView.h */ = {isa = PBXFileReference; fileEncoding = 4; lastKnownFileType = sourcecode.c.h; path = FLEXArgumentInputSwitchView.h; sourceTree = "<group>"; };
		52293E0B1BF726A700AB82E5 /* FLEXArgumentInputSwitchView.m */ = {isa = PBXFileReference; fileEncoding = 4; lastKnownFileType = sourcecode.c.objc; path = FLEXArgumentInputSwitchView.m; sourceTree = "<group>"; };
		52293E0C1BF726A700AB82E5 /* FLEXArgumentInputTextView.h */ = {isa = PBXFileReference; fileEncoding = 4; lastKnownFileType = sourcecode.c.h; path = FLEXArgumentInputTextView.h; sourceTree = "<group>"; };
		52293E0D1BF726A700AB82E5 /* FLEXArgumentInputTextView.m */ = {isa = PBXFileReference; fileEncoding = 4; lastKnownFileType = sourcecode.c.objc; path = FLEXArgumentInputTextView.m; sourceTree = "<group>"; };
		52293E0E1BF726A700AB82E5 /* FLEXArgumentInputView.h */ = {isa = PBXFileReference; fileEncoding = 4; lastKnownFileType = sourcecode.c.h; path = FLEXArgumentInputView.h; sourceTree = "<group>"; };
		52293E0F1BF726A700AB82E5 /* FLEXArgumentInputView.m */ = {isa = PBXFileReference; fileEncoding = 4; lastKnownFileType = sourcecode.c.objc; path = FLEXArgumentInputView.m; sourceTree = "<group>"; };
		52293E101BF726A700AB82E5 /* FLEXArgumentInputViewFactory.h */ = {isa = PBXFileReference; fileEncoding = 4; lastKnownFileType = sourcecode.c.h; path = FLEXArgumentInputViewFactory.h; sourceTree = "<group>"; };
		52293E111BF726A700AB82E5 /* FLEXArgumentInputViewFactory.m */ = {isa = PBXFileReference; fileEncoding = 4; lastKnownFileType = sourcecode.c.objc; path = FLEXArgumentInputViewFactory.m; sourceTree = "<group>"; };
		52293E2D1BF726CB00AB82E5 /* FLEXNetworkHistoryTableViewController.h */ = {isa = PBXFileReference; fileEncoding = 4; lastKnownFileType = sourcecode.c.h; path = FLEXNetworkHistoryTableViewController.h; sourceTree = "<group>"; };
		52293E2E1BF726CB00AB82E5 /* FLEXNetworkHistoryTableViewController.m */ = {isa = PBXFileReference; fileEncoding = 4; lastKnownFileType = sourcecode.c.objc; path = FLEXNetworkHistoryTableViewController.m; sourceTree = "<group>"; };
		52293E2F1BF726CB00AB82E5 /* FLEXNetworkRecorder.h */ = {isa = PBXFileReference; fileEncoding = 4; lastKnownFileType = sourcecode.c.h; path = FLEXNetworkRecorder.h; sourceTree = "<group>"; };
		52293E301BF726CB00AB82E5 /* FLEXNetworkRecorder.m */ = {isa = PBXFileReference; fileEncoding = 4; lastKnownFileType = sourcecode.c.objc; path = FLEXNetworkRecorder.m; sourceTree = "<group>"; };
		52293E311BF726CB00AB82E5 /* FLEXNetworkSettingsTableViewController.h */ = {isa = PBXFileReference; fileEncoding = 4; lastKnownFileType = sourcecode.c.h; path = FLEXNetworkSettingsTableViewController.h; sourceTree = "<group>"; };
		52293E321BF726CB00AB82E5 /* FLEXNetworkSettingsTableViewController.m */ = {isa = PBXFileReference; fileEncoding = 4; lastKnownFileType = sourcecode.c.objc; path = FLEXNetworkSettingsTableViewController.m; sourceTree = "<group>"; };
		52293E331BF726CB00AB82E5 /* FLEXNetworkTransaction.h */ = {isa = PBXFileReference; fileEncoding = 4; lastKnownFileType = sourcecode.c.h; path = FLEXNetworkTransaction.h; sourceTree = "<group>"; };
		52293E341BF726CB00AB82E5 /* FLEXNetworkTransaction.m */ = {isa = PBXFileReference; fileEncoding = 4; lastKnownFileType = sourcecode.c.objc; path = FLEXNetworkTransaction.m; sourceTree = "<group>"; };
		52293E351BF726CB00AB82E5 /* FLEXNetworkTransactionDetailTableViewController.h */ = {isa = PBXFileReference; fileEncoding = 4; lastKnownFileType = sourcecode.c.h; path = FLEXNetworkTransactionDetailTableViewController.h; sourceTree = "<group>"; };
		52293E361BF726CB00AB82E5 /* FLEXNetworkTransactionDetailTableViewController.m */ = {isa = PBXFileReference; fileEncoding = 4; lastKnownFileType = sourcecode.c.objc; path = FLEXNetworkTransactionDetailTableViewController.m; sourceTree = "<group>"; };
		52293E371BF726CB00AB82E5 /* FLEXNetworkTransactionTableViewCell.h */ = {isa = PBXFileReference; fileEncoding = 4; lastKnownFileType = sourcecode.c.h; path = FLEXNetworkTransactionTableViewCell.h; sourceTree = "<group>"; };
		52293E381BF726CB00AB82E5 /* FLEXNetworkTransactionTableViewCell.m */ = {isa = PBXFileReference; fileEncoding = 4; lastKnownFileType = sourcecode.c.objc; path = FLEXNetworkTransactionTableViewCell.m; sourceTree = "<group>"; };
		52293E3A1BF726CB00AB82E5 /* FLEXNetworkObserver.h */ = {isa = PBXFileReference; fileEncoding = 4; lastKnownFileType = sourcecode.c.h; path = FLEXNetworkObserver.h; sourceTree = "<group>"; };
		52293E3B1BF726CB00AB82E5 /* FLEXNetworkObserver.m */ = {isa = PBXFileReference; fileEncoding = 4; lastKnownFileType = sourcecode.c.objc; path = FLEXNetworkObserver.m; sourceTree = "<group>"; };
		52293E4B1BF7276D00AB82E5 /* libz.tbd */ = {isa = PBXFileReference; lastKnownFileType = "sourcecode.text-based-dylib-definition"; name = libz.tbd; path = usr/lib/libz.tbd; sourceTree = SDKROOT; };
		52293E4D1BF727EF00AB82E5 /* ImageIO.framework */ = {isa = PBXFileReference; lastKnownFileType = wrapper.framework; name = ImageIO.framework; path = System/Library/Frameworks/ImageIO.framework; sourceTree = SDKROOT; };
		52293E4F1BF7282900AB82E5 /* QuartzCore.framework */ = {isa = PBXFileReference; lastKnownFileType = wrapper.framework; name = QuartzCore.framework; path = System/Library/Frameworks/QuartzCore.framework; sourceTree = SDKROOT; };
		52293E511BF7286700AB82E5 /* FLEXKeyboardHelpViewController.h */ = {isa = PBXFileReference; fileEncoding = 4; lastKnownFileType = sourcecode.c.h; path = FLEXKeyboardHelpViewController.h; sourceTree = "<group>"; };
		52293E521BF7286700AB82E5 /* FLEXKeyboardHelpViewController.m */ = {isa = PBXFileReference; fileEncoding = 4; lastKnownFileType = sourcecode.c.objc; path = FLEXKeyboardHelpViewController.m; sourceTree = "<group>"; };
		52293E531BF7286700AB82E5 /* FLEXKeyboardShortcutManager.h */ = {isa = PBXFileReference; fileEncoding = 4; lastKnownFileType = sourcecode.c.h; path = FLEXKeyboardShortcutManager.h; sourceTree = "<group>"; };
		52293E541BF7286700AB82E5 /* FLEXKeyboardShortcutManager.m */ = {isa = PBXFileReference; fileEncoding = 4; lastKnownFileType = sourcecode.c.objc; path = FLEXKeyboardShortcutManager.m; sourceTree = "<group>"; };
		52293E551BF7286700AB82E5 /* FLEXMultilineTableViewCell.h */ = {isa = PBXFileReference; fileEncoding = 4; lastKnownFileType = sourcecode.c.h; path = FLEXMultilineTableViewCell.h; sourceTree = "<group>"; };
		52293E561BF7286700AB82E5 /* FLEXMultilineTableViewCell.m */ = {isa = PBXFileReference; fileEncoding = 4; lastKnownFileType = sourcecode.c.objc; path = FLEXMultilineTableViewCell.m; sourceTree = "<group>"; };
		522949271A1DCB4500A5A01C /* libFLEX.dylib */ = {isa = PBXFileReference; explicitFileType = "compiled.mach-o.dylib"; includeInIndex = 0; path = libFLEX.dylib; sourceTree = BUILT_PRODUCTS_DIR; };
		5229492A1A1DCB4500A5A01C /* Foundation.framework */ = {isa = PBXFileReference; lastKnownFileType = wrapper.framework; name = Foundation.framework; path = System/Library/Frameworks/Foundation.framework; sourceTree = SDKROOT; };
		5229492C1A1DCB4500A5A01C /* UIKit.framework */ = {isa = PBXFileReference; lastKnownFileType = wrapper.framework; name = UIKit.framework; path = System/Library/Frameworks/UIKit.framework; sourceTree = SDKROOT; };
		522949321A1DCB4500A5A01C /* control */ = {isa = PBXFileReference; lastKnownFileType = text; name = control; path = Package/DEBIAN/control; sourceTree = "<group>"; };
		522949341A1DCB4500A5A01C /* PackageVersion.plist */ = {isa = PBXFileReference; lastKnownFileType = text.plist.xml; path = PackageVersion.plist; sourceTree = "<group>"; };
		522949351A1DCB4500A5A01C /* libFLEX-Prefix.pch */ = {isa = PBXFileReference; lastKnownFileType = sourcecode.c.h; path = "libFLEX-Prefix.pch"; sourceTree = "<group>"; };
		522949361A1DCB4500A5A01C /* libFLEX.h */ = {isa = PBXFileReference; lastKnownFileType = sourcecode.c.h; path = libFLEX.h; sourceTree = "<group>"; };
		522949381A1DCB4500A5A01C /* libFLEX.m */ = {isa = PBXFileReference; lastKnownFileType = sourcecode.c.objc; path = libFLEX.m; sourceTree = "<group>"; };
		522949831A1DCD5E00A5A01C /* FLEXDefaultEditorViewController.h */ = {isa = PBXFileReference; fileEncoding = 4; lastKnownFileType = sourcecode.c.h; path = FLEXDefaultEditorViewController.h; sourceTree = "<group>"; };
		522949841A1DCD5E00A5A01C /* FLEXDefaultEditorViewController.m */ = {isa = PBXFileReference; fileEncoding = 4; lastKnownFileType = sourcecode.c.objc; path = FLEXDefaultEditorViewController.m; sourceTree = "<group>"; };
		522949851A1DCD5E00A5A01C /* FLEXFieldEditorView.h */ = {isa = PBXFileReference; fileEncoding = 4; lastKnownFileType = sourcecode.c.h; path = FLEXFieldEditorView.h; sourceTree = "<group>"; };
		522949861A1DCD5E00A5A01C /* FLEXFieldEditorView.m */ = {isa = PBXFileReference; fileEncoding = 4; lastKnownFileType = sourcecode.c.objc; path = FLEXFieldEditorView.m; sourceTree = "<group>"; };
		522949871A1DCD5E00A5A01C /* FLEXFieldEditorViewController.h */ = {isa = PBXFileReference; fileEncoding = 4; lastKnownFileType = sourcecode.c.h; path = FLEXFieldEditorViewController.h; sourceTree = "<group>"; };
		522949881A1DCD5E00A5A01C /* FLEXFieldEditorViewController.m */ = {isa = PBXFileReference; fileEncoding = 4; lastKnownFileType = sourcecode.c.objc; path = FLEXFieldEditorViewController.m; sourceTree = "<group>"; };
		522949891A1DCD5E00A5A01C /* FLEXIvarEditorViewController.h */ = {isa = PBXFileReference; fileEncoding = 4; lastKnownFileType = sourcecode.c.h; path = FLEXIvarEditorViewController.h; sourceTree = "<group>"; };
		5229498A1A1DCD5E00A5A01C /* FLEXIvarEditorViewController.m */ = {isa = PBXFileReference; fileEncoding = 4; lastKnownFileType = sourcecode.c.objc; path = FLEXIvarEditorViewController.m; sourceTree = "<group>"; };
		5229498B1A1DCD5E00A5A01C /* FLEXMethodCallingViewController.h */ = {isa = PBXFileReference; fileEncoding = 4; lastKnownFileType = sourcecode.c.h; path = FLEXMethodCallingViewController.h; sourceTree = "<group>"; };
		5229498C1A1DCD5E00A5A01C /* FLEXMethodCallingViewController.m */ = {isa = PBXFileReference; fileEncoding = 4; lastKnownFileType = sourcecode.c.objc; path = FLEXMethodCallingViewController.m; sourceTree = "<group>"; };
		5229498D1A1DCD5E00A5A01C /* FLEXPropertyEditorViewController.h */ = {isa = PBXFileReference; fileEncoding = 4; lastKnownFileType = sourcecode.c.h; path = FLEXPropertyEditorViewController.h; sourceTree = "<group>"; };
		5229498E1A1DCD5E00A5A01C /* FLEXPropertyEditorViewController.m */ = {isa = PBXFileReference; fileEncoding = 4; lastKnownFileType = sourcecode.c.objc; path = FLEXPropertyEditorViewController.m; sourceTree = "<group>"; };
		522949C61A1DCD5E00A5A01C /* FLEXHeapEnumerator.h */ = {isa = PBXFileReference; fileEncoding = 4; lastKnownFileType = sourcecode.c.h; path = FLEXHeapEnumerator.h; sourceTree = "<group>"; };
		522949C71A1DCD5E00A5A01C /* FLEXHeapEnumerator.m */ = {isa = PBXFileReference; fileEncoding = 4; lastKnownFileType = sourcecode.c.objc; path = FLEXHeapEnumerator.m; sourceTree = "<group>"; };
		522949C81A1DCD5E00A5A01C /* FLEXResources.h */ = {isa = PBXFileReference; fileEncoding = 4; lastKnownFileType = sourcecode.c.h; path = FLEXResources.h; sourceTree = "<group>"; };
		522949C91A1DCD5E00A5A01C /* FLEXResources.m */ = {isa = PBXFileReference; fileEncoding = 4; lastKnownFileType = sourcecode.c.objc; path = FLEXResources.m; sourceTree = "<group>"; };
		522949CA1A1DCD5E00A5A01C /* FLEXRuntimeUtility.h */ = {isa = PBXFileReference; fileEncoding = 4; lastKnownFileType = sourcecode.c.h; path = FLEXRuntimeUtility.h; sourceTree = "<group>"; };
		522949CB1A1DCD5E00A5A01C /* FLEXRuntimeUtility.m */ = {isa = PBXFileReference; fileEncoding = 4; lastKnownFileType = sourcecode.c.objc; path = FLEXRuntimeUtility.m; sourceTree = "<group>"; };
		522949CC1A1DCD5E00A5A01C /* FLEXUtility.h */ = {isa = PBXFileReference; fileEncoding = 4; lastKnownFileType = sourcecode.c.h; path = FLEXUtility.h; sourceTree = "<group>"; };
		522949CD1A1DCD5E00A5A01C /* FLEXUtility.m */ = {isa = PBXFileReference; fileEncoding = 4; lastKnownFileType = sourcecode.c.objc; path = FLEXUtility.m; sourceTree = "<group>"; };
		52294A3C1A1DCFA100A5A01C /* CoreGraphics.framework */ = {isa = PBXFileReference; lastKnownFileType = wrapper.framework; name = CoreGraphics.framework; path = System/Library/Frameworks/CoreGraphics.framework; sourceTree = SDKROOT; };
		5250B20B1D7098AC00546133 /* FLEXDatabaseManager.h */ = {isa = PBXFileReference; fileEncoding = 4; lastKnownFileType = sourcecode.c.h; path = FLEXDatabaseManager.h; sourceTree = "<group>"; };
		5250B20C1D7098AC00546133 /* FLEXMultiColumnTableView.h */ = {isa = PBXFileReference; fileEncoding = 4; lastKnownFileType = sourcecode.c.h; path = FLEXMultiColumnTableView.h; sourceTree = "<group>"; };
		5250B20D1D7098AC00546133 /* FLEXMultiColumnTableView.m */ = {isa = PBXFileReference; fileEncoding = 4; lastKnownFileType = sourcecode.c.objc; path = FLEXMultiColumnTableView.m; sourceTree = "<group>"; };
		5250B20E1D7098AC00546133 /* FLEXRealmDatabaseManager.h */ = {isa = PBXFileReference; fileEncoding = 4; lastKnownFileType = sourcecode.c.h; path = FLEXRealmDatabaseManager.h; sourceTree = "<group>"; };
		5250B20F1D7098AC00546133 /* FLEXRealmDatabaseManager.m */ = {isa = PBXFileReference; fileEncoding = 4; lastKnownFileType = sourcecode.c.objc; path = FLEXRealmDatabaseManager.m; sourceTree = "<group>"; };
		5250B2101D7098AC00546133 /* FLEXRealmDefines.h */ = {isa = PBXFileReference; fileEncoding = 4; lastKnownFileType = sourcecode.c.h; path = FLEXRealmDefines.h; sourceTree = "<group>"; };
		5250B2111D7098AC00546133 /* FLEXSQLiteDatabaseManager.h */ = {isa = PBXFileReference; fileEncoding = 4; lastKnownFileType = sourcecode.c.h; path = FLEXSQLiteDatabaseManager.h; sourceTree = "<group>"; };
		5250B2121D7098AC00546133 /* FLEXSQLiteDatabaseManager.m */ = {isa = PBXFileReference; fileEncoding = 4; lastKnownFileType = sourcecode.c.objc; path = FLEXSQLiteDatabaseManager.m; sourceTree = "<group>"; };
		5250B2131D7098AC00546133 /* FLEXTableColumnHeader.h */ = {isa = PBXFileReference; fileEncoding = 4; lastKnownFileType = sourcecode.c.h; path = FLEXTableColumnHeader.h; sourceTree = "<group>"; };
		5250B2141D7098AC00546133 /* FLEXTableColumnHeader.m */ = {isa = PBXFileReference; fileEncoding = 4; lastKnownFileType = sourcecode.c.objc; path = FLEXTableColumnHeader.m; sourceTree = "<group>"; };
		5250B2151D7098AC00546133 /* FLEXTableContentCell.h */ = {isa = PBXFileReference; fileEncoding = 4; lastKnownFileType = sourcecode.c.h; path = FLEXTableContentCell.h; sourceTree = "<group>"; };
		5250B2161D7098AC00546133 /* FLEXTableContentCell.m */ = {isa = PBXFileReference; fileEncoding = 4; lastKnownFileType = sourcecode.c.objc; path = FLEXTableContentCell.m; sourceTree = "<group>"; };
		5250B2171D7098AC00546133 /* FLEXTableContentViewController.h */ = {isa = PBXFileReference; fileEncoding = 4; lastKnownFileType = sourcecode.c.h; path = FLEXTableContentViewController.h; sourceTree = "<group>"; };
		5250B2181D7098AC00546133 /* FLEXTableContentViewController.m */ = {isa = PBXFileReference; fileEncoding = 4; lastKnownFileType = sourcecode.c.objc; path = FLEXTableContentViewController.m; sourceTree = "<group>"; };
		5250B2191D7098AC00546133 /* FLEXTableLeftCell.h */ = {isa = PBXFileReference; fileEncoding = 4; lastKnownFileType = sourcecode.c.h; path = FLEXTableLeftCell.h; sourceTree = "<group>"; };
		5250B21A1D7098AC00546133 /* FLEXTableLeftCell.m */ = {isa = PBXFileReference; fileEncoding = 4; lastKnownFileType = sourcecode.c.objc; path = FLEXTableLeftCell.m; sourceTree = "<group>"; };
		5250B21B1D7098AC00546133 /* FLEXTableListViewController.h */ = {isa = PBXFileReference; fileEncoding = 4; lastKnownFileType = sourcecode.c.h; path = FLEXTableListViewController.h; sourceTree = "<group>"; };
		5250B21C1D7098AC00546133 /* FLEXTableListViewController.m */ = {isa = PBXFileReference; fileEncoding = 4; lastKnownFileType = sourcecode.c.objc; path = FLEXTableListViewController.m; sourceTree = "<group>"; };
		5250B21D1D7098AC00546133 /* LICENSE */ = {isa = PBXFileReference; fileEncoding = 4; lastKnownFileType = text; path = LICENSE; sourceTree = "<group>"; };
		5250B2301D7098C600546133 /* FLEX.h */ = {isa = PBXFileReference; fileEncoding = 4; lastKnownFileType = sourcecode.c.h; path = FLEX.h; sourceTree = "<group>"; };
		5250B2311D7098C600546133 /* FLEXManager.h */ = {isa = PBXFileReference; fileEncoding = 4; lastKnownFileType = sourcecode.c.h; path = FLEXManager.h; sourceTree = "<group>"; };
		5250B2351D7098E200546133 /* FLEXManager+Private.h */ = {isa = PBXFileReference; fileEncoding = 4; lastKnownFileType = sourcecode.c.h; path = "FLEXManager+Private.h"; sourceTree = "<group>"; };
		5250B2361D7098E200546133 /* FLEXManager.m */ = {isa = PBXFileReference; fileEncoding = 4; lastKnownFileType = sourcecode.c.objc; path = FLEXManager.m; sourceTree = "<group>"; };
		5250B23A1D70991700546133 /* FLEXExplorerViewController.h */ = {isa = PBXFileReference; fileEncoding = 4; lastKnownFileType = sourcecode.c.h; path = FLEXExplorerViewController.h; sourceTree = "<group>"; };
		5250B23B1D70991700546133 /* FLEXExplorerViewController.m */ = {isa = PBXFileReference; fileEncoding = 4; lastKnownFileType = sourcecode.c.objc; path = FLEXExplorerViewController.m; sourceTree = "<group>"; };
		5250B23C1D70991700546133 /* FLEXWindow.h */ = {isa = PBXFileReference; fileEncoding = 4; lastKnownFileType = sourcecode.c.h; path = FLEXWindow.h; sourceTree = "<group>"; };
		5250B23D1D70991700546133 /* FLEXWindow.m */ = {isa = PBXFileReference; fileEncoding = 4; lastKnownFileType = sourcecode.c.objc; path = FLEXWindow.m; sourceTree = "<group>"; };
		5250B2431D70992300546133 /* FLEXExplorerToolbar.h */ = {isa = PBXFileReference; fileEncoding = 4; lastKnownFileType = sourcecode.c.h; path = FLEXExplorerToolbar.h; sourceTree = "<group>"; };
		5250B2441D70992300546133 /* FLEXExplorerToolbar.m */ = {isa = PBXFileReference; fileEncoding = 4; lastKnownFileType = sourcecode.c.objc; path = FLEXExplorerToolbar.m; sourceTree = "<group>"; };
		5250B2451D70992300546133 /* FLEXToolbarItem.h */ = {isa = PBXFileReference; fileEncoding = 4; lastKnownFileType = sourcecode.c.h; path = FLEXToolbarItem.h; sourceTree = "<group>"; };
		5250B2461D70992300546133 /* FLEXToolbarItem.m */ = {isa = PBXFileReference; fileEncoding = 4; lastKnownFileType = sourcecode.c.objc; path = FLEXToolbarItem.m; sourceTree = "<group>"; };
		5250B24B1D70995F00546133 /* FLEXNetworkCurlLogger.h */ = {isa = PBXFileReference; fileEncoding = 4; lastKnownFileType = sourcecode.c.h; path = FLEXNetworkCurlLogger.h; sourceTree = "<group>"; };
		5250B24C1D70995F00546133 /* FLEXNetworkCurlLogger.m */ = {isa = PBXFileReference; fileEncoding = 4; lastKnownFileType = sourcecode.c.objc; path = FLEXNetworkCurlLogger.m; sourceTree = "<group>"; };
		5250B24F1D70996B00546133 /* libsqlite3.tbd */ = {isa = PBXFileReference; lastKnownFileType = "sourcecode.text-based-dylib-definition"; name = libsqlite3.tbd; path = usr/lib/libsqlite3.tbd; sourceTree = SDKROOT; };
/* End PBXFileReference section */

/* Begin PBXFrameworksBuildPhase section */
		522949231A1DCB4500A5A01C /* Frameworks */ = {
			isa = PBXFrameworksBuildPhase;
			buildActionMask = 2147483647;
			files = (
				5250B2501D70996B00546133 /* libsqlite3.tbd in Frameworks */,
				52293E501BF7282900AB82E5 /* QuartzCore.framework in Frameworks */,
				52293E4E1BF727EF00AB82E5 /* ImageIO.framework in Frameworks */,
				52293E4C1BF7276D00AB82E5 /* libz.tbd in Frameworks */,
				52294A3D1A1DCFA100A5A01C /* CoreGraphics.framework in Frameworks */,
				5229492B1A1DCB4500A5A01C /* Foundation.framework in Frameworks */,
				5229492D1A1DCB4500A5A01C /* UIKit.framework in Frameworks */,
			);
			runOnlyForDeploymentPostprocessing = 0;
		};
/* End PBXFrameworksBuildPhase section */

/* Begin PBXGroup section */
		52293D781BF7268D00AB82E5 /* GlobalStateExplorers */ = {
			isa = PBXGroup;
			children = (
				5250B20A1D7098AC00546133 /* DatabaseBrowser */,
				52293D791BF7268D00AB82E5 /* FLEXClassesTableViewController.h */,
				52293D7A1BF7268D00AB82E5 /* FLEXClassesTableViewController.m */,
				52293D7B1BF7268D00AB82E5 /* FLEXCookiesTableViewController.h */,
				52293D7C1BF7268D00AB82E5 /* FLEXCookiesTableViewController.m */,
				52293D7D1BF7268D00AB82E5 /* FLEXFileBrowserFileOperationController.h */,
				52293D7E1BF7268D00AB82E5 /* FLEXFileBrowserFileOperationController.m */,
				52293D7F1BF7268D00AB82E5 /* FLEXFileBrowserSearchOperation.h */,
				52293D801BF7268D00AB82E5 /* FLEXFileBrowserSearchOperation.m */,
				52293D811BF7268D00AB82E5 /* FLEXFileBrowserTableViewController.h */,
				52293D821BF7268D00AB82E5 /* FLEXFileBrowserTableViewController.m */,
				52293D831BF7268D00AB82E5 /* FLEXGlobalsTableViewController.h */,
				52293D841BF7268D00AB82E5 /* FLEXGlobalsTableViewController.m */,
				52293D851BF7268D00AB82E5 /* FLEXInstancesTableViewController.h */,
				52293D861BF7268D00AB82E5 /* FLEXInstancesTableViewController.m */,
				52293D871BF7268D00AB82E5 /* FLEXLibrariesTableViewController.h */,
				52293D881BF7268D00AB82E5 /* FLEXLibrariesTableViewController.m */,
				52293D891BF7268D00AB82E5 /* FLEXLiveObjectsTableViewController.h */,
				52293D8A1BF7268D00AB82E5 /* FLEXLiveObjectsTableViewController.m */,
				52293D8B1BF7268D00AB82E5 /* FLEXWebViewController.h */,
				52293D8C1BF7268D00AB82E5 /* FLEXWebViewController.m */,
				52293D8D1BF7268D00AB82E5 /* SystemLog */,
			);
			path = GlobalStateExplorers;
			sourceTree = "<group>";
		};
		52293D8D1BF7268D00AB82E5 /* SystemLog */ = {
			isa = PBXGroup;
			children = (
				52293D8E1BF7268D00AB82E5 /* FLEXSystemLogMessage.h */,
				52293D8F1BF7268D00AB82E5 /* FLEXSystemLogMessage.m */,
				52293D901BF7268D00AB82E5 /* FLEXSystemLogTableViewCell.h */,
				52293D911BF7268D00AB82E5 /* FLEXSystemLogTableViewCell.m */,
				52293D921BF7268D00AB82E5 /* FLEXSystemLogTableViewController.h */,
				52293D931BF7268D00AB82E5 /* FLEXSystemLogTableViewController.m */,
			);
			path = SystemLog;
			sourceTree = "<group>";
		};
		52293D941BF7268D00AB82E5 /* ObjectExplorers */ = {
			isa = PBXGroup;
			children = (
				52293D951BF7268D00AB82E5 /* FLEXArrayExplorerViewController.h */,
				52293D961BF7268D00AB82E5 /* FLEXArrayExplorerViewController.m */,
				52293D971BF7268D00AB82E5 /* FLEXClassExplorerViewController.h */,
				52293D981BF7268D00AB82E5 /* FLEXClassExplorerViewController.m */,
				52293D991BF7268D00AB82E5 /* FLEXDefaultsExplorerViewController.h */,
				52293D9A1BF7268D00AB82E5 /* FLEXDefaultsExplorerViewController.m */,
				52293D9B1BF7268D00AB82E5 /* FLEXDictionaryExplorerViewController.h */,
				52293D9C1BF7268D00AB82E5 /* FLEXDictionaryExplorerViewController.m */,
				52293D9D1BF7268D00AB82E5 /* FLEXGlobalsTableViewControllerEntry.h */,
				52293D9E1BF7268D00AB82E5 /* FLEXGlobalsTableViewControllerEntry.m */,
				52293D9F1BF7268D00AB82E5 /* FLEXImageExplorerViewController.h */,
				52293DA01BF7268D00AB82E5 /* FLEXImageExplorerViewController.m */,
				52293DA11BF7268D00AB82E5 /* FLEXLayerExplorerViewController.h */,
				52293DA21BF7268D00AB82E5 /* FLEXLayerExplorerViewController.m */,
				52293DA31BF7268D00AB82E5 /* FLEXObjectExplorerFactory.h */,
				52293DA41BF7268D00AB82E5 /* FLEXObjectExplorerFactory.m */,
				52293DA51BF7268D00AB82E5 /* FLEXObjectExplorerViewController.h */,
				52293DA61BF7268D00AB82E5 /* FLEXObjectExplorerViewController.m */,
				52293DA71BF7268D00AB82E5 /* FLEXSetExplorerViewController.h */,
				52293DA81BF7268D00AB82E5 /* FLEXSetExplorerViewController.m */,
				52293DA91BF7268D00AB82E5 /* FLEXViewControllerExplorerViewController.h */,
				52293DAA1BF7268D00AB82E5 /* FLEXViewControllerExplorerViewController.m */,
				52293DAB1BF7268D00AB82E5 /* FLEXViewExplorerViewController.h */,
				52293DAC1BF7268D00AB82E5 /* FLEXViewExplorerViewController.m */,
			);
			path = ObjectExplorers;
			sourceTree = "<group>";
		};
		52293DAD1BF7268D00AB82E5 /* ViewHierarchy */ = {
			isa = PBXGroup;
			children = (
				52293DAE1BF7268D00AB82E5 /* FLEXHierarchyTableViewCell.h */,
				52293DAF1BF7268D00AB82E5 /* FLEXHierarchyTableViewCell.m */,
				52293DB01BF7268D00AB82E5 /* FLEXHierarchyTableViewController.h */,
				52293DB11BF7268D00AB82E5 /* FLEXHierarchyTableViewController.m */,
				52293DB21BF7268D00AB82E5 /* FLEXImagePreviewViewController.h */,
				52293DB31BF7268D00AB82E5 /* FLEXImagePreviewViewController.m */,
			);
			path = ViewHierarchy;
			sourceTree = "<group>";
		};
		52293DF71BF726A700AB82E5 /* ArgumentInputViews */ = {
			isa = PBXGroup;
			children = (
				52293DF81BF726A700AB82E5 /* FLEXArgumentInputColorView.h */,
				52293DF91BF726A700AB82E5 /* FLEXArgumentInputColorView.m */,
				52293DFA1BF726A700AB82E5 /* FLEXArgumentInputDateView.h */,
				52293DFB1BF726A700AB82E5 /* FLEXArgumentInputDateView.m */,
				52293DFC1BF726A700AB82E5 /* FLEXArgumentInputFontsPickerView.h */,
				52293DFD1BF726A700AB82E5 /* FLEXArgumentInputFontsPickerView.m */,
				52293DFE1BF726A700AB82E5 /* FLEXArgumentInputFontView.h */,
				52293DFF1BF726A700AB82E5 /* FLEXArgumentInputFontView.m */,
				52293E001BF726A700AB82E5 /* FLEXArgumentInputJSONObjectView.h */,
				52293E011BF726A700AB82E5 /* FLEXArgumentInputJSONObjectView.m */,
				52293E021BF726A700AB82E5 /* FLEXArgumentInputNotSupportedView.h */,
				52293E031BF726A700AB82E5 /* FLEXArgumentInputNotSupportedView.m */,
				52293E041BF726A700AB82E5 /* FLEXArgumentInputNumberView.h */,
				52293E051BF726A700AB82E5 /* FLEXArgumentInputNumberView.m */,
				52293E061BF726A700AB82E5 /* FLEXArgumentInputStringView.h */,
				52293E071BF726A700AB82E5 /* FLEXArgumentInputStringView.m */,
				52293E081BF726A700AB82E5 /* FLEXArgumentInputStructView.h */,
				52293E091BF726A700AB82E5 /* FLEXArgumentInputStructView.m */,
				52293E0A1BF726A700AB82E5 /* FLEXArgumentInputSwitchView.h */,
				52293E0B1BF726A700AB82E5 /* FLEXArgumentInputSwitchView.m */,
				52293E0C1BF726A700AB82E5 /* FLEXArgumentInputTextView.h */,
				52293E0D1BF726A700AB82E5 /* FLEXArgumentInputTextView.m */,
				52293E0E1BF726A700AB82E5 /* FLEXArgumentInputView.h */,
				52293E0F1BF726A700AB82E5 /* FLEXArgumentInputView.m */,
				52293E101BF726A700AB82E5 /* FLEXArgumentInputViewFactory.h */,
				52293E111BF726A700AB82E5 /* FLEXArgumentInputViewFactory.m */,
			);
			path = ArgumentInputViews;
			sourceTree = "<group>";
		};
		52293E2C1BF726CB00AB82E5 /* Network */ = {
			isa = PBXGroup;
			children = (
				5250B24B1D70995F00546133 /* FLEXNetworkCurlLogger.h */,
				5250B24C1D70995F00546133 /* FLEXNetworkCurlLogger.m */,
				52293E2D1BF726CB00AB82E5 /* FLEXNetworkHistoryTableViewController.h */,
				52293E2E1BF726CB00AB82E5 /* FLEXNetworkHistoryTableViewController.m */,
				52293E2F1BF726CB00AB82E5 /* FLEXNetworkRecorder.h */,
				52293E301BF726CB00AB82E5 /* FLEXNetworkRecorder.m */,
				52293E311BF726CB00AB82E5 /* FLEXNetworkSettingsTableViewController.h */,
				52293E321BF726CB00AB82E5 /* FLEXNetworkSettingsTableViewController.m */,
				52293E331BF726CB00AB82E5 /* FLEXNetworkTransaction.h */,
				52293E341BF726CB00AB82E5 /* FLEXNetworkTransaction.m */,
				52293E351BF726CB00AB82E5 /* FLEXNetworkTransactionDetailTableViewController.h */,
				52293E361BF726CB00AB82E5 /* FLEXNetworkTransactionDetailTableViewController.m */,
				52293E371BF726CB00AB82E5 /* FLEXNetworkTransactionTableViewCell.h */,
				52293E381BF726CB00AB82E5 /* FLEXNetworkTransactionTableViewCell.m */,
				52293E391BF726CB00AB82E5 /* PonyDebugger */,
			);
			path = Network;
			sourceTree = "<group>";
		};
		52293E391BF726CB00AB82E5 /* PonyDebugger */ = {
			isa = PBXGroup;
			children = (
				52293E3A1BF726CB00AB82E5 /* FLEXNetworkObserver.h */,
				52293E3B1BF726CB00AB82E5 /* FLEXNetworkObserver.m */,
			);
			path = PonyDebugger;
			sourceTree = "<group>";
		};
		5229491D1A1DCB4500A5A01C = {
			isa = PBXGroup;
			children = (
				5229492E1A1DCB4500A5A01C /* libFLEX */,
				522949291A1DCB4500A5A01C /* Frameworks */,
				522949281A1DCB4500A5A01C /* Products */,
			);
			sourceTree = "<group>";
		};
		522949281A1DCB4500A5A01C /* Products */ = {
			isa = PBXGroup;
			children = (
				522949271A1DCB4500A5A01C /* libFLEX.dylib */,
			);
			name = Products;
			sourceTree = "<group>";
		};
		522949291A1DCB4500A5A01C /* Frameworks */ = {
			isa = PBXGroup;
			children = (
				5250B24F1D70996B00546133 /* libsqlite3.tbd */,
				52293E4F1BF7282900AB82E5 /* QuartzCore.framework */,
				52293E4D1BF727EF00AB82E5 /* ImageIO.framework */,
				52293E4B1BF7276D00AB82E5 /* libz.tbd */,
				52294A3C1A1DCFA100A5A01C /* CoreGraphics.framework */,
				5229492A1A1DCB4500A5A01C /* Foundation.framework */,
				5229492C1A1DCB4500A5A01C /* UIKit.framework */,
			);
			name = Frameworks;
			sourceTree = "<group>";
		};
		5229492E1A1DCB4500A5A01C /* libFLEX */ = {
			isa = PBXGroup;
			children = (
				522949681A1DCD5E00A5A01C /* Classes */,
				522949361A1DCB4500A5A01C /* libFLEX.h */,
				522949381A1DCB4500A5A01C /* libFLEX.m */,
				5229492F1A1DCB4500A5A01C /* Package */,
				522949331A1DCB4500A5A01C /* Supporting Files */,
			);
			path = libFLEX;
			sourceTree = "<group>";
		};
		5229492F1A1DCB4500A5A01C /* Package */ = {
			isa = PBXGroup;
			children = (
				522949301A1DCB4500A5A01C /* DEBIAN */,
				5229493A1A1DCB4500A5A01C /* usr */,
			);
			name = Package;
			sourceTree = "<group>";
		};
		522949301A1DCB4500A5A01C /* DEBIAN */ = {
			isa = PBXGroup;
			children = (
				522949321A1DCB4500A5A01C /* control */,
			);
			name = DEBIAN;
			sourceTree = "<group>";
		};
		522949331A1DCB4500A5A01C /* Supporting Files */ = {
			isa = PBXGroup;
			children = (
				522949341A1DCB4500A5A01C /* PackageVersion.plist */,
				522949351A1DCB4500A5A01C /* libFLEX-Prefix.pch */,
			);
			name = "Supporting Files";
			sourceTree = "<group>";
		};
		5229493A1A1DCB4500A5A01C /* usr */ = {
			isa = PBXGroup;
			children = (
				5229493B1A1DCB4500A5A01C /* lib */,
			);
			name = usr;
			sourceTree = "<group>";
		};
		5229493B1A1DCB4500A5A01C /* lib */ = {
			isa = PBXGroup;
			children = (
			);
			name = lib;
			sourceTree = "<group>";
		};
		522949681A1DCD5E00A5A01C /* Classes */ = {
			isa = PBXGroup;
			children = (
				5250B2421D70992300546133 /* Toolbar */,
				5250B2391D70991700546133 /* ExplorerInterface */,
				5250B2341D7098E200546133 /* Manager */,
				5250B2301D7098C600546133 /* FLEX.h */,
				5250B2311D7098C600546133 /* FLEXManager.h */,
				52293E2C1BF726CB00AB82E5 /* Network */,
				52293D781BF7268D00AB82E5 /* GlobalStateExplorers */,
				52293D941BF7268D00AB82E5 /* ObjectExplorers */,
				52293DAD1BF7268D00AB82E5 /* ViewHierarchy */,
				522949691A1DCD5E00A5A01C /* Editing */,
				522949C51A1DCD5E00A5A01C /* Utility */,
			);
			name = Classes;
			path = ../../../Classes;
			sourceTree = "<group>";
		};
		522949691A1DCD5E00A5A01C /* Editing */ = {
			isa = PBXGroup;
			children = (
				52293DF71BF726A700AB82E5 /* ArgumentInputViews */,
				522949831A1DCD5E00A5A01C /* FLEXDefaultEditorViewController.h */,
				522949841A1DCD5E00A5A01C /* FLEXDefaultEditorViewController.m */,
				522949851A1DCD5E00A5A01C /* FLEXFieldEditorView.h */,
				522949861A1DCD5E00A5A01C /* FLEXFieldEditorView.m */,
				522949871A1DCD5E00A5A01C /* FLEXFieldEditorViewController.h */,
				522949881A1DCD5E00A5A01C /* FLEXFieldEditorViewController.m */,
				522949891A1DCD5E00A5A01C /* FLEXIvarEditorViewController.h */,
				5229498A1A1DCD5E00A5A01C /* FLEXIvarEditorViewController.m */,
				5229498B1A1DCD5E00A5A01C /* FLEXMethodCallingViewController.h */,
				5229498C1A1DCD5E00A5A01C /* FLEXMethodCallingViewController.m */,
				5229498D1A1DCD5E00A5A01C /* FLEXPropertyEditorViewController.h */,
				5229498E1A1DCD5E00A5A01C /* FLEXPropertyEditorViewController.m */,
			);
			path = Editing;
			sourceTree = "<group>";
		};
		522949C51A1DCD5E00A5A01C /* Utility */ = {
			isa = PBXGroup;
			children = (
				52293E511BF7286700AB82E5 /* FLEXKeyboardHelpViewController.h */,
				52293E521BF7286700AB82E5 /* FLEXKeyboardHelpViewController.m */,
				52293E531BF7286700AB82E5 /* FLEXKeyboardShortcutManager.h */,
				52293E541BF7286700AB82E5 /* FLEXKeyboardShortcutManager.m */,
				52293E551BF7286700AB82E5 /* FLEXMultilineTableViewCell.h */,
				52293E561BF7286700AB82E5 /* FLEXMultilineTableViewCell.m */,
				522949C61A1DCD5E00A5A01C /* FLEXHeapEnumerator.h */,
				522949C71A1DCD5E00A5A01C /* FLEXHeapEnumerator.m */,
				522949C81A1DCD5E00A5A01C /* FLEXResources.h */,
				522949C91A1DCD5E00A5A01C /* FLEXResources.m */,
				522949CA1A1DCD5E00A5A01C /* FLEXRuntimeUtility.h */,
				522949CB1A1DCD5E00A5A01C /* FLEXRuntimeUtility.m */,
				522949CC1A1DCD5E00A5A01C /* FLEXUtility.h */,
				522949CD1A1DCD5E00A5A01C /* FLEXUtility.m */,
			);
			path = Utility;
			sourceTree = "<group>";
		};
		5250B20A1D7098AC00546133 /* DatabaseBrowser */ = {
			isa = PBXGroup;
			children = (
				5250B20B1D7098AC00546133 /* FLEXDatabaseManager.h */,
				5250B20C1D7098AC00546133 /* FLEXMultiColumnTableView.h */,
				5250B20D1D7098AC00546133 /* FLEXMultiColumnTableView.m */,
				5250B20E1D7098AC00546133 /* FLEXRealmDatabaseManager.h */,
				5250B20F1D7098AC00546133 /* FLEXRealmDatabaseManager.m */,
				5250B2101D7098AC00546133 /* FLEXRealmDefines.h */,
				5250B2111D7098AC00546133 /* FLEXSQLiteDatabaseManager.h */,
				5250B2121D7098AC00546133 /* FLEXSQLiteDatabaseManager.m */,
				5250B2131D7098AC00546133 /* FLEXTableColumnHeader.h */,
				5250B2141D7098AC00546133 /* FLEXTableColumnHeader.m */,
				5250B2151D7098AC00546133 /* FLEXTableContentCell.h */,
				5250B2161D7098AC00546133 /* FLEXTableContentCell.m */,
				5250B2171D7098AC00546133 /* FLEXTableContentViewController.h */,
				5250B2181D7098AC00546133 /* FLEXTableContentViewController.m */,
				5250B2191D7098AC00546133 /* FLEXTableLeftCell.h */,
				5250B21A1D7098AC00546133 /* FLEXTableLeftCell.m */,
				5250B21B1D7098AC00546133 /* FLEXTableListViewController.h */,
				5250B21C1D7098AC00546133 /* FLEXTableListViewController.m */,
				5250B21D1D7098AC00546133 /* LICENSE */,
			);
			path = DatabaseBrowser;
			sourceTree = "<group>";
		};
		5250B2341D7098E200546133 /* Manager */ = {
			isa = PBXGroup;
			children = (
				5250B2351D7098E200546133 /* FLEXManager+Private.h */,
				5250B2361D7098E200546133 /* FLEXManager.m */,
			);
			path = Manager;
			sourceTree = "<group>";
		};
		5250B2391D70991700546133 /* ExplorerInterface */ = {
			isa = PBXGroup;
			children = (
				5250B23A1D70991700546133 /* FLEXExplorerViewController.h */,
				5250B23B1D70991700546133 /* FLEXExplorerViewController.m */,
				5250B23C1D70991700546133 /* FLEXWindow.h */,
				5250B23D1D70991700546133 /* FLEXWindow.m */,
			);
			path = ExplorerInterface;
			sourceTree = "<group>";
		};
		5250B2421D70992300546133 /* Toolbar */ = {
			isa = PBXGroup;
			children = (
				5250B2431D70992300546133 /* FLEXExplorerToolbar.h */,
				5250B2441D70992300546133 /* FLEXExplorerToolbar.m */,
				5250B2451D70992300546133 /* FLEXToolbarItem.h */,
				5250B2461D70992300546133 /* FLEXToolbarItem.m */,
			);
			path = Toolbar;
			sourceTree = "<group>";
		};
/* End PBXGroup section */

/* Begin PBXHeadersBuildPhase section */
		522949241A1DCB4500A5A01C /* Headers */ = {
			isa = PBXHeadersBuildPhase;
			buildActionMask = 2147483647;
			files = (
				52294A301A1DCD5E00A5A01C /* FLEXRuntimeUtility.h in Headers */,
				522949F31A1DCD5E00A5A01C /* FLEXIvarEditorViewController.h in Headers */,
				52293E3F1BF726CB00AB82E5 /* FLEXNetworkRecorder.h in Headers */,
				522949EF1A1DCD5E00A5A01C /* FLEXFieldEditorView.h in Headers */,
				52293E221BF726A700AB82E5 /* FLEXArgumentInputStructView.h in Headers */,
				52293E201BF726A700AB82E5 /* FLEXArgumentInputStringView.h in Headers */,
				5250B2211D7098AC00546133 /* FLEXRealmDatabaseManager.h in Headers */,
				52293DC91BF7268D00AB82E5 /* FLEXGlobalsTableViewController.h in Headers */,
				52293DDB1BF7268D00AB82E5 /* FLEXClassExplorerViewController.h in Headers */,
				52293E451BF726CB00AB82E5 /* FLEXNetworkTransactionDetailTableViewController.h in Headers */,
				522949F71A1DCD5E00A5A01C /* FLEXPropertyEditorViewController.h in Headers */,
				52293E3D1BF726CB00AB82E5 /* FLEXNetworkHistoryTableViewController.h in Headers */,
				5250B24D1D70995F00546133 /* FLEXNetworkCurlLogger.h in Headers */,
				52293DDD1BF7268D00AB82E5 /* FLEXDefaultsExplorerViewController.h in Headers */,
				52294A2E1A1DCD5E00A5A01C /* FLEXResources.h in Headers */,
				522949F51A1DCD5E00A5A01C /* FLEXMethodCallingViewController.h in Headers */,
				52293E1E1BF726A700AB82E5 /* FLEXArgumentInputNumberView.h in Headers */,
				5250B22A1D7098AC00546133 /* FLEXTableContentViewController.h in Headers */,
				52293DE51BF7268D00AB82E5 /* FLEXLayerExplorerViewController.h in Headers */,
				5250B21E1D7098AC00546133 /* FLEXDatabaseManager.h in Headers */,
				52293DD71BF7268D00AB82E5 /* FLEXSystemLogTableViewController.h in Headers */,
				52293E411BF726CB00AB82E5 /* FLEXNetworkSettingsTableViewController.h in Headers */,
				52293DD31BF7268D00AB82E5 /* FLEXSystemLogMessage.h in Headers */,
				52293DE71BF7268D00AB82E5 /* FLEXObjectExplorerFactory.h in Headers */,
				52293E281BF726A700AB82E5 /* FLEXArgumentInputView.h in Headers */,
				52293DE31BF7268D00AB82E5 /* FLEXImageExplorerViewController.h in Headers */,
				52293DC11BF7268D00AB82E5 /* FLEXCookiesTableViewController.h in Headers */,
				52293DED1BF7268D00AB82E5 /* FLEXViewControllerExplorerViewController.h in Headers */,
				52293E261BF726A700AB82E5 /* FLEXArgumentInputTextView.h in Headers */,
				52293E591BF7286700AB82E5 /* FLEXKeyboardShortcutManager.h in Headers */,
				5250B21F1D7098AC00546133 /* FLEXMultiColumnTableView.h in Headers */,
				52293DD51BF7268D00AB82E5 /* FLEXSystemLogTableViewCell.h in Headers */,
				52294A2C1A1DCD5E00A5A01C /* FLEXHeapEnumerator.h in Headers */,
				5250B22C1D7098AC00546133 /* FLEXTableLeftCell.h in Headers */,
				5250B2331D7098C700546133 /* FLEXManager.h in Headers */,
				52293DDF1BF7268D00AB82E5 /* FLEXDictionaryExplorerViewController.h in Headers */,
				52293E2A1BF726A700AB82E5 /* FLEXArgumentInputViewFactory.h in Headers */,
				52293DCF1BF7268D00AB82E5 /* FLEXLiveObjectsTableViewController.h in Headers */,
				52293DF31BF7268D00AB82E5 /* FLEXHierarchyTableViewController.h in Headers */,
				5250B2321D7098C700546133 /* FLEX.h in Headers */,
				5250B2261D7098AC00546133 /* FLEXTableColumnHeader.h in Headers */,
				522949371A1DCB4500A5A01C /* libFLEX.h in Headers */,
				52293DC71BF7268D00AB82E5 /* FLEXFileBrowserTableViewController.h in Headers */,
				52293E121BF726A700AB82E5 /* FLEXArgumentInputColorView.h in Headers */,
				52293E141BF726A700AB82E5 /* FLEXArgumentInputDateView.h in Headers */,
				52293DCB1BF7268D00AB82E5 /* FLEXInstancesTableViewController.h in Headers */,
				52293DF11BF7268D00AB82E5 /* FLEXHierarchyTableViewCell.h in Headers */,
				52293DE91BF7268D00AB82E5 /* FLEXObjectExplorerViewController.h in Headers */,
				52293E241BF726A700AB82E5 /* FLEXArgumentInputSwitchView.h in Headers */,
				52293DF51BF7268D00AB82E5 /* FLEXImagePreviewViewController.h in Headers */,
				5250B23E1D70991700546133 /* FLEXExplorerViewController.h in Headers */,
				52293E161BF726A700AB82E5 /* FLEXArgumentInputFontsPickerView.h in Headers */,
				5250B2281D7098AC00546133 /* FLEXTableContentCell.h in Headers */,
				52294A321A1DCD5E00A5A01C /* FLEXUtility.h in Headers */,
				52293E1A1BF726A700AB82E5 /* FLEXArgumentInputJSONObjectView.h in Headers */,
				52293DC31BF7268D00AB82E5 /* FLEXFileBrowserFileOperationController.h in Headers */,
				52293DCD1BF7268D00AB82E5 /* FLEXLibrariesTableViewController.h in Headers */,
				522949F11A1DCD5E00A5A01C /* FLEXFieldEditorViewController.h in Headers */,
				52293E571BF7286700AB82E5 /* FLEXKeyboardHelpViewController.h in Headers */,
				52293E431BF726CB00AB82E5 /* FLEXNetworkTransaction.h in Headers */,
				52293E1C1BF726A700AB82E5 /* FLEXArgumentInputNotSupportedView.h in Headers */,
				52293DEF1BF7268D00AB82E5 /* FLEXViewExplorerViewController.h in Headers */,
				52293DD11BF7268D00AB82E5 /* FLEXWebViewController.h in Headers */,
				52293E181BF726A700AB82E5 /* FLEXArgumentInputFontView.h in Headers */,
				5250B2241D7098AC00546133 /* FLEXSQLiteDatabaseManager.h in Headers */,
				52293DEB1BF7268D00AB82E5 /* FLEXSetExplorerViewController.h in Headers */,
				5250B2491D70992300546133 /* FLEXToolbarItem.h in Headers */,
				52293DD91BF7268D00AB82E5 /* FLEXArrayExplorerViewController.h in Headers */,
				5250B2471D70992300546133 /* FLEXExplorerToolbar.h in Headers */,
				52293E5B1BF7286700AB82E5 /* FLEXMultilineTableViewCell.h in Headers */,
				52293DC51BF7268D00AB82E5 /* FLEXFileBrowserSearchOperation.h in Headers */,
				5250B2231D7098AC00546133 /* FLEXRealmDefines.h in Headers */,
				52293DBF1BF7268D00AB82E5 /* FLEXClassesTableViewController.h in Headers */,
				52293DE11BF7268D00AB82E5 /* FLEXGlobalsTableViewControllerEntry.h in Headers */,
				52293E491BF726CB00AB82E5 /* FLEXNetworkObserver.h in Headers */,
				5250B2401D70991700546133 /* FLEXWindow.h in Headers */,
				5250B22E1D7098AC00546133 /* FLEXTableListViewController.h in Headers */,
				5250B2371D7098E200546133 /* FLEXManager+Private.h in Headers */,
				52293E471BF726CB00AB82E5 /* FLEXNetworkTransactionTableViewCell.h in Headers */,
				522949ED1A1DCD5E00A5A01C /* FLEXDefaultEditorViewController.h in Headers */,
			);
			runOnlyForDeploymentPostprocessing = 0;
		};
/* End PBXHeadersBuildPhase section */

/* Begin PBXNativeTarget section */
		522949261A1DCB4500A5A01C /* libFLEX */ = {
			isa = PBXNativeTarget;
			buildConfigurationList = 5229493F1A1DCB4500A5A01C /* Build configuration list for PBXNativeTarget "libFLEX" */;
			buildPhases = (
				522949221A1DCB4500A5A01C /* Sources */,
				522949231A1DCB4500A5A01C /* Frameworks */,
				522949241A1DCB4500A5A01C /* Headers */,
				522949251A1DCB4500A5A01C /* ShellScript */,
			);
			buildRules = (
			);
			dependencies = (
			);
			name = libFLEX;
			productName = libFLEX;
			productReference = 522949271A1DCB4500A5A01C /* libFLEX.dylib */;
			productType = "com.apple.product-type.library.dynamic";
		};
/* End PBXNativeTarget section */

/* Begin PBXProject section */
		5229491E1A1DCB4500A5A01C /* Project object */ = {
			isa = PBXProject;
			attributes = {
				LastUpgradeCheck = 0710;
				TargetAttributes = {
					522949261A1DCB4500A5A01C = {
						CreatedOnToolsVersion = 6.0.1;
					};
				};
			};
			buildConfigurationList = 522949211A1DCB4500A5A01C /* Build configuration list for PBXProject "libFLEX" */;
			compatibilityVersion = "Xcode 3.2";
			developmentRegion = English;
			hasScannedForEncodings = 0;
			knownRegions = (
				en,
			);
			mainGroup = 5229491D1A1DCB4500A5A01C;
			productRefGroup = 522949281A1DCB4500A5A01C /* Products */;
			projectDirPath = "";
			projectRoot = "";
			targets = (
				522949261A1DCB4500A5A01C /* libFLEX */,
			);
		};
/* End PBXProject section */

/* Begin PBXShellScriptBuildPhase section */
		522949251A1DCB4500A5A01C /* ShellScript */ = {
			isa = PBXShellScriptBuildPhase;
			buildActionMask = 2147483647;
			files = (
			);
			inputPaths = (
			);
			outputPaths = (
			);
			runOnlyForDeploymentPostprocessing = 0;
			shellPath = /bin/sh;
			shellScript = "/opt/iOSOpenDev/bin/iosod --xcbp";
		};
/* End PBXShellScriptBuildPhase section */

/* Begin PBXSourcesBuildPhase section */
		522949221A1DCB4500A5A01C /* Sources */ = {
			isa = PBXSourcesBuildPhase;
			buildActionMask = 2147483647;
			files = (
				5250B22F1D7098AC00546133 /* FLEXTableListViewController.m in Sources */,
				5250B2411D70991700546133 /* FLEXWindow.m in Sources */,
				52293DF01BF7268D00AB82E5 /* FLEXViewExplorerViewController.m in Sources */,
				52293E481BF726CB00AB82E5 /* FLEXNetworkTransactionTableViewCell.m in Sources */,
				52294A2D1A1DCD5E00A5A01C /* FLEXHeapEnumerator.m in Sources */,
				522949EE1A1DCD5E00A5A01C /* FLEXDefaultEditorViewController.m in Sources */,
				52293DD41BF7268D00AB82E5 /* FLEXSystemLogMessage.m in Sources */,
				52294A311A1DCD5E00A5A01C /* FLEXRuntimeUtility.m in Sources */,
				52293DC21BF7268D00AB82E5 /* FLEXCookiesTableViewController.m in Sources */,
				52293E581BF7286700AB82E5 /* FLEXKeyboardHelpViewController.m in Sources */,
				52293E1B1BF726A700AB82E5 /* FLEXArgumentInputJSONObjectView.m in Sources */,
				5250B2251D7098AC00546133 /* FLEXSQLiteDatabaseManager.m in Sources */,
				52293DC01BF7268D00AB82E5 /* FLEXClassesTableViewController.m in Sources */,
				52293DD21BF7268D00AB82E5 /* FLEXWebViewController.m in Sources */,
				52293E1D1BF726A700AB82E5 /* FLEXArgumentInputNotSupportedView.m in Sources */,
				52293E461BF726CB00AB82E5 /* FLEXNetworkTransactionDetailTableViewController.m in Sources */,
				522949F21A1DCD5E00A5A01C /* FLEXFieldEditorViewController.m in Sources */,
				52293DE81BF7268D00AB82E5 /* FLEXObjectExplorerFactory.m in Sources */,
				52293E5A1BF7286700AB82E5 /* FLEXKeyboardShortcutManager.m in Sources */,
				5250B2481D70992300546133 /* FLEXExplorerToolbar.m in Sources */,
				52293DCE1BF7268D00AB82E5 /* FLEXLibrariesTableViewController.m in Sources */,
				52293E4A1BF726CB00AB82E5 /* FLEXNetworkObserver.m in Sources */,
				52293E131BF726A700AB82E5 /* FLEXArgumentInputColorView.m in Sources */,
				5250B22D1D7098AC00546133 /* FLEXTableLeftCell.m in Sources */,
				5250B22B1D7098AC00546133 /* FLEXTableContentViewController.m in Sources */,
				52293DE61BF7268D00AB82E5 /* FLEXLayerExplorerViewController.m in Sources */,
				52293DEC1BF7268D00AB82E5 /* FLEXSetExplorerViewController.m in Sources */,
				52293DF61BF7268D00AB82E5 /* FLEXImagePreviewViewController.m in Sources */,
				52293DD61BF7268D00AB82E5 /* FLEXSystemLogTableViewCell.m in Sources */,
				52293E171BF726A700AB82E5 /* FLEXArgumentInputFontsPickerView.m in Sources */,
				52293E401BF726CB00AB82E5 /* FLEXNetworkRecorder.m in Sources */,
				52293E441BF726CB00AB82E5 /* FLEXNetworkTransaction.m in Sources */,
				52293E1F1BF726A700AB82E5 /* FLEXArgumentInputNumberView.m in Sources */,
				52293DD81BF7268D00AB82E5 /* FLEXSystemLogTableViewController.m in Sources */,
				52293E231BF726A700AB82E5 /* FLEXArgumentInputStructView.m in Sources */,
				522949F01A1DCD5E00A5A01C /* FLEXFieldEditorView.m in Sources */,
				5250B2201D7098AC00546133 /* FLEXMultiColumnTableView.m in Sources */,
				52293DC81BF7268D00AB82E5 /* FLEXFileBrowserTableViewController.m in Sources */,
				5250B24A1D70992300546133 /* FLEXToolbarItem.m in Sources */,
				52293DD01BF7268D00AB82E5 /* FLEXLiveObjectsTableViewController.m in Sources */,
				522949F61A1DCD5E00A5A01C /* FLEXMethodCallingViewController.m in Sources */,
				52293DE01BF7268D00AB82E5 /* FLEXDictionaryExplorerViewController.m in Sources */,
				5250B2271D7098AC00546133 /* FLEXTableColumnHeader.m in Sources */,
				52293E291BF726A700AB82E5 /* FLEXArgumentInputView.m in Sources */,
				52293DDC1BF7268D00AB82E5 /* FLEXClassExplorerViewController.m in Sources */,
				5250B2221D7098AC00546133 /* FLEXRealmDatabaseManager.m in Sources */,
				52293DC41BF7268D00AB82E5 /* FLEXFileBrowserFileOperationController.m in Sources */,
				52293E211BF726A700AB82E5 /* FLEXArgumentInputStringView.m in Sources */,
				522949F41A1DCD5E00A5A01C /* FLEXIvarEditorViewController.m in Sources */,
				52293DDE1BF7268D00AB82E5 /* FLEXDefaultsExplorerViewController.m in Sources */,
				52293E271BF726A700AB82E5 /* FLEXArgumentInputTextView.m in Sources */,
				52294A2F1A1DCD5E00A5A01C /* FLEXResources.m in Sources */,
				52293E251BF726A700AB82E5 /* FLEXArgumentInputSwitchView.m in Sources */,
				52293E5C1BF7286700AB82E5 /* FLEXMultilineTableViewCell.m in Sources */,
				522949391A1DCB4500A5A01C /* libFLEX.m in Sources */,
				522949F81A1DCD5E00A5A01C /* FLEXPropertyEditorViewController.m in Sources */,
				5250B2381D7098E200546133 /* FLEXManager.m in Sources */,
				5250B24E1D70995F00546133 /* FLEXNetworkCurlLogger.m in Sources */,
				52293DCA1BF7268D00AB82E5 /* FLEXGlobalsTableViewController.m in Sources */,
				52293DF41BF7268D00AB82E5 /* FLEXHierarchyTableViewController.m in Sources */,
				52293DDA1BF7268D00AB82E5 /* FLEXArrayExplorerViewController.m in Sources */,
				52293DF21BF7268D00AB82E5 /* FLEXHierarchyTableViewCell.m in Sources */,
				52293E2B1BF726A700AB82E5 /* FLEXArgumentInputViewFactory.m in Sources */,
				52293DCC1BF7268D00AB82E5 /* FLEXInstancesTableViewController.m in Sources */,
				52293DC61BF7268D00AB82E5 /* FLEXFileBrowserSearchOperation.m in Sources */,
				52293DEE1BF7268D00AB82E5 /* FLEXViewControllerExplorerViewController.m in Sources */,
				52293E421BF726CB00AB82E5 /* FLEXNetworkSettingsTableViewController.m in Sources */,
				52293E191BF726A700AB82E5 /* FLEXArgumentInputFontView.m in Sources */,
				52293E151BF726A700AB82E5 /* FLEXArgumentInputDateView.m in Sources */,
				52293DE21BF7268D00AB82E5 /* FLEXGlobalsTableViewControllerEntry.m in Sources */,
				52294A331A1DCD5E00A5A01C /* FLEXUtility.m in Sources */,
				52293DE41BF7268D00AB82E5 /* FLEXImageExplorerViewController.m in Sources */,
				5250B2291D7098AC00546133 /* FLEXTableContentCell.m in Sources */,
				52293E3E1BF726CB00AB82E5 /* FLEXNetworkHistoryTableViewController.m in Sources */,
				5250B23F1D70991700546133 /* FLEXExplorerViewController.m in Sources */,
				52293DEA1BF7268D00AB82E5 /* FLEXObjectExplorerViewController.m in Sources */,
			);
			runOnlyForDeploymentPostprocessing = 0;
		};
/* End PBXSourcesBuildPhase section */

/* Begin XCBuildConfiguration section */
		5229493D1A1DCB4500A5A01C /* Debug */ = {
			isa = XCBuildConfiguration;
			buildSettings = {
				COPY_PHASE_STRIP = NO;
				ENABLE_TESTABILITY = YES;
				EXCLUDED_RECURSIVE_SEARCH_PATH_SUBDIRECTORIES = "*.nib *.lproj *.gch (*) .DS_Store CVS .svn .git .hg *.xcodeproj *.xcode *.pbproj *.pbxproj";
				FRAMEWORK_SEARCH_PATHS = (
					"$(iOSOpenDevPath)/frameworks/**",
					"$(SDKROOT)/System/Library/PrivateFrameworks",
				);
				GCC_C_LANGUAGE_STANDARD = gnu99;
				GCC_DYNAMIC_NO_PIC = NO;
				GCC_OPTIMIZATION_LEVEL = 0;
				GCC_PREPROCESSOR_DEFINITIONS = (
					"DEBUG=1",
					"$(inherited)",
				);
				GCC_SYMBOLS_PRIVATE_EXTERN = NO;
				GCC_WARN_ABOUT_MISSING_PROTOTYPES = YES;
				GCC_WARN_ABOUT_RETURN_TYPE = YES;
				GCC_WARN_UNUSED_VARIABLE = YES;
				HEADER_SEARCH_PATHS = "$(iOSOpenDevPath)/include/**";
				IPHONEOS_DEPLOYMENT_TARGET = 8.0;
				LIBRARY_SEARCH_PATHS = "$(iOSOpenDevPath)/lib/**";
				ONLY_ACTIVE_ARCH = YES;
				SDKROOT = iphoneos;
				TARGETED_DEVICE_FAMILY = "1,2";
				VALIDATE_PRODUCT = NO;
				iOSOpenDevPath = /opt/iOSOpenDev;
			};
			name = Debug;
		};
		5229493E1A1DCB4500A5A01C /* Release */ = {
			isa = XCBuildConfiguration;
			buildSettings = {
				COPY_PHASE_STRIP = YES;
				EXCLUDED_RECURSIVE_SEARCH_PATH_SUBDIRECTORIES = "*.nib *.lproj *.gch (*) .DS_Store CVS .svn .git .hg *.xcodeproj *.xcode *.pbproj *.pbxproj";
				FRAMEWORK_SEARCH_PATHS = (
					"$(iOSOpenDevPath)/frameworks/**",
					"$(SDKROOT)/System/Library/PrivateFrameworks",
				);
				GCC_C_LANGUAGE_STANDARD = gnu99;
				GCC_WARN_ABOUT_MISSING_PROTOTYPES = YES;
				GCC_WARN_ABOUT_RETURN_TYPE = YES;
				GCC_WARN_UNUSED_VARIABLE = YES;
				HEADER_SEARCH_PATHS = "$(iOSOpenDevPath)/include/**";
				IPHONEOS_DEPLOYMENT_TARGET = 8.0;
				LIBRARY_SEARCH_PATHS = "$(iOSOpenDevPath)/lib/**";
				SDKROOT = iphoneos;
				TARGETED_DEVICE_FAMILY = "1,2";
				VALIDATE_PRODUCT = YES;
				iOSOpenDevPath = /opt/iOSOpenDev;
			};
			name = Release;
		};
		522949401A1DCB4500A5A01C /* Debug */ = {
			isa = XCBuildConfiguration;
			buildSettings = {
				CLANG_ENABLE_OBJC_ARC = YES;
				CODE_SIGN_IDENTITY = "";
				DYLIB_COMPATIBILITY_VERSION = 1;
				DYLIB_CURRENT_VERSION = 1;
				EXECUTABLE_PREFIX = "";
				GCC_PRECOMPILE_PREFIX_HEADER = YES;
				GCC_PREFIX_HEADER = "libFLEX/libFLEX-Prefix.pch";
				INSTALL_PATH = /usr/lib;
				IPHONEOS_DEPLOYMENT_TARGET = 6.0;
				PRODUCT_NAME = "$(TARGET_NAME)";
				VALID_ARCHS = "arm64 armv7";
				iOSOpenDevBuildPackageOnAnyBuild = NO;
				iOSOpenDevCopyOnBuild = NO;
				iOSOpenDevDevice = "";
				iOSOpenDevInstallOnAnyBuild = NO;
				iOSOpenDevInstallOnProfiling = NO;
				iOSOpenDevRespringOnInstall = NO;
				iOSOpenDevUsePackageVersionPList = NO;
			};
			name = Debug;
		};
		522949411A1DCB4500A5A01C /* Release */ = {
			isa = XCBuildConfiguration;
			buildSettings = {
				CLANG_ENABLE_OBJC_ARC = YES;
				CODE_SIGN_IDENTITY = "";
				DYLIB_COMPATIBILITY_VERSION = 1;
				DYLIB_CURRENT_VERSION = 1;
				EXECUTABLE_PREFIX = "";
				GCC_PRECOMPILE_PREFIX_HEADER = YES;
				GCC_PREFIX_HEADER = "libFLEX/libFLEX-Prefix.pch";
				INSTALL_PATH = /usr/lib;
				IPHONEOS_DEPLOYMENT_TARGET = 6.0;
				PRODUCT_NAME = "$(TARGET_NAME)";
				VALID_ARCHS = "arm64 armv7";
				iOSOpenDevBuildPackageOnAnyBuild = NO;
				iOSOpenDevCopyOnBuild = NO;
				iOSOpenDevDevice = "";
				iOSOpenDevInstallOnAnyBuild = NO;
				iOSOpenDevInstallOnProfiling = NO;
				iOSOpenDevRespringOnInstall = NO;
				iOSOpenDevUsePackageVersionPList = NO;
			};
			name = Release;
		};
/* End XCBuildConfiguration section */

/* Begin XCConfigurationList section */
		522949211A1DCB4500A5A01C /* Build configuration list for PBXProject "libFLEX" */ = {
			isa = XCConfigurationList;
			buildConfigurations = (
				5229493D1A1DCB4500A5A01C /* Debug */,
				5229493E1A1DCB4500A5A01C /* Release */,
			);
			defaultConfigurationIsVisible = 0;
			defaultConfigurationName = Release;
		};
		5229493F1A1DCB4500A5A01C /* Build configuration list for PBXNativeTarget "libFLEX" */ = {
			isa = XCConfigurationList;
			buildConfigurations = (
				522949401A1DCB4500A5A01C /* Debug */,
				522949411A1DCB4500A5A01C /* Release */,
			);
			defaultConfigurationIsVisible = 0;
			defaultConfigurationName = Release;
		};
/* End XCConfigurationList section */
	};
	rootObject = 5229491E1A1DCB4500A5A01C /* Project object */;
}
