// !$*UTF8*$!
{
	archiveVersion = 1;
	classes = {
	};
	objectVersion = 46;
	objects = {

/* Begin PBXBuildFile section */
		5229492B1A1DCB4500A5A01C /* Foundation.framework in Frameworks */ = {isa = PBXBuildFile; fileRef = 5229492A1A1DCB4500A5A01C /* Foundation.framework */; };
		5229492D1A1DCB4500A5A01C /* UIKit.framework in Frameworks */ = {isa = PBXBuildFile; fileRef = 5229492C1A1DCB4500A5A01C /* UIKit.framework */; };
		522949371A1DCB4500A5A01C /* libFLEX.h in Headers */ = {isa = PBXBuildFile; fileRef = 522949361A1DCB4500A5A01C /* libFLEX.h */; };
		522949391A1DCB4500A5A01C /* libFLEX.m in Sources */ = {isa = PBXBuildFile; fileRef = 522949381A1DCB4500A5A01C /* libFLEX.m */; };
		522949D51A1DCD5E00A5A01C /* FLEXArgumentInputColorView.h in Headers */ = {isa = PBXBuildFile; fileRef = 5229496B1A1DCD5E00A5A01C /* FLEXArgumentInputColorView.h */; };
		522949D61A1DCD5E00A5A01C /* FLEXArgumentInputColorView.m in Sources */ = {isa = PBXBuildFile; fileRef = 5229496C1A1DCD5E00A5A01C /* FLEXArgumentInputColorView.m */; };
		522949D71A1DCD5E00A5A01C /* FLEXArgumentInputFontsPickerView.h in Headers */ = {isa = PBXBuildFile; fileRef = 5229496D1A1DCD5E00A5A01C /* FLEXArgumentInputFontsPickerView.h */; };
		522949D81A1DCD5E00A5A01C /* FLEXArgumentInputFontsPickerView.m in Sources */ = {isa = PBXBuildFile; fileRef = 5229496E1A1DCD5E00A5A01C /* FLEXArgumentInputFontsPickerView.m */; };
		522949D91A1DCD5E00A5A01C /* FLEXArgumentInputFontView.h in Headers */ = {isa = PBXBuildFile; fileRef = 5229496F1A1DCD5E00A5A01C /* FLEXArgumentInputFontView.h */; };
		522949DA1A1DCD5E00A5A01C /* FLEXArgumentInputFontView.m in Sources */ = {isa = PBXBuildFile; fileRef = 522949701A1DCD5E00A5A01C /* FLEXArgumentInputFontView.m */; };
		522949DB1A1DCD5E00A5A01C /* FLEXArgumentInputJSONObjectView.h in Headers */ = {isa = PBXBuildFile; fileRef = 522949711A1DCD5E00A5A01C /* FLEXArgumentInputJSONObjectView.h */; };
		522949DC1A1DCD5E00A5A01C /* FLEXArgumentInputJSONObjectView.m in Sources */ = {isa = PBXBuildFile; fileRef = 522949721A1DCD5E00A5A01C /* FLEXArgumentInputJSONObjectView.m */; };
		522949DD1A1DCD5E00A5A01C /* FLEXArgumentInputNotSupportedView.h in Headers */ = {isa = PBXBuildFile; fileRef = 522949731A1DCD5E00A5A01C /* FLEXArgumentInputNotSupportedView.h */; };
		522949DE1A1DCD5E00A5A01C /* FLEXArgumentInputNotSupportedView.m in Sources */ = {isa = PBXBuildFile; fileRef = 522949741A1DCD5E00A5A01C /* FLEXArgumentInputNotSupportedView.m */; };
		522949DF1A1DCD5E00A5A01C /* FLEXArgumentInputNumberView.h in Headers */ = {isa = PBXBuildFile; fileRef = 522949751A1DCD5E00A5A01C /* FLEXArgumentInputNumberView.h */; };
		522949E01A1DCD5E00A5A01C /* FLEXArgumentInputNumberView.m in Sources */ = {isa = PBXBuildFile; fileRef = 522949761A1DCD5E00A5A01C /* FLEXArgumentInputNumberView.m */; };
		522949E11A1DCD5E00A5A01C /* FLEXArgumentInputStringView.h in Headers */ = {isa = PBXBuildFile; fileRef = 522949771A1DCD5E00A5A01C /* FLEXArgumentInputStringView.h */; };
		522949E21A1DCD5E00A5A01C /* FLEXArgumentInputStringView.m in Sources */ = {isa = PBXBuildFile; fileRef = 522949781A1DCD5E00A5A01C /* FLEXArgumentInputStringView.m */; };
		522949E31A1DCD5E00A5A01C /* FLEXArgumentInputStructView.h in Headers */ = {isa = PBXBuildFile; fileRef = 522949791A1DCD5E00A5A01C /* FLEXArgumentInputStructView.h */; };
		522949E41A1DCD5E00A5A01C /* FLEXArgumentInputStructView.m in Sources */ = {isa = PBXBuildFile; fileRef = 5229497A1A1DCD5E00A5A01C /* FLEXArgumentInputStructView.m */; };
		522949E51A1DCD5E00A5A01C /* FLEXArgumentInputSwitchView.h in Headers */ = {isa = PBXBuildFile; fileRef = 5229497B1A1DCD5E00A5A01C /* FLEXArgumentInputSwitchView.h */; };
		522949E61A1DCD5E00A5A01C /* FLEXArgumentInputSwitchView.m in Sources */ = {isa = PBXBuildFile; fileRef = 5229497C1A1DCD5E00A5A01C /* FLEXArgumentInputSwitchView.m */; };
		522949E71A1DCD5E00A5A01C /* FLEXArgumentInputTextView.h in Headers */ = {isa = PBXBuildFile; fileRef = 5229497D1A1DCD5E00A5A01C /* FLEXArgumentInputTextView.h */; };
		522949E81A1DCD5E00A5A01C /* FLEXArgumentInputTextView.m in Sources */ = {isa = PBXBuildFile; fileRef = 5229497E1A1DCD5E00A5A01C /* FLEXArgumentInputTextView.m */; };
		522949E91A1DCD5E00A5A01C /* FLEXArgumentInputView.h in Headers */ = {isa = PBXBuildFile; fileRef = 5229497F1A1DCD5E00A5A01C /* FLEXArgumentInputView.h */; };
		522949EA1A1DCD5E00A5A01C /* FLEXArgumentInputView.m in Sources */ = {isa = PBXBuildFile; fileRef = 522949801A1DCD5E00A5A01C /* FLEXArgumentInputView.m */; };
		522949EB1A1DCD5E00A5A01C /* FLEXArgumentInputViewFactory.h in Headers */ = {isa = PBXBuildFile; fileRef = 522949811A1DCD5E00A5A01C /* FLEXArgumentInputViewFactory.h */; };
		522949EC1A1DCD5E00A5A01C /* FLEXArgumentInputViewFactory.m in Sources */ = {isa = PBXBuildFile; fileRef = 522949821A1DCD5E00A5A01C /* FLEXArgumentInputViewFactory.m */; };
		522949ED1A1DCD5E00A5A01C /* FLEXDefaultEditorViewController.h in Headers */ = {isa = PBXBuildFile; fileRef = 522949831A1DCD5E00A5A01C /* FLEXDefaultEditorViewController.h */; };
		522949EE1A1DCD5E00A5A01C /* FLEXDefaultEditorViewController.m in Sources */ = {isa = PBXBuildFile; fileRef = 522949841A1DCD5E00A5A01C /* FLEXDefaultEditorViewController.m */; };
		522949EF1A1DCD5E00A5A01C /* FLEXFieldEditorView.h in Headers */ = {isa = PBXBuildFile; fileRef = 522949851A1DCD5E00A5A01C /* FLEXFieldEditorView.h */; };
		522949F01A1DCD5E00A5A01C /* FLEXFieldEditorView.m in Sources */ = {isa = PBXBuildFile; fileRef = 522949861A1DCD5E00A5A01C /* FLEXFieldEditorView.m */; };
		522949F11A1DCD5E00A5A01C /* FLEXFieldEditorViewController.h in Headers */ = {isa = PBXBuildFile; fileRef = 522949871A1DCD5E00A5A01C /* FLEXFieldEditorViewController.h */; };
		522949F21A1DCD5E00A5A01C /* FLEXFieldEditorViewController.m in Sources */ = {isa = PBXBuildFile; fileRef = 522949881A1DCD5E00A5A01C /* FLEXFieldEditorViewController.m */; };
		522949F31A1DCD5E00A5A01C /* FLEXIvarEditorViewController.h in Headers */ = {isa = PBXBuildFile; fileRef = 522949891A1DCD5E00A5A01C /* FLEXIvarEditorViewController.h */; };
		522949F41A1DCD5E00A5A01C /* FLEXIvarEditorViewController.m in Sources */ = {isa = PBXBuildFile; fileRef = 5229498A1A1DCD5E00A5A01C /* FLEXIvarEditorViewController.m */; };
		522949F51A1DCD5E00A5A01C /* FLEXMethodCallingViewController.h in Headers */ = {isa = PBXBuildFile; fileRef = 5229498B1A1DCD5E00A5A01C /* FLEXMethodCallingViewController.h */; };
		522949F61A1DCD5E00A5A01C /* FLEXMethodCallingViewController.m in Sources */ = {isa = PBXBuildFile; fileRef = 5229498C1A1DCD5E00A5A01C /* FLEXMethodCallingViewController.m */; };
		522949F71A1DCD5E00A5A01C /* FLEXPropertyEditorViewController.h in Headers */ = {isa = PBXBuildFile; fileRef = 5229498D1A1DCD5E00A5A01C /* FLEXPropertyEditorViewController.h */; };
		522949F81A1DCD5E00A5A01C /* FLEXPropertyEditorViewController.m in Sources */ = {isa = PBXBuildFile; fileRef = 5229498E1A1DCD5E00A5A01C /* FLEXPropertyEditorViewController.m */; };
		522949F91A1DCD5E00A5A01C /* FLEXExplorerToolbar.h in Headers */ = {isa = PBXBuildFile; fileRef = 522949901A1DCD5E00A5A01C /* FLEXExplorerToolbar.h */; };
		522949FA1A1DCD5E00A5A01C /* FLEXExplorerToolbar.m in Sources */ = {isa = PBXBuildFile; fileRef = 522949911A1DCD5E00A5A01C /* FLEXExplorerToolbar.m */; };
		522949FB1A1DCD5E00A5A01C /* FLEXExplorerViewController.h in Headers */ = {isa = PBXBuildFile; fileRef = 522949921A1DCD5E00A5A01C /* FLEXExplorerViewController.h */; };
		522949FC1A1DCD5E00A5A01C /* FLEXExplorerViewController.m in Sources */ = {isa = PBXBuildFile; fileRef = 522949931A1DCD5E00A5A01C /* FLEXExplorerViewController.m */; };
		522949FD1A1DCD5E00A5A01C /* FLEXManager+Private.h in Headers */ = {isa = PBXBuildFile; fileRef = 522949941A1DCD5E00A5A01C /* FLEXManager+Private.h */; };
		522949FE1A1DCD5E00A5A01C /* FLEXManager.h in Headers */ = {isa = PBXBuildFile; fileRef = 522949951A1DCD5E00A5A01C /* FLEXManager.h */; };
		522949FF1A1DCD5E00A5A01C /* FLEXManager.m in Sources */ = {isa = PBXBuildFile; fileRef = 522949961A1DCD5E00A5A01C /* FLEXManager.m */; };
		52294A001A1DCD5E00A5A01C /* FLEXToolbarItem.h in Headers */ = {isa = PBXBuildFile; fileRef = 522949971A1DCD5E00A5A01C /* FLEXToolbarItem.h */; };
		52294A011A1DCD5E00A5A01C /* FLEXToolbarItem.m in Sources */ = {isa = PBXBuildFile; fileRef = 522949981A1DCD5E00A5A01C /* FLEXToolbarItem.m */; };
		52294A021A1DCD5E00A5A01C /* FLEXWindow.h in Headers */ = {isa = PBXBuildFile; fileRef = 522949991A1DCD5E00A5A01C /* FLEXWindow.h */; };
		52294A031A1DCD5E00A5A01C /* FLEXWindow.m in Sources */ = {isa = PBXBuildFile; fileRef = 5229499A1A1DCD5E00A5A01C /* FLEXWindow.m */; };
		52294A041A1DCD5E00A5A01C /* FLEXClassesTableViewController.h in Headers */ = {isa = PBXBuildFile; fileRef = 5229499C1A1DCD5E00A5A01C /* FLEXClassesTableViewController.h */; };
		52294A051A1DCD5E00A5A01C /* FLEXClassesTableViewController.m in Sources */ = {isa = PBXBuildFile; fileRef = 5229499D1A1DCD5E00A5A01C /* FLEXClassesTableViewController.m */; };
		52294A061A1DCD5E00A5A01C /* FLEXFileBrowserSearchOperation.h in Headers */ = {isa = PBXBuildFile; fileRef = 5229499E1A1DCD5E00A5A01C /* FLEXFileBrowserSearchOperation.h */; };
		52294A071A1DCD5E00A5A01C /* FLEXFileBrowserSearchOperation.m in Sources */ = {isa = PBXBuildFile; fileRef = 5229499F1A1DCD5E00A5A01C /* FLEXFileBrowserSearchOperation.m */; };
		52294A081A1DCD5E00A5A01C /* FLEXFileBrowserTableViewController.h in Headers */ = {isa = PBXBuildFile; fileRef = 522949A01A1DCD5E00A5A01C /* FLEXFileBrowserTableViewController.h */; };
		52294A091A1DCD5E00A5A01C /* FLEXFileBrowserTableViewController.m in Sources */ = {isa = PBXBuildFile; fileRef = 522949A11A1DCD5E00A5A01C /* FLEXFileBrowserTableViewController.m */; };
		52294A0A1A1DCD5E00A5A01C /* FLEXGlobalsTableViewController.h in Headers */ = {isa = PBXBuildFile; fileRef = 522949A21A1DCD5E00A5A01C /* FLEXGlobalsTableViewController.h */; };
		52294A0B1A1DCD5E00A5A01C /* FLEXGlobalsTableViewController.m in Sources */ = {isa = PBXBuildFile; fileRef = 522949A31A1DCD5E00A5A01C /* FLEXGlobalsTableViewController.m */; };
		52294A0C1A1DCD5E00A5A01C /* FLEXInstancesTableViewController.h in Headers */ = {isa = PBXBuildFile; fileRef = 522949A41A1DCD5E00A5A01C /* FLEXInstancesTableViewController.h */; };
		52294A0D1A1DCD5E00A5A01C /* FLEXInstancesTableViewController.m in Sources */ = {isa = PBXBuildFile; fileRef = 522949A51A1DCD5E00A5A01C /* FLEXInstancesTableViewController.m */; };
		52294A0E1A1DCD5E00A5A01C /* FLEXLibrariesTableViewController.h in Headers */ = {isa = PBXBuildFile; fileRef = 522949A61A1DCD5E00A5A01C /* FLEXLibrariesTableViewController.h */; };
		52294A0F1A1DCD5E00A5A01C /* FLEXLibrariesTableViewController.m in Sources */ = {isa = PBXBuildFile; fileRef = 522949A71A1DCD5E00A5A01C /* FLEXLibrariesTableViewController.m */; };
		52294A101A1DCD5E00A5A01C /* FLEXLiveObjectsTableViewController.h in Headers */ = {isa = PBXBuildFile; fileRef = 522949A81A1DCD5E00A5A01C /* FLEXLiveObjectsTableViewController.h */; };
		52294A111A1DCD5E00A5A01C /* FLEXLiveObjectsTableViewController.m in Sources */ = {isa = PBXBuildFile; fileRef = 522949A91A1DCD5E00A5A01C /* FLEXLiveObjectsTableViewController.m */; };
		52294A121A1DCD5E00A5A01C /* FLEXWebViewController.h in Headers */ = {isa = PBXBuildFile; fileRef = 522949AA1A1DCD5E00A5A01C /* FLEXWebViewController.h */; };
		52294A131A1DCD5E00A5A01C /* FLEXWebViewController.m in Sources */ = {isa = PBXBuildFile; fileRef = 522949AB1A1DCD5E00A5A01C /* FLEXWebViewController.m */; };
		52294A141A1DCD5E00A5A01C /* FLEXArrayExplorerViewController.h in Headers */ = {isa = PBXBuildFile; fileRef = 522949AD1A1DCD5E00A5A01C /* FLEXArrayExplorerViewController.h */; };
		52294A151A1DCD5E00A5A01C /* FLEXArrayExplorerViewController.m in Sources */ = {isa = PBXBuildFile; fileRef = 522949AE1A1DCD5E00A5A01C /* FLEXArrayExplorerViewController.m */; };
		52294A161A1DCD5E00A5A01C /* FLEXClassExplorerViewController.h in Headers */ = {isa = PBXBuildFile; fileRef = 522949AF1A1DCD5E00A5A01C /* FLEXClassExplorerViewController.h */; };
		52294A171A1DCD5E00A5A01C /* FLEXClassExplorerViewController.m in Sources */ = {isa = PBXBuildFile; fileRef = 522949B01A1DCD5E00A5A01C /* FLEXClassExplorerViewController.m */; };
		52294A181A1DCD5E00A5A01C /* FLEXDefaultsExplorerViewController.h in Headers */ = {isa = PBXBuildFile; fileRef = 522949B11A1DCD5E00A5A01C /* FLEXDefaultsExplorerViewController.h */; };
		52294A191A1DCD5E00A5A01C /* FLEXDefaultsExplorerViewController.m in Sources */ = {isa = PBXBuildFile; fileRef = 522949B21A1DCD5E00A5A01C /* FLEXDefaultsExplorerViewController.m */; };
		52294A1A1A1DCD5E00A5A01C /* FLEXDescriptionTableViewCell.h in Headers */ = {isa = PBXBuildFile; fileRef = 522949B31A1DCD5E00A5A01C /* FLEXDescriptionTableViewCell.h */; };
		52294A1B1A1DCD5E00A5A01C /* FLEXDescriptionTableViewCell.m in Sources */ = {isa = PBXBuildFile; fileRef = 522949B41A1DCD5E00A5A01C /* FLEXDescriptionTableViewCell.m */; };
		52294A1C1A1DCD5E00A5A01C /* FLEXDictionaryExplorerViewController.h in Headers */ = {isa = PBXBuildFile; fileRef = 522949B51A1DCD5E00A5A01C /* FLEXDictionaryExplorerViewController.h */; };
		52294A1D1A1DCD5E00A5A01C /* FLEXDictionaryExplorerViewController.m in Sources */ = {isa = PBXBuildFile; fileRef = 522949B61A1DCD5E00A5A01C /* FLEXDictionaryExplorerViewController.m */; };
		52294A1E1A1DCD5E00A5A01C /* FLEXGlobalsTableViewControllerEntry.h in Headers */ = {isa = PBXBuildFile; fileRef = 522949B71A1DCD5E00A5A01C /* FLEXGlobalsTableViewControllerEntry.h */; };
		52294A1F1A1DCD5E00A5A01C /* FLEXGlobalsTableViewControllerEntry.m in Sources */ = {isa = PBXBuildFile; fileRef = 522949B81A1DCD5E00A5A01C /* FLEXGlobalsTableViewControllerEntry.m */; };
		52294A201A1DCD5E00A5A01C /* FLEXImageExplorerViewController.h in Headers */ = {isa = PBXBuildFile; fileRef = 522949B91A1DCD5E00A5A01C /* FLEXImageExplorerViewController.h */; };
		52294A211A1DCD5E00A5A01C /* FLEXImageExplorerViewController.m in Sources */ = {isa = PBXBuildFile; fileRef = 522949BA1A1DCD5E00A5A01C /* FLEXImageExplorerViewController.m */; };
		52294A221A1DCD5E00A5A01C /* FLEXObjectExplorerFactory.h in Headers */ = {isa = PBXBuildFile; fileRef = 522949BB1A1DCD5E00A5A01C /* FLEXObjectExplorerFactory.h */; };
		52294A231A1DCD5E00A5A01C /* FLEXObjectExplorerFactory.m in Sources */ = {isa = PBXBuildFile; fileRef = 522949BC1A1DCD5E00A5A01C /* FLEXObjectExplorerFactory.m */; };
		52294A241A1DCD5E00A5A01C /* FLEXObjectExplorerViewController.h in Headers */ = {isa = PBXBuildFile; fileRef = 522949BD1A1DCD5E00A5A01C /* FLEXObjectExplorerViewController.h */; };
		52294A251A1DCD5E00A5A01C /* FLEXObjectExplorerViewController.m in Sources */ = {isa = PBXBuildFile; fileRef = 522949BE1A1DCD5E00A5A01C /* FLEXObjectExplorerViewController.m */; };
		52294A261A1DCD5E00A5A01C /* FLEXSetExplorerViewController.h in Headers */ = {isa = PBXBuildFile; fileRef = 522949BF1A1DCD5E00A5A01C /* FLEXSetExplorerViewController.h */; };
		52294A271A1DCD5E00A5A01C /* FLEXSetExplorerViewController.m in Sources */ = {isa = PBXBuildFile; fileRef = 522949C01A1DCD5E00A5A01C /* FLEXSetExplorerViewController.m */; };
		52294A281A1DCD5E00A5A01C /* FLEXViewControllerExplorerViewController.h in Headers */ = {isa = PBXBuildFile; fileRef = 522949C11A1DCD5E00A5A01C /* FLEXViewControllerExplorerViewController.h */; };
		52294A291A1DCD5E00A5A01C /* FLEXViewControllerExplorerViewController.m in Sources */ = {isa = PBXBuildFile; fileRef = 522949C21A1DCD5E00A5A01C /* FLEXViewControllerExplorerViewController.m */; };
		52294A2A1A1DCD5E00A5A01C /* FLEXViewExplorerViewController.h in Headers */ = {isa = PBXBuildFile; fileRef = 522949C31A1DCD5E00A5A01C /* FLEXViewExplorerViewController.h */; };
		52294A2B1A1DCD5E00A5A01C /* FLEXViewExplorerViewController.m in Sources */ = {isa = PBXBuildFile; fileRef = 522949C41A1DCD5E00A5A01C /* FLEXViewExplorerViewController.m */; };
		52294A2C1A1DCD5E00A5A01C /* FLEXHeapEnumerator.h in Headers */ = {isa = PBXBuildFile; fileRef = 522949C61A1DCD5E00A5A01C /* FLEXHeapEnumerator.h */; };
		52294A2D1A1DCD5E00A5A01C /* FLEXHeapEnumerator.m in Sources */ = {isa = PBXBuildFile; fileRef = 522949C71A1DCD5E00A5A01C /* FLEXHeapEnumerator.m */; };
		52294A2E1A1DCD5E00A5A01C /* FLEXResources.h in Headers */ = {isa = PBXBuildFile; fileRef = 522949C81A1DCD5E00A5A01C /* FLEXResources.h */; };
		52294A2F1A1DCD5E00A5A01C /* FLEXResources.m in Sources */ = {isa = PBXBuildFile; fileRef = 522949C91A1DCD5E00A5A01C /* FLEXResources.m */; };
		52294A301A1DCD5E00A5A01C /* FLEXRuntimeUtility.h in Headers */ = {isa = PBXBuildFile; fileRef = 522949CA1A1DCD5E00A5A01C /* FLEXRuntimeUtility.h */; };
		52294A311A1DCD5E00A5A01C /* FLEXRuntimeUtility.m in Sources */ = {isa = PBXBuildFile; fileRef = 522949CB1A1DCD5E00A5A01C /* FLEXRuntimeUtility.m */; };
		52294A321A1DCD5E00A5A01C /* FLEXUtility.h in Headers */ = {isa = PBXBuildFile; fileRef = 522949CC1A1DCD5E00A5A01C /* FLEXUtility.h */; };
		52294A331A1DCD5E00A5A01C /* FLEXUtility.m in Sources */ = {isa = PBXBuildFile; fileRef = 522949CD1A1DCD5E00A5A01C /* FLEXUtility.m */; };
		52294A341A1DCD5E00A5A01C /* FLEXHierarchyTableViewCell.h in Headers */ = {isa = PBXBuildFile; fileRef = 522949CF1A1DCD5E00A5A01C /* FLEXHierarchyTableViewCell.h */; };
		52294A351A1DCD5E00A5A01C /* FLEXHierarchyTableViewCell.m in Sources */ = {isa = PBXBuildFile; fileRef = 522949D01A1DCD5E00A5A01C /* FLEXHierarchyTableViewCell.m */; };
		52294A361A1DCD5E00A5A01C /* FLEXHierarchyTableViewController.h in Headers */ = {isa = PBXBuildFile; fileRef = 522949D11A1DCD5E00A5A01C /* FLEXHierarchyTableViewController.h */; };
		52294A371A1DCD5E00A5A01C /* FLEXHierarchyTableViewController.m in Sources */ = {isa = PBXBuildFile; fileRef = 522949D21A1DCD5E00A5A01C /* FLEXHierarchyTableViewController.m */; };
		52294A381A1DCD5E00A5A01C /* FLEXImagePreviewViewController.h in Headers */ = {isa = PBXBuildFile; fileRef = 522949D31A1DCD5E00A5A01C /* FLEXImagePreviewViewController.h */; };
		52294A391A1DCD5E00A5A01C /* FLEXImagePreviewViewController.m in Sources */ = {isa = PBXBuildFile; fileRef = 522949D41A1DCD5E00A5A01C /* FLEXImagePreviewViewController.m */; };
		52294A3D1A1DCFA100A5A01C /* CoreGraphics.framework in Frameworks */ = {isa = PBXBuildFile; fileRef = 52294A3C1A1DCFA100A5A01C /* CoreGraphics.framework */; };
/* End PBXBuildFile section */

/* Begin PBXFileReference section */
		522949271A1DCB4500A5A01C /* liblibFLEX.dylib */ = {isa = PBXFileReference; explicitFileType = "compiled.mach-o.dylib"; includeInIndex = 0; path = liblibFLEX.dylib; sourceTree = BUILT_PRODUCTS_DIR; };
		5229492A1A1DCB4500A5A01C /* Foundation.framework */ = {isa = PBXFileReference; lastKnownFileType = wrapper.framework; name = Foundation.framework; path = System/Library/Frameworks/Foundation.framework; sourceTree = SDKROOT; };
		5229492C1A1DCB4500A5A01C /* UIKit.framework */ = {isa = PBXFileReference; lastKnownFileType = wrapper.framework; name = UIKit.framework; path = System/Library/Frameworks/UIKit.framework; sourceTree = SDKROOT; };
		522949321A1DCB4500A5A01C /* control */ = {isa = PBXFileReference; lastKnownFileType = text; name = control; path = Package/DEBIAN/control; sourceTree = "<group>"; };
		522949341A1DCB4500A5A01C /* PackageVersion.plist */ = {isa = PBXFileReference; lastKnownFileType = text.plist.xml; path = PackageVersion.plist; sourceTree = "<group>"; };
		522949351A1DCB4500A5A01C /* libFLEX-Prefix.pch */ = {isa = PBXFileReference; lastKnownFileType = sourcecode.c.h; path = "libFLEX-Prefix.pch"; sourceTree = "<group>"; };
		522949361A1DCB4500A5A01C /* libFLEX.h */ = {isa = PBXFileReference; lastKnownFileType = sourcecode.c.h; path = libFLEX.h; sourceTree = "<group>"; };
		522949381A1DCB4500A5A01C /* libFLEX.m */ = {isa = PBXFileReference; lastKnownFileType = sourcecode.c.objc; path = libFLEX.m; sourceTree = "<group>"; };
		5229496B1A1DCD5E00A5A01C /* FLEXArgumentInputColorView.h */ = {isa = PBXFileReference; fileEncoding = 4; lastKnownFileType = sourcecode.c.h; path = FLEXArgumentInputColorView.h; sourceTree = "<group>"; };
		5229496C1A1DCD5E00A5A01C /* FLEXArgumentInputColorView.m */ = {isa = PBXFileReference; fileEncoding = 4; lastKnownFileType = sourcecode.c.objc; path = FLEXArgumentInputColorView.m; sourceTree = "<group>"; };
		5229496D1A1DCD5E00A5A01C /* FLEXArgumentInputFontsPickerView.h */ = {isa = PBXFileReference; fileEncoding = 4; lastKnownFileType = sourcecode.c.h; path = FLEXArgumentInputFontsPickerView.h; sourceTree = "<group>"; };
		5229496E1A1DCD5E00A5A01C /* FLEXArgumentInputFontsPickerView.m */ = {isa = PBXFileReference; fileEncoding = 4; lastKnownFileType = sourcecode.c.objc; path = FLEXArgumentInputFontsPickerView.m; sourceTree = "<group>"; };
		5229496F1A1DCD5E00A5A01C /* FLEXArgumentInputFontView.h */ = {isa = PBXFileReference; fileEncoding = 4; lastKnownFileType = sourcecode.c.h; path = FLEXArgumentInputFontView.h; sourceTree = "<group>"; };
		522949701A1DCD5E00A5A01C /* FLEXArgumentInputFontView.m */ = {isa = PBXFileReference; fileEncoding = 4; lastKnownFileType = sourcecode.c.objc; path = FLEXArgumentInputFontView.m; sourceTree = "<group>"; };
		522949711A1DCD5E00A5A01C /* FLEXArgumentInputJSONObjectView.h */ = {isa = PBXFileReference; fileEncoding = 4; lastKnownFileType = sourcecode.c.h; path = FLEXArgumentInputJSONObjectView.h; sourceTree = "<group>"; };
		522949721A1DCD5E00A5A01C /* FLEXArgumentInputJSONObjectView.m */ = {isa = PBXFileReference; fileEncoding = 4; lastKnownFileType = sourcecode.c.objc; path = FLEXArgumentInputJSONObjectView.m; sourceTree = "<group>"; };
		522949731A1DCD5E00A5A01C /* FLEXArgumentInputNotSupportedView.h */ = {isa = PBXFileReference; fileEncoding = 4; lastKnownFileType = sourcecode.c.h; path = FLEXArgumentInputNotSupportedView.h; sourceTree = "<group>"; };
		522949741A1DCD5E00A5A01C /* FLEXArgumentInputNotSupportedView.m */ = {isa = PBXFileReference; fileEncoding = 4; lastKnownFileType = sourcecode.c.objc; path = FLEXArgumentInputNotSupportedView.m; sourceTree = "<group>"; };
		522949751A1DCD5E00A5A01C /* FLEXArgumentInputNumberView.h */ = {isa = PBXFileReference; fileEncoding = 4; lastKnownFileType = sourcecode.c.h; path = FLEXArgumentInputNumberView.h; sourceTree = "<group>"; };
		522949761A1DCD5E00A5A01C /* FLEXArgumentInputNumberView.m */ = {isa = PBXFileReference; fileEncoding = 4; lastKnownFileType = sourcecode.c.objc; path = FLEXArgumentInputNumberView.m; sourceTree = "<group>"; };
		522949771A1DCD5E00A5A01C /* FLEXArgumentInputStringView.h */ = {isa = PBXFileReference; fileEncoding = 4; lastKnownFileType = sourcecode.c.h; path = FLEXArgumentInputStringView.h; sourceTree = "<group>"; };
		522949781A1DCD5E00A5A01C /* FLEXArgumentInputStringView.m */ = {isa = PBXFileReference; fileEncoding = 4; lastKnownFileType = sourcecode.c.objc; path = FLEXArgumentInputStringView.m; sourceTree = "<group>"; };
		522949791A1DCD5E00A5A01C /* FLEXArgumentInputStructView.h */ = {isa = PBXFileReference; fileEncoding = 4; lastKnownFileType = sourcecode.c.h; path = FLEXArgumentInputStructView.h; sourceTree = "<group>"; };
		5229497A1A1DCD5E00A5A01C /* FLEXArgumentInputStructView.m */ = {isa = PBXFileReference; fileEncoding = 4; lastKnownFileType = sourcecode.c.objc; path = FLEXArgumentInputStructView.m; sourceTree = "<group>"; };
		5229497B1A1DCD5E00A5A01C /* FLEXArgumentInputSwitchView.h */ = {isa = PBXFileReference; fileEncoding = 4; lastKnownFileType = sourcecode.c.h; path = FLEXArgumentInputSwitchView.h; sourceTree = "<group>"; };
		5229497C1A1DCD5E00A5A01C /* FLEXArgumentInputSwitchView.m */ = {isa = PBXFileReference; fileEncoding = 4; lastKnownFileType = sourcecode.c.objc; path = FLEXArgumentInputSwitchView.m; sourceTree = "<group>"; };
		5229497D1A1DCD5E00A5A01C /* FLEXArgumentInputTextView.h */ = {isa = PBXFileReference; fileEncoding = 4; lastKnownFileType = sourcecode.c.h; path = FLEXArgumentInputTextView.h; sourceTree = "<group>"; };
		5229497E1A1DCD5E00A5A01C /* FLEXArgumentInputTextView.m */ = {isa = PBXFileReference; fileEncoding = 4; lastKnownFileType = sourcecode.c.objc; path = FLEXArgumentInputTextView.m; sourceTree = "<group>"; };
		5229497F1A1DCD5E00A5A01C /* FLEXArgumentInputView.h */ = {isa = PBXFileReference; fileEncoding = 4; lastKnownFileType = sourcecode.c.h; path = FLEXArgumentInputView.h; sourceTree = "<group>"; };
		522949801A1DCD5E00A5A01C /* FLEXArgumentInputView.m */ = {isa = PBXFileReference; fileEncoding = 4; lastKnownFileType = sourcecode.c.objc; path = FLEXArgumentInputView.m; sourceTree = "<group>"; };
		522949811A1DCD5E00A5A01C /* FLEXArgumentInputViewFactory.h */ = {isa = PBXFileReference; fileEncoding = 4; lastKnownFileType = sourcecode.c.h; path = FLEXArgumentInputViewFactory.h; sourceTree = "<group>"; };
		522949821A1DCD5E00A5A01C /* FLEXArgumentInputViewFactory.m */ = {isa = PBXFileReference; fileEncoding = 4; lastKnownFileType = sourcecode.c.objc; path = FLEXArgumentInputViewFactory.m; sourceTree = "<group>"; };
		522949831A1DCD5E00A5A01C /* FLEXDefaultEditorViewController.h */ = {isa = PBXFileReference; fileEncoding = 4; lastKnownFileType = sourcecode.c.h; path = FLEXDefaultEditorViewController.h; sourceTree = "<group>"; };
		522949841A1DCD5E00A5A01C /* FLEXDefaultEditorViewController.m */ = {isa = PBXFileReference; fileEncoding = 4; lastKnownFileType = sourcecode.c.objc; path = FLEXDefaultEditorViewController.m; sourceTree = "<group>"; };
		522949851A1DCD5E00A5A01C /* FLEXFieldEditorView.h */ = {isa = PBXFileReference; fileEncoding = 4; lastKnownFileType = sourcecode.c.h; path = FLEXFieldEditorView.h; sourceTree = "<group>"; };
		522949861A1DCD5E00A5A01C /* FLEXFieldEditorView.m */ = {isa = PBXFileReference; fileEncoding = 4; lastKnownFileType = sourcecode.c.objc; path = FLEXFieldEditorView.m; sourceTree = "<group>"; };
		522949871A1DCD5E00A5A01C /* FLEXFieldEditorViewController.h */ = {isa = PBXFileReference; fileEncoding = 4; lastKnownFileType = sourcecode.c.h; path = FLEXFieldEditorViewController.h; sourceTree = "<group>"; };
		522949881A1DCD5E00A5A01C /* FLEXFieldEditorViewController.m */ = {isa = PBXFileReference; fileEncoding = 4; lastKnownFileType = sourcecode.c.objc; path = FLEXFieldEditorViewController.m; sourceTree = "<group>"; };
		522949891A1DCD5E00A5A01C /* FLEXIvarEditorViewController.h */ = {isa = PBXFileReference; fileEncoding = 4; lastKnownFileType = sourcecode.c.h; path = FLEXIvarEditorViewController.h; sourceTree = "<group>"; };
		5229498A1A1DCD5E00A5A01C /* FLEXIvarEditorViewController.m */ = {isa = PBXFileReference; fileEncoding = 4; lastKnownFileType = sourcecode.c.objc; path = FLEXIvarEditorViewController.m; sourceTree = "<group>"; };
		5229498B1A1DCD5E00A5A01C /* FLEXMethodCallingViewController.h */ = {isa = PBXFileReference; fileEncoding = 4; lastKnownFileType = sourcecode.c.h; path = FLEXMethodCallingViewController.h; sourceTree = "<group>"; };
		5229498C1A1DCD5E00A5A01C /* FLEXMethodCallingViewController.m */ = {isa = PBXFileReference; fileEncoding = 4; lastKnownFileType = sourcecode.c.objc; path = FLEXMethodCallingViewController.m; sourceTree = "<group>"; };
		5229498D1A1DCD5E00A5A01C /* FLEXPropertyEditorViewController.h */ = {isa = PBXFileReference; fileEncoding = 4; lastKnownFileType = sourcecode.c.h; path = FLEXPropertyEditorViewController.h; sourceTree = "<group>"; };
		5229498E1A1DCD5E00A5A01C /* FLEXPropertyEditorViewController.m */ = {isa = PBXFileReference; fileEncoding = 4; lastKnownFileType = sourcecode.c.objc; path = FLEXPropertyEditorViewController.m; sourceTree = "<group>"; };
		522949901A1DCD5E00A5A01C /* FLEXExplorerToolbar.h */ = {isa = PBXFileReference; fileEncoding = 4; lastKnownFileType = sourcecode.c.h; path = FLEXExplorerToolbar.h; sourceTree = "<group>"; };
		522949911A1DCD5E00A5A01C /* FLEXExplorerToolbar.m */ = {isa = PBXFileReference; fileEncoding = 4; lastKnownFileType = sourcecode.c.objc; path = FLEXExplorerToolbar.m; sourceTree = "<group>"; };
		522949921A1DCD5E00A5A01C /* FLEXExplorerViewController.h */ = {isa = PBXFileReference; fileEncoding = 4; lastKnownFileType = sourcecode.c.h; path = FLEXExplorerViewController.h; sourceTree = "<group>"; };
		522949931A1DCD5E00A5A01C /* FLEXExplorerViewController.m */ = {isa = PBXFileReference; fileEncoding = 4; lastKnownFileType = sourcecode.c.objc; path = FLEXExplorerViewController.m; sourceTree = "<group>"; };
		522949941A1DCD5E00A5A01C /* FLEXManager+Private.h */ = {isa = PBXFileReference; fileEncoding = 4; lastKnownFileType = sourcecode.c.h; path = "FLEXManager+Private.h"; sourceTree = "<group>"; };
		522949951A1DCD5E00A5A01C /* FLEXManager.h */ = {isa = PBXFileReference; fileEncoding = 4; lastKnownFileType = sourcecode.c.h; path = FLEXManager.h; sourceTree = "<group>"; };
		522949961A1DCD5E00A5A01C /* FLEXManager.m */ = {isa = PBXFileReference; fileEncoding = 4; lastKnownFileType = sourcecode.c.objc; path = FLEXManager.m; sourceTree = "<group>"; };
		522949971A1DCD5E00A5A01C /* FLEXToolbarItem.h */ = {isa = PBXFileReference; fileEncoding = 4; lastKnownFileType = sourcecode.c.h; path = FLEXToolbarItem.h; sourceTree = "<group>"; };
		522949981A1DCD5E00A5A01C /* FLEXToolbarItem.m */ = {isa = PBXFileReference; fileEncoding = 4; lastKnownFileType = sourcecode.c.objc; path = FLEXToolbarItem.m; sourceTree = "<group>"; };
		522949991A1DCD5E00A5A01C /* FLEXWindow.h */ = {isa = PBXFileReference; fileEncoding = 4; lastKnownFileType = sourcecode.c.h; path = FLEXWindow.h; sourceTree = "<group>"; };
		5229499A1A1DCD5E00A5A01C /* FLEXWindow.m */ = {isa = PBXFileReference; fileEncoding = 4; lastKnownFileType = sourcecode.c.objc; path = FLEXWindow.m; sourceTree = "<group>"; };
		5229499C1A1DCD5E00A5A01C /* FLEXClassesTableViewController.h */ = {isa = PBXFileReference; fileEncoding = 4; lastKnownFileType = sourcecode.c.h; path = FLEXClassesTableViewController.h; sourceTree = "<group>"; };
		5229499D1A1DCD5E00A5A01C /* FLEXClassesTableViewController.m */ = {isa = PBXFileReference; fileEncoding = 4; lastKnownFileType = sourcecode.c.objc; path = FLEXClassesTableViewController.m; sourceTree = "<group>"; };
		5229499E1A1DCD5E00A5A01C /* FLEXFileBrowserSearchOperation.h */ = {isa = PBXFileReference; fileEncoding = 4; lastKnownFileType = sourcecode.c.h; path = FLEXFileBrowserSearchOperation.h; sourceTree = "<group>"; };
		5229499F1A1DCD5E00A5A01C /* FLEXFileBrowserSearchOperation.m */ = {isa = PBXFileReference; fileEncoding = 4; lastKnownFileType = sourcecode.c.objc; path = FLEXFileBrowserSearchOperation.m; sourceTree = "<group>"; };
		522949A01A1DCD5E00A5A01C /* FLEXFileBrowserTableViewController.h */ = {isa = PBXFileReference; fileEncoding = 4; lastKnownFileType = sourcecode.c.h; path = FLEXFileBrowserTableViewController.h; sourceTree = "<group>"; };
		522949A11A1DCD5E00A5A01C /* FLEXFileBrowserTableViewController.m */ = {isa = PBXFileReference; fileEncoding = 4; lastKnownFileType = sourcecode.c.objc; path = FLEXFileBrowserTableViewController.m; sourceTree = "<group>"; };
		522949A21A1DCD5E00A5A01C /* FLEXGlobalsTableViewController.h */ = {isa = PBXFileReference; fileEncoding = 4; lastKnownFileType = sourcecode.c.h; path = FLEXGlobalsTableViewController.h; sourceTree = "<group>"; };
		522949A31A1DCD5E00A5A01C /* FLEXGlobalsTableViewController.m */ = {isa = PBXFileReference; fileEncoding = 4; lastKnownFileType = sourcecode.c.objc; path = FLEXGlobalsTableViewController.m; sourceTree = "<group>"; };
		522949A41A1DCD5E00A5A01C /* FLEXInstancesTableViewController.h */ = {isa = PBXFileReference; fileEncoding = 4; lastKnownFileType = sourcecode.c.h; path = FLEXInstancesTableViewController.h; sourceTree = "<group>"; };
		522949A51A1DCD5E00A5A01C /* FLEXInstancesTableViewController.m */ = {isa = PBXFileReference; fileEncoding = 4; lastKnownFileType = sourcecode.c.objc; path = FLEXInstancesTableViewController.m; sourceTree = "<group>"; };
		522949A61A1DCD5E00A5A01C /* FLEXLibrariesTableViewController.h */ = {isa = PBXFileReference; fileEncoding = 4; lastKnownFileType = sourcecode.c.h; path = FLEXLibrariesTableViewController.h; sourceTree = "<group>"; };
		522949A71A1DCD5E00A5A01C /* FLEXLibrariesTableViewController.m */ = {isa = PBXFileReference; fileEncoding = 4; lastKnownFileType = sourcecode.c.objc; path = FLEXLibrariesTableViewController.m; sourceTree = "<group>"; };
		522949A81A1DCD5E00A5A01C /* FLEXLiveObjectsTableViewController.h */ = {isa = PBXFileReference; fileEncoding = 4; lastKnownFileType = sourcecode.c.h; path = FLEXLiveObjectsTableViewController.h; sourceTree = "<group>"; };
		522949A91A1DCD5E00A5A01C /* FLEXLiveObjectsTableViewController.m */ = {isa = PBXFileReference; fileEncoding = 4; lastKnownFileType = sourcecode.c.objc; path = FLEXLiveObjectsTableViewController.m; sourceTree = "<group>"; };
		522949AA1A1DCD5E00A5A01C /* FLEXWebViewController.h */ = {isa = PBXFileReference; fileEncoding = 4; lastKnownFileType = sourcecode.c.h; path = FLEXWebViewController.h; sourceTree = "<group>"; };
		522949AB1A1DCD5E00A5A01C /* FLEXWebViewController.m */ = {isa = PBXFileReference; fileEncoding = 4; lastKnownFileType = sourcecode.c.objc; path = FLEXWebViewController.m; sourceTree = "<group>"; };
		522949AD1A1DCD5E00A5A01C /* FLEXArrayExplorerViewController.h */ = {isa = PBXFileReference; fileEncoding = 4; lastKnownFileType = sourcecode.c.h; path = FLEXArrayExplorerViewController.h; sourceTree = "<group>"; };
		522949AE1A1DCD5E00A5A01C /* FLEXArrayExplorerViewController.m */ = {isa = PBXFileReference; fileEncoding = 4; lastKnownFileType = sourcecode.c.objc; path = FLEXArrayExplorerViewController.m; sourceTree = "<group>"; };
		522949AF1A1DCD5E00A5A01C /* FLEXClassExplorerViewController.h */ = {isa = PBXFileReference; fileEncoding = 4; lastKnownFileType = sourcecode.c.h; path = FLEXClassExplorerViewController.h; sourceTree = "<group>"; };
		522949B01A1DCD5E00A5A01C /* FLEXClassExplorerViewController.m */ = {isa = PBXFileReference; fileEncoding = 4; lastKnownFileType = sourcecode.c.objc; path = FLEXClassExplorerViewController.m; sourceTree = "<group>"; };
		522949B11A1DCD5E00A5A01C /* FLEXDefaultsExplorerViewController.h */ = {isa = PBXFileReference; fileEncoding = 4; lastKnownFileType = sourcecode.c.h; path = FLEXDefaultsExplorerViewController.h; sourceTree = "<group>"; };
		522949B21A1DCD5E00A5A01C /* FLEXDefaultsExplorerViewController.m */ = {isa = PBXFileReference; fileEncoding = 4; lastKnownFileType = sourcecode.c.objc; path = FLEXDefaultsExplorerViewController.m; sourceTree = "<group>"; };
		522949B31A1DCD5E00A5A01C /* FLEXDescriptionTableViewCell.h */ = {isa = PBXFileReference; fileEncoding = 4; lastKnownFileType = sourcecode.c.h; path = FLEXDescriptionTableViewCell.h; sourceTree = "<group>"; };
		522949B41A1DCD5E00A5A01C /* FLEXDescriptionTableViewCell.m */ = {isa = PBXFileReference; fileEncoding = 4; lastKnownFileType = sourcecode.c.objc; path = FLEXDescriptionTableViewCell.m; sourceTree = "<group>"; };
		522949B51A1DCD5E00A5A01C /* FLEXDictionaryExplorerViewController.h */ = {isa = PBXFileReference; fileEncoding = 4; lastKnownFileType = sourcecode.c.h; path = FLEXDictionaryExplorerViewController.h; sourceTree = "<group>"; };
		522949B61A1DCD5E00A5A01C /* FLEXDictionaryExplorerViewController.m */ = {isa = PBXFileReference; fileEncoding = 4; lastKnownFileType = sourcecode.c.objc; path = FLEXDictionaryExplorerViewController.m; sourceTree = "<group>"; };
		522949B71A1DCD5E00A5A01C /* FLEXGlobalsTableViewControllerEntry.h */ = {isa = PBXFileReference; fileEncoding = 4; lastKnownFileType = sourcecode.c.h; path = FLEXGlobalsTableViewControllerEntry.h; sourceTree = "<group>"; };
		522949B81A1DCD5E00A5A01C /* FLEXGlobalsTableViewControllerEntry.m */ = {isa = PBXFileReference; fileEncoding = 4; lastKnownFileType = sourcecode.c.objc; path = FLEXGlobalsTableViewControllerEntry.m; sourceTree = "<group>"; };
		522949B91A1DCD5E00A5A01C /* FLEXImageExplorerViewController.h */ = {isa = PBXFileReference; fileEncoding = 4; lastKnownFileType = sourcecode.c.h; path = FLEXImageExplorerViewController.h; sourceTree = "<group>"; };
		522949BA1A1DCD5E00A5A01C /* FLEXImageExplorerViewController.m */ = {isa = PBXFileReference; fileEncoding = 4; lastKnownFileType = sourcecode.c.objc; path = FLEXImageExplorerViewController.m; sourceTree = "<group>"; };
		522949BB1A1DCD5E00A5A01C /* FLEXObjectExplorerFactory.h */ = {isa = PBXFileReference; fileEncoding = 4; lastKnownFileType = sourcecode.c.h; path = FLEXObjectExplorerFactory.h; sourceTree = "<group>"; };
		522949BC1A1DCD5E00A5A01C /* FLEXObjectExplorerFactory.m */ = {isa = PBXFileReference; fileEncoding = 4; lastKnownFileType = sourcecode.c.objc; path = FLEXObjectExplorerFactory.m; sourceTree = "<group>"; };
		522949BD1A1DCD5E00A5A01C /* FLEXObjectExplorerViewController.h */ = {isa = PBXFileReference; fileEncoding = 4; lastKnownFileType = sourcecode.c.h; path = FLEXObjectExplorerViewController.h; sourceTree = "<group>"; };
		522949BE1A1DCD5E00A5A01C /* FLEXObjectExplorerViewController.m */ = {isa = PBXFileReference; fileEncoding = 4; lastKnownFileType = sourcecode.c.objc; path = FLEXObjectExplorerViewController.m; sourceTree = "<group>"; };
		522949BF1A1DCD5E00A5A01C /* FLEXSetExplorerViewController.h */ = {isa = PBXFileReference; fileEncoding = 4; lastKnownFileType = sourcecode.c.h; path = FLEXSetExplorerViewController.h; sourceTree = "<group>"; };
		522949C01A1DCD5E00A5A01C /* FLEXSetExplorerViewController.m */ = {isa = PBXFileReference; fileEncoding = 4; lastKnownFileType = sourcecode.c.objc; path = FLEXSetExplorerViewController.m; sourceTree = "<group>"; };
		522949C11A1DCD5E00A5A01C /* FLEXViewControllerExplorerViewController.h */ = {isa = PBXFileReference; fileEncoding = 4; lastKnownFileType = sourcecode.c.h; path = FLEXViewControllerExplorerViewController.h; sourceTree = "<group>"; };
		522949C21A1DCD5E00A5A01C /* FLEXViewControllerExplorerViewController.m */ = {isa = PBXFileReference; fileEncoding = 4; lastKnownFileType = sourcecode.c.objc; path = FLEXViewControllerExplorerViewController.m; sourceTree = "<group>"; };
		522949C31A1DCD5E00A5A01C /* FLEXViewExplorerViewController.h */ = {isa = PBXFileReference; fileEncoding = 4; lastKnownFileType = sourcecode.c.h; path = FLEXViewExplorerViewController.h; sourceTree = "<group>"; };
		522949C41A1DCD5E00A5A01C /* FLEXViewExplorerViewController.m */ = {isa = PBXFileReference; fileEncoding = 4; lastKnownFileType = sourcecode.c.objc; path = FLEXViewExplorerViewController.m; sourceTree = "<group>"; };
		522949C61A1DCD5E00A5A01C /* FLEXHeapEnumerator.h */ = {isa = PBXFileReference; fileEncoding = 4; lastKnownFileType = sourcecode.c.h; path = FLEXHeapEnumerator.h; sourceTree = "<group>"; };
		522949C71A1DCD5E00A5A01C /* FLEXHeapEnumerator.m */ = {isa = PBXFileReference; fileEncoding = 4; lastKnownFileType = sourcecode.c.objc; path = FLEXHeapEnumerator.m; sourceTree = "<group>"; };
		522949C81A1DCD5E00A5A01C /* FLEXResources.h */ = {isa = PBXFileReference; fileEncoding = 4; lastKnownFileType = sourcecode.c.h; path = FLEXResources.h; sourceTree = "<group>"; };
		522949C91A1DCD5E00A5A01C /* FLEXResources.m */ = {isa = PBXFileReference; fileEncoding = 4; lastKnownFileType = sourcecode.c.objc; path = FLEXResources.m; sourceTree = "<group>"; };
		522949CA1A1DCD5E00A5A01C /* FLEXRuntimeUtility.h */ = {isa = PBXFileReference; fileEncoding = 4; lastKnownFileType = sourcecode.c.h; path = FLEXRuntimeUtility.h; sourceTree = "<group>"; };
		522949CB1A1DCD5E00A5A01C /* FLEXRuntimeUtility.m */ = {isa = PBXFileReference; fileEncoding = 4; lastKnownFileType = sourcecode.c.objc; path = FLEXRuntimeUtility.m; sourceTree = "<group>"; };
		522949CC1A1DCD5E00A5A01C /* FLEXUtility.h */ = {isa = PBXFileReference; fileEncoding = 4; lastKnownFileType = sourcecode.c.h; path = FLEXUtility.h; sourceTree = "<group>"; };
		522949CD1A1DCD5E00A5A01C /* FLEXUtility.m */ = {isa = PBXFileReference; fileEncoding = 4; lastKnownFileType = sourcecode.c.objc; path = FLEXUtility.m; sourceTree = "<group>"; };
		522949CF1A1DCD5E00A5A01C /* FLEXHierarchyTableViewCell.h */ = {isa = PBXFileReference; fileEncoding = 4; lastKnownFileType = sourcecode.c.h; path = FLEXHierarchyTableViewCell.h; sourceTree = "<group>"; };
		522949D01A1DCD5E00A5A01C /* FLEXHierarchyTableViewCell.m */ = {isa = PBXFileReference; fileEncoding = 4; lastKnownFileType = sourcecode.c.objc; path = FLEXHierarchyTableViewCell.m; sourceTree = "<group>"; };
		522949D11A1DCD5E00A5A01C /* FLEXHierarchyTableViewController.h */ = {isa = PBXFileReference; fileEncoding = 4; lastKnownFileType = sourcecode.c.h; path = FLEXHierarchyTableViewController.h; sourceTree = "<group>"; };
		522949D21A1DCD5E00A5A01C /* FLEXHierarchyTableViewController.m */ = {isa = PBXFileReference; fileEncoding = 4; lastKnownFileType = sourcecode.c.objc; path = FLEXHierarchyTableViewController.m; sourceTree = "<group>"; };
		522949D31A1DCD5E00A5A01C /* FLEXImagePreviewViewController.h */ = {isa = PBXFileReference; fileEncoding = 4; lastKnownFileType = sourcecode.c.h; path = FLEXImagePreviewViewController.h; sourceTree = "<group>"; };
		522949D41A1DCD5E00A5A01C /* FLEXImagePreviewViewController.m */ = {isa = PBXFileReference; fileEncoding = 4; lastKnownFileType = sourcecode.c.objc; path = FLEXImagePreviewViewController.m; sourceTree = "<group>"; };
		52294A3C1A1DCFA100A5A01C /* CoreGraphics.framework */ = {isa = PBXFileReference; lastKnownFileType = wrapper.framework; name = CoreGraphics.framework; path = System/Library/Frameworks/CoreGraphics.framework; sourceTree = SDKROOT; };
/* End PBXFileReference section */

/* Begin PBXFrameworksBuildPhase section */
		522949231A1DCB4500A5A01C /* Frameworks */ = {
			isa = PBXFrameworksBuildPhase;
			buildActionMask = 2147483647;
			files = (
				52294A3D1A1DCFA100A5A01C /* CoreGraphics.framework in Frameworks */,
				5229492B1A1DCB4500A5A01C /* Foundation.framework in Frameworks */,
				5229492D1A1DCB4500A5A01C /* UIKit.framework in Frameworks */,
			);
			runOnlyForDeploymentPostprocessing = 0;
		};
/* End PBXFrameworksBuildPhase section */

/* Begin PBXGroup section */
		5229491D1A1DCB4500A5A01C = {
			isa = PBXGroup;
			children = (
				5229492E1A1DCB4500A5A01C /* libFLEX */,
				522949291A1DCB4500A5A01C /* Frameworks */,
				522949281A1DCB4500A5A01C /* Products */,
			);
			sourceTree = "<group>";
		};
		522949281A1DCB4500A5A01C /* Products */ = {
			isa = PBXGroup;
			children = (
				522949271A1DCB4500A5A01C /* liblibFLEX.dylib */,
			);
			name = Products;
			sourceTree = "<group>";
		};
		522949291A1DCB4500A5A01C /* Frameworks */ = {
			isa = PBXGroup;
			children = (
				52294A3C1A1DCFA100A5A01C /* CoreGraphics.framework */,
				5229492A1A1DCB4500A5A01C /* Foundation.framework */,
				5229492C1A1DCB4500A5A01C /* UIKit.framework */,
			);
			name = Frameworks;
			sourceTree = "<group>";
		};
		5229492E1A1DCB4500A5A01C /* libFLEX */ = {
			isa = PBXGroup;
			children = (
				522949681A1DCD5E00A5A01C /* Classes */,
				522949361A1DCB4500A5A01C /* libFLEX.h */,
				522949381A1DCB4500A5A01C /* libFLEX.m */,
				5229492F1A1DCB4500A5A01C /* Package */,
				522949331A1DCB4500A5A01C /* Supporting Files */,
			);
			path = libFLEX;
			sourceTree = "<group>";
		};
		5229492F1A1DCB4500A5A01C /* Package */ = {
			isa = PBXGroup;
			children = (
				522949301A1DCB4500A5A01C /* DEBIAN */,
				5229493A1A1DCB4500A5A01C /* usr */,
			);
			name = Package;
			sourceTree = "<group>";
		};
		522949301A1DCB4500A5A01C /* DEBIAN */ = {
			isa = PBXGroup;
			children = (
				522949321A1DCB4500A5A01C /* control */,
			);
			name = DEBIAN;
			sourceTree = "<group>";
		};
		522949331A1DCB4500A5A01C /* Supporting Files */ = {
			isa = PBXGroup;
			children = (
				522949341A1DCB4500A5A01C /* PackageVersion.plist */,
				522949351A1DCB4500A5A01C /* libFLEX-Prefix.pch */,
			);
			name = "Supporting Files";
			sourceTree = "<group>";
		};
		5229493A1A1DCB4500A5A01C /* usr */ = {
			isa = PBXGroup;
			children = (
				5229493B1A1DCB4500A5A01C /* lib */,
			);
			name = usr;
			sourceTree = "<group>";
		};
		5229493B1A1DCB4500A5A01C /* lib */ = {
			isa = PBXGroup;
			children = (
			);
			name = lib;
			sourceTree = "<group>";
		};
		522949681A1DCD5E00A5A01C /* Classes */ = {
			isa = PBXGroup;
			children = (
				522949691A1DCD5E00A5A01C /* Editing */,
				5229498F1A1DCD5E00A5A01C /* Explorer Toolbar */,
				5229499B1A1DCD5E00A5A01C /* Global State Explorers */,
				522949AC1A1DCD5E00A5A01C /* Object Explorers */,
				522949C51A1DCD5E00A5A01C /* Utility */,
				522949CE1A1DCD5E00A5A01C /* View Hierarchy */,
			);
			name = Classes;
			path = ../../../Classes;
			sourceTree = "<group>";
		};
		522949691A1DCD5E00A5A01C /* Editing */ = {
			isa = PBXGroup;
			children = (
				5229496A1A1DCD5E00A5A01C /* Argument Input Views */,
				522949831A1DCD5E00A5A01C /* FLEXDefaultEditorViewController.h */,
				522949841A1DCD5E00A5A01C /* FLEXDefaultEditorViewController.m */,
				522949851A1DCD5E00A5A01C /* FLEXFieldEditorView.h */,
				522949861A1DCD5E00A5A01C /* FLEXFieldEditorView.m */,
				522949871A1DCD5E00A5A01C /* FLEXFieldEditorViewController.h */,
				522949881A1DCD5E00A5A01C /* FLEXFieldEditorViewController.m */,
				522949891A1DCD5E00A5A01C /* FLEXIvarEditorViewController.h */,
				5229498A1A1DCD5E00A5A01C /* FLEXIvarEditorViewController.m */,
				5229498B1A1DCD5E00A5A01C /* FLEXMethodCallingViewController.h */,
				5229498C1A1DCD5E00A5A01C /* FLEXMethodCallingViewController.m */,
				5229498D1A1DCD5E00A5A01C /* FLEXPropertyEditorViewController.h */,
				5229498E1A1DCD5E00A5A01C /* FLEXPropertyEditorViewController.m */,
			);
			path = Editing;
			sourceTree = "<group>";
		};
		5229496A1A1DCD5E00A5A01C /* Argument Input Views */ = {
			isa = PBXGroup;
			children = (
				5229496B1A1DCD5E00A5A01C /* FLEXArgumentInputColorView.h */,
				5229496C1A1DCD5E00A5A01C /* FLEXArgumentInputColorView.m */,
				5229496D1A1DCD5E00A5A01C /* FLEXArgumentInputFontsPickerView.h */,
				5229496E1A1DCD5E00A5A01C /* FLEXArgumentInputFontsPickerView.m */,
				5229496F1A1DCD5E00A5A01C /* FLEXArgumentInputFontView.h */,
				522949701A1DCD5E00A5A01C /* FLEXArgumentInputFontView.m */,
				522949711A1DCD5E00A5A01C /* FLEXArgumentInputJSONObjectView.h */,
				522949721A1DCD5E00A5A01C /* FLEXArgumentInputJSONObjectView.m */,
				522949731A1DCD5E00A5A01C /* FLEXArgumentInputNotSupportedView.h */,
				522949741A1DCD5E00A5A01C /* FLEXArgumentInputNotSupportedView.m */,
				522949751A1DCD5E00A5A01C /* FLEXArgumentInputNumberView.h */,
				522949761A1DCD5E00A5A01C /* FLEXArgumentInputNumberView.m */,
				522949771A1DCD5E00A5A01C /* FLEXArgumentInputStringView.h */,
				522949781A1DCD5E00A5A01C /* FLEXArgumentInputStringView.m */,
				522949791A1DCD5E00A5A01C /* FLEXArgumentInputStructView.h */,
				5229497A1A1DCD5E00A5A01C /* FLEXArgumentInputStructView.m */,
				5229497B1A1DCD5E00A5A01C /* FLEXArgumentInputSwitchView.h */,
				5229497C1A1DCD5E00A5A01C /* FLEXArgumentInputSwitchView.m */,
				5229497D1A1DCD5E00A5A01C /* FLEXArgumentInputTextView.h */,
				5229497E1A1DCD5E00A5A01C /* FLEXArgumentInputTextView.m */,
				5229497F1A1DCD5E00A5A01C /* FLEXArgumentInputView.h */,
				522949801A1DCD5E00A5A01C /* FLEXArgumentInputView.m */,
				522949811A1DCD5E00A5A01C /* FLEXArgumentInputViewFactory.h */,
				522949821A1DCD5E00A5A01C /* FLEXArgumentInputViewFactory.m */,
			);
			path = "Argument Input Views";
			sourceTree = "<group>";
		};
		5229498F1A1DCD5E00A5A01C /* Explorer Toolbar */ = {
			isa = PBXGroup;
			children = (
				522949901A1DCD5E00A5A01C /* FLEXExplorerToolbar.h */,
				522949911A1DCD5E00A5A01C /* FLEXExplorerToolbar.m */,
				522949921A1DCD5E00A5A01C /* FLEXExplorerViewController.h */,
				522949931A1DCD5E00A5A01C /* FLEXExplorerViewController.m */,
				522949941A1DCD5E00A5A01C /* FLEXManager+Private.h */,
				522949951A1DCD5E00A5A01C /* FLEXManager.h */,
				522949961A1DCD5E00A5A01C /* FLEXManager.m */,
				522949971A1DCD5E00A5A01C /* FLEXToolbarItem.h */,
				522949981A1DCD5E00A5A01C /* FLEXToolbarItem.m */,
				522949991A1DCD5E00A5A01C /* FLEXWindow.h */,
				5229499A1A1DCD5E00A5A01C /* FLEXWindow.m */,
			);
			path = "Explorer Toolbar";
			sourceTree = "<group>";
		};
		5229499B1A1DCD5E00A5A01C /* Global State Explorers */ = {
			isa = PBXGroup;
			children = (
				5229499C1A1DCD5E00A5A01C /* FLEXClassesTableViewController.h */,
				5229499D1A1DCD5E00A5A01C /* FLEXClassesTableViewController.m */,
				5229499E1A1DCD5E00A5A01C /* FLEXFileBrowserSearchOperation.h */,
				5229499F1A1DCD5E00A5A01C /* FLEXFileBrowserSearchOperation.m */,
				522949A01A1DCD5E00A5A01C /* FLEXFileBrowserTableViewController.h */,
				522949A11A1DCD5E00A5A01C /* FLEXFileBrowserTableViewController.m */,
				522949A21A1DCD5E00A5A01C /* FLEXGlobalsTableViewController.h */,
				522949A31A1DCD5E00A5A01C /* FLEXGlobalsTableViewController.m */,
				522949A41A1DCD5E00A5A01C /* FLEXInstancesTableViewController.h */,
				522949A51A1DCD5E00A5A01C /* FLEXInstancesTableViewController.m */,
				522949A61A1DCD5E00A5A01C /* FLEXLibrariesTableViewController.h */,
				522949A71A1DCD5E00A5A01C /* FLEXLibrariesTableViewController.m */,
				522949A81A1DCD5E00A5A01C /* FLEXLiveObjectsTableViewController.h */,
				522949A91A1DCD5E00A5A01C /* FLEXLiveObjectsTableViewController.m */,
				522949AA1A1DCD5E00A5A01C /* FLEXWebViewController.h */,
				522949AB1A1DCD5E00A5A01C /* FLEXWebViewController.m */,
			);
			path = "Global State Explorers";
			sourceTree = "<group>";
		};
		522949AC1A1DCD5E00A5A01C /* Object Explorers */ = {
			isa = PBXGroup;
			children = (
				522949AD1A1DCD5E00A5A01C /* FLEXArrayExplorerViewController.h */,
				522949AE1A1DCD5E00A5A01C /* FLEXArrayExplorerViewController.m */,
				522949AF1A1DCD5E00A5A01C /* FLEXClassExplorerViewController.h */,
				522949B01A1DCD5E00A5A01C /* FLEXClassExplorerViewController.m */,
				522949B11A1DCD5E00A5A01C /* FLEXDefaultsExplorerViewController.h */,
				522949B21A1DCD5E00A5A01C /* FLEXDefaultsExplorerViewController.m */,
				522949B31A1DCD5E00A5A01C /* FLEXDescriptionTableViewCell.h */,
				522949B41A1DCD5E00A5A01C /* FLEXDescriptionTableViewCell.m */,
				522949B51A1DCD5E00A5A01C /* FLEXDictionaryExplorerViewController.h */,
				522949B61A1DCD5E00A5A01C /* FLEXDictionaryExplorerViewController.m */,
				522949B71A1DCD5E00A5A01C /* FLEXGlobalsTableViewControllerEntry.h */,
				522949B81A1DCD5E00A5A01C /* FLEXGlobalsTableViewControllerEntry.m */,
				522949B91A1DCD5E00A5A01C /* FLEXImageExplorerViewController.h */,
				522949BA1A1DCD5E00A5A01C /* FLEXImageExplorerViewController.m */,
				522949BB1A1DCD5E00A5A01C /* FLEXObjectExplorerFactory.h */,
				522949BC1A1DCD5E00A5A01C /* FLEXObjectExplorerFactory.m */,
				522949BD1A1DCD5E00A5A01C /* FLEXObjectExplorerViewController.h */,
				522949BE1A1DCD5E00A5A01C /* FLEXObjectExplorerViewController.m */,
				522949BF1A1DCD5E00A5A01C /* FLEXSetExplorerViewController.h */,
				522949C01A1DCD5E00A5A01C /* FLEXSetExplorerViewController.m */,
				522949C11A1DCD5E00A5A01C /* FLEXViewControllerExplorerViewController.h */,
				522949C21A1DCD5E00A5A01C /* FLEXViewControllerExplorerViewController.m */,
				522949C31A1DCD5E00A5A01C /* FLEXViewExplorerViewController.h */,
				522949C41A1DCD5E00A5A01C /* FLEXViewExplorerViewController.m */,
			);
			path = "Object Explorers";
			sourceTree = "<group>";
		};
		522949C51A1DCD5E00A5A01C /* Utility */ = {
			isa = PBXGroup;
			children = (
				522949C61A1DCD5E00A5A01C /* FLEXHeapEnumerator.h */,
				522949C71A1DCD5E00A5A01C /* FLEXHeapEnumerator.m */,
				522949C81A1DCD5E00A5A01C /* FLEXResources.h */,
				522949C91A1DCD5E00A5A01C /* FLEXResources.m */,
				522949CA1A1DCD5E00A5A01C /* FLEXRuntimeUtility.h */,
				522949CB1A1DCD5E00A5A01C /* FLEXRuntimeUtility.m */,
				522949CC1A1DCD5E00A5A01C /* FLEXUtility.h */,
				522949CD1A1DCD5E00A5A01C /* FLEXUtility.m */,
			);
			path = Utility;
			sourceTree = "<group>";
		};
		522949CE1A1DCD5E00A5A01C /* View Hierarchy */ = {
			isa = PBXGroup;
			children = (
				522949CF1A1DCD5E00A5A01C /* FLEXHierarchyTableViewCell.h */,
				522949D01A1DCD5E00A5A01C /* FLEXHierarchyTableViewCell.m */,
				522949D11A1DCD5E00A5A01C /* FLEXHierarchyTableViewController.h */,
				522949D21A1DCD5E00A5A01C /* FLEXHierarchyTableViewController.m */,
				522949D31A1DCD5E00A5A01C /* FLEXImagePreviewViewController.h */,
				522949D41A1DCD5E00A5A01C /* FLEXImagePreviewViewController.m */,
			);
			path = "View Hierarchy";
			sourceTree = "<group>";
		};
/* End PBXGroup section */

/* Begin PBXHeadersBuildPhase section */
		522949241A1DCB4500A5A01C /* Headers */ = {
			isa = PBXHeadersBuildPhase;
			buildActionMask = 2147483647;
			files = (
				522949E51A1DCD5E00A5A01C /* FLEXArgumentInputSwitchView.h in Headers */,
				52294A301A1DCD5E00A5A01C /* FLEXRuntimeUtility.h in Headers */,
				52294A0E1A1DCD5E00A5A01C /* FLEXLibrariesTableViewController.h in Headers */,
				52294A061A1DCD5E00A5A01C /* FLEXFileBrowserSearchOperation.h in Headers */,
				52294A0A1A1DCD5E00A5A01C /* FLEXGlobalsTableViewController.h in Headers */,
				522949EB1A1DCD5E00A5A01C /* FLEXArgumentInputViewFactory.h in Headers */,
				522949DB1A1DCD5E00A5A01C /* FLEXArgumentInputJSONObjectView.h in Headers */,
				522949F31A1DCD5E00A5A01C /* FLEXIvarEditorViewController.h in Headers */,
				522949EF1A1DCD5E00A5A01C /* FLEXFieldEditorView.h in Headers */,
				52294A1A1A1DCD5E00A5A01C /* FLEXDescriptionTableViewCell.h in Headers */,
				522949D71A1DCD5E00A5A01C /* FLEXArgumentInputFontsPickerView.h in Headers */,
				52294A221A1DCD5E00A5A01C /* FLEXObjectExplorerFactory.h in Headers */,
				52294A181A1DCD5E00A5A01C /* FLEXDefaultsExplorerViewController.h in Headers */,
				52294A141A1DCD5E00A5A01C /* FLEXArrayExplorerViewController.h in Headers */,
				522949FE1A1DCD5E00A5A01C /* FLEXManager.h in Headers */,
				52294A361A1DCD5E00A5A01C /* FLEXHierarchyTableViewController.h in Headers */,
				52294A101A1DCD5E00A5A01C /* FLEXLiveObjectsTableViewController.h in Headers */,
				522949D91A1DCD5E00A5A01C /* FLEXArgumentInputFontView.h in Headers */,
				52294A121A1DCD5E00A5A01C /* FLEXWebViewController.h in Headers */,
				52294A001A1DCD5E00A5A01C /* FLEXToolbarItem.h in Headers */,
				522949F71A1DCD5E00A5A01C /* FLEXPropertyEditorViewController.h in Headers */,
				522949E31A1DCD5E00A5A01C /* FLEXArgumentInputStructView.h in Headers */,
				52294A2E1A1DCD5E00A5A01C /* FLEXResources.h in Headers */,
				52294A201A1DCD5E00A5A01C /* FLEXImageExplorerViewController.h in Headers */,
				52294A261A1DCD5E00A5A01C /* FLEXSetExplorerViewController.h in Headers */,
				522949F51A1DCD5E00A5A01C /* FLEXMethodCallingViewController.h in Headers */,
				52294A2C1A1DCD5E00A5A01C /* FLEXHeapEnumerator.h in Headers */,
				52294A2A1A1DCD5E00A5A01C /* FLEXViewExplorerViewController.h in Headers */,
				52294A0C1A1DCD5E00A5A01C /* FLEXInstancesTableViewController.h in Headers */,
				52294A1C1A1DCD5E00A5A01C /* FLEXDictionaryExplorerViewController.h in Headers */,
				52294A381A1DCD5E00A5A01C /* FLEXImagePreviewViewController.h in Headers */,
				522949F91A1DCD5E00A5A01C /* FLEXExplorerToolbar.h in Headers */,
				522949FD1A1DCD5E00A5A01C /* FLEXManager+Private.h in Headers */,
				52294A241A1DCD5E00A5A01C /* FLEXObjectExplorerViewController.h in Headers */,
				522949DD1A1DCD5E00A5A01C /* FLEXArgumentInputNotSupportedView.h in Headers */,
				52294A161A1DCD5E00A5A01C /* FLEXClassExplorerViewController.h in Headers */,
				52294A281A1DCD5E00A5A01C /* FLEXViewControllerExplorerViewController.h in Headers */,
				52294A081A1DCD5E00A5A01C /* FLEXFileBrowserTableViewController.h in Headers */,
				522949D51A1DCD5E00A5A01C /* FLEXArgumentInputColorView.h in Headers */,
				522949E71A1DCD5E00A5A01C /* FLEXArgumentInputTextView.h in Headers */,
				522949DF1A1DCD5E00A5A01C /* FLEXArgumentInputNumberView.h in Headers */,
				52294A021A1DCD5E00A5A01C /* FLEXWindow.h in Headers */,
				522949FB1A1DCD5E00A5A01C /* FLEXExplorerViewController.h in Headers */,
				52294A341A1DCD5E00A5A01C /* FLEXHierarchyTableViewCell.h in Headers */,
				522949371A1DCB4500A5A01C /* libFLEX.h in Headers */,
				522949E91A1DCD5E00A5A01C /* FLEXArgumentInputView.h in Headers */,
				52294A041A1DCD5E00A5A01C /* FLEXClassesTableViewController.h in Headers */,
				52294A321A1DCD5E00A5A01C /* FLEXUtility.h in Headers */,
				522949E11A1DCD5E00A5A01C /* FLEXArgumentInputStringView.h in Headers */,
				522949F11A1DCD5E00A5A01C /* FLEXFieldEditorViewController.h in Headers */,
				522949ED1A1DCD5E00A5A01C /* FLEXDefaultEditorViewController.h in Headers */,
				52294A1E1A1DCD5E00A5A01C /* FLEXGlobalsTableViewControllerEntry.h in Headers */,
			);
			runOnlyForDeploymentPostprocessing = 0;
		};
/* End PBXHeadersBuildPhase section */

/* Begin PBXNativeTarget section */
		522949261A1DCB4500A5A01C /* libFLEX */ = {
			isa = PBXNativeTarget;
			buildConfigurationList = 5229493F1A1DCB4500A5A01C /* Build configuration list for PBXNativeTarget "libFLEX" */;
			buildPhases = (
				522949221A1DCB4500A5A01C /* Sources */,
				522949231A1DCB4500A5A01C /* Frameworks */,
				522949241A1DCB4500A5A01C /* Headers */,
				522949251A1DCB4500A5A01C /* ShellScript */,
			);
			buildRules = (
			);
			dependencies = (
			);
			name = libFLEX;
			productName = libFLEX;
			productReference = 522949271A1DCB4500A5A01C /* liblibFLEX.dylib */;
			productType = "com.apple.product-type.library.dynamic";
		};
/* End PBXNativeTarget section */

/* Begin PBXProject section */
		5229491E1A1DCB4500A5A01C /* Project object */ = {
			isa = PBXProject;
			attributes = {
				LastUpgradeCheck = 0600;
				TargetAttributes = {
					522949261A1DCB4500A5A01C = {
						CreatedOnToolsVersion = 6.0.1;
					};
				};
			};
			buildConfigurationList = 522949211A1DCB4500A5A01C /* Build configuration list for PBXProject "libFLEX" */;
			compatibilityVersion = "Xcode 3.2";
			developmentRegion = English;
			hasScannedForEncodings = 0;
			knownRegions = (
				en,
			);
			mainGroup = 5229491D1A1DCB4500A5A01C;
			productRefGroup = 522949281A1DCB4500A5A01C /* Products */;
			projectDirPath = "";
			projectRoot = "";
			targets = (
				522949261A1DCB4500A5A01C /* libFLEX */,
			);
		};
/* End PBXProject section */

/* Begin PBXShellScriptBuildPhase section */
		522949251A1DCB4500A5A01C /* ShellScript */ = {
			isa = PBXShellScriptBuildPhase;
			buildActionMask = 2147483647;
			files = (
			);
			inputPaths = (
			);
			outputPaths = (
			);
			runOnlyForDeploymentPostprocessing = 0;
			shellPath = /bin/sh;
			shellScript = "/opt/iOSOpenDev/bin/iosod --xcbp";
		};
/* End PBXShellScriptBuildPhase section */

/* Begin PBXSourcesBuildPhase section */
		522949221A1DCB4500A5A01C /* Sources */ = {
			isa = PBXSourcesBuildPhase;
			buildActionMask = 2147483647;
			files = (
				52294A2D1A1DCD5E00A5A01C /* FLEXHeapEnumerator.m in Sources */,
				52294A071A1DCD5E00A5A01C /* FLEXFileBrowserSearchOperation.m in Sources */,
				52294A1D1A1DCD5E00A5A01C /* FLEXDictionaryExplorerViewController.m in Sources */,
				522949EE1A1DCD5E00A5A01C /* FLEXDefaultEditorViewController.m in Sources */,
				52294A311A1DCD5E00A5A01C /* FLEXRuntimeUtility.m in Sources */,
				522949DE1A1DCD5E00A5A01C /* FLEXArgumentInputNotSupportedView.m in Sources */,
				522949EC1A1DCD5E00A5A01C /* FLEXArgumentInputViewFactory.m in Sources */,
				522949F21A1DCD5E00A5A01C /* FLEXFieldEditorViewController.m in Sources */,
				52294A151A1DCD5E00A5A01C /* FLEXArrayExplorerViewController.m in Sources */,
				52294A251A1DCD5E00A5A01C /* FLEXObjectExplorerViewController.m in Sources */,
				522949F01A1DCD5E00A5A01C /* FLEXFieldEditorView.m in Sources */,
				522949F61A1DCD5E00A5A01C /* FLEXMethodCallingViewController.m in Sources */,
				52294A371A1DCD5E00A5A01C /* FLEXHierarchyTableViewController.m in Sources */,
				52294A2B1A1DCD5E00A5A01C /* FLEXViewExplorerViewController.m in Sources */,
				522949F41A1DCD5E00A5A01C /* FLEXIvarEditorViewController.m in Sources */,
				52294A0F1A1DCD5E00A5A01C /* FLEXLibrariesTableViewController.m in Sources */,
				522949DC1A1DCD5E00A5A01C /* FLEXArgumentInputJSONObjectView.m in Sources */,
				522949E01A1DCD5E00A5A01C /* FLEXArgumentInputNumberView.m in Sources */,
				52294A2F1A1DCD5E00A5A01C /* FLEXResources.m in Sources */,
				522949E81A1DCD5E00A5A01C /* FLEXArgumentInputTextView.m in Sources */,
				52294A1F1A1DCD5E00A5A01C /* FLEXGlobalsTableViewControllerEntry.m in Sources */,
				52294A0D1A1DCD5E00A5A01C /* FLEXInstancesTableViewController.m in Sources */,
				522949391A1DCB4500A5A01C /* libFLEX.m in Sources */,
				52294A191A1DCD5E00A5A01C /* FLEXDefaultsExplorerViewController.m in Sources */,
				52294A051A1DCD5E00A5A01C /* FLEXClassesTableViewController.m in Sources */,
				522949E21A1DCD5E00A5A01C /* FLEXArgumentInputStringView.m in Sources */,
				522949E61A1DCD5E00A5A01C /* FLEXArgumentInputSwitchView.m in Sources */,
				522949F81A1DCD5E00A5A01C /* FLEXPropertyEditorViewController.m in Sources */,
				52294A391A1DCD5E00A5A01C /* FLEXImagePreviewViewController.m in Sources */,
				52294A331A1DCD5E00A5A01C /* FLEXUtility.m in Sources */,
				52294A091A1DCD5E00A5A01C /* FLEXFileBrowserTableViewController.m in Sources */,
				52294A031A1DCD5E00A5A01C /* FLEXWindow.m in Sources */,
				52294A0B1A1DCD5E00A5A01C /* FLEXGlobalsTableViewController.m in Sources */,
				52294A1B1A1DCD5E00A5A01C /* FLEXDescriptionTableViewCell.m in Sources */,
				52294A211A1DCD5E00A5A01C /* FLEXImageExplorerViewController.m in Sources */,
				522949EA1A1DCD5E00A5A01C /* FLEXArgumentInputView.m in Sources */,
				52294A271A1DCD5E00A5A01C /* FLEXSetExplorerViewController.m in Sources */,
				522949FA1A1DCD5E00A5A01C /* FLEXExplorerToolbar.m in Sources */,
				52294A231A1DCD5E00A5A01C /* FLEXObjectExplorerFactory.m in Sources */,
				522949FF1A1DCD5E00A5A01C /* FLEXManager.m in Sources */,
				52294A171A1DCD5E00A5A01C /* FLEXClassExplorerViewController.m in Sources */,
				52294A011A1DCD5E00A5A01C /* FLEXToolbarItem.m in Sources */,
				522949FC1A1DCD5E00A5A01C /* FLEXExplorerViewController.m in Sources */,
				52294A291A1DCD5E00A5A01C /* FLEXViewControllerExplorerViewController.m in Sources */,
				522949D81A1DCD5E00A5A01C /* FLEXArgumentInputFontsPickerView.m in Sources */,
				522949E41A1DCD5E00A5A01C /* FLEXArgumentInputStructView.m in Sources */,
				522949DA1A1DCD5E00A5A01C /* FLEXArgumentInputFontView.m in Sources */,
				52294A111A1DCD5E00A5A01C /* FLEXLiveObjectsTableViewController.m in Sources */,
				52294A131A1DCD5E00A5A01C /* FLEXWebViewController.m in Sources */,
				522949D61A1DCD5E00A5A01C /* FLEXArgumentInputColorView.m in Sources */,
				52294A351A1DCD5E00A5A01C /* FLEXHierarchyTableViewCell.m in Sources */,
			);
			runOnlyForDeploymentPostprocessing = 0;
		};
/* End PBXSourcesBuildPhase section */

/* Begin XCBuildConfiguration section */
		5229493D1A1DCB4500A5A01C /* Debug */ = {
			isa = XCBuildConfiguration;
			buildSettings = {
				COPY_PHASE_STRIP = NO;
				EXCLUDED_RECURSIVE_SEARCH_PATH_SUBDIRECTORIES = "*.nib *.lproj *.gch (*) .DS_Store CVS .svn .git .hg *.xcodeproj *.xcode *.pbproj *.pbxproj";
				FRAMEWORK_SEARCH_PATHS = (
					"$(iOSOpenDevPath)/frameworks/**",
					"$(SDKROOT)/System/Library/PrivateFrameworks",
				);
				GCC_C_LANGUAGE_STANDARD = gnu99;
				GCC_DYNAMIC_NO_PIC = NO;
				GCC_OPTIMIZATION_LEVEL = 0;
				GCC_PREPROCESSOR_DEFINITIONS = (
					"DEBUG=1",
					"$(inherited)",
				);
				GCC_SYMBOLS_PRIVATE_EXTERN = NO;
				GCC_WARN_ABOUT_MISSING_PROTOTYPES = YES;
				GCC_WARN_ABOUT_RETURN_TYPE = YES;
				GCC_WARN_UNUSED_VARIABLE = YES;
				HEADER_SEARCH_PATHS = "$(iOSOpenDevPath)/include/**";
				IPHONEOS_DEPLOYMENT_TARGET = 8.0;
				LIBRARY_SEARCH_PATHS = "$(iOSOpenDevPath)/lib/**";
				SDKROOT = iphoneos;
				TARGETED_DEVICE_FAMILY = "1,2";
				VALIDATE_PRODUCT = NO;
				iOSOpenDevPath = /opt/iOSOpenDev;
			};
			name = Debug;
		};
		5229493E1A1DCB4500A5A01C /* Release */ = {
			isa = XCBuildConfiguration;
			buildSettings = {
				COPY_PHASE_STRIP = YES;
				EXCLUDED_RECURSIVE_SEARCH_PATH_SUBDIRECTORIES = "*.nib *.lproj *.gch (*) .DS_Store CVS .svn .git .hg *.xcodeproj *.xcode *.pbproj *.pbxproj";
				FRAMEWORK_SEARCH_PATHS = (
					"$(iOSOpenDevPath)/frameworks/**",
					"$(SDKROOT)/System/Library/PrivateFrameworks",
				);
				GCC_C_LANGUAGE_STANDARD = gnu99;
				GCC_WARN_ABOUT_MISSING_PROTOTYPES = YES;
				GCC_WARN_ABOUT_RETURN_TYPE = YES;
				GCC_WARN_UNUSED_VARIABLE = YES;
				HEADER_SEARCH_PATHS = "$(iOSOpenDevPath)/include/**";
				IPHONEOS_DEPLOYMENT_TARGET = 8.0;
				LIBRARY_SEARCH_PATHS = "$(iOSOpenDevPath)/lib/**";
				SDKROOT = iphoneos;
				TARGETED_DEVICE_FAMILY = "1,2";
				VALIDATE_PRODUCT = YES;
				iOSOpenDevPath = /opt/iOSOpenDev;
			};
			name = Release;
		};
		522949401A1DCB4500A5A01C /* Debug */ = {
			isa = XCBuildConfiguration;
			buildSettings = {
				CLANG_ENABLE_OBJC_ARC = YES;
				CODE_SIGN_IDENTITY = "";
				DYLIB_COMPATIBILITY_VERSION = 1;
				DYLIB_CURRENT_VERSION = 1;
				EXECUTABLE_PREFIX = lib;
				GCC_PRECOMPILE_PREFIX_HEADER = YES;
				GCC_PREFIX_HEADER = "libFLEX/libFLEX-Prefix.pch";
				INSTALL_PATH = /usr/lib;
				IPHONEOS_DEPLOYMENT_TARGET = 6.0;
				PRODUCT_NAME = "$(TARGET_NAME)";
				iOSOpenDevBuildPackageOnAnyBuild = NO;
				iOSOpenDevCopyOnBuild = NO;
				iOSOpenDevDevice = "";
				iOSOpenDevInstallOnAnyBuild = NO;
				iOSOpenDevInstallOnProfiling = NO;
				iOSOpenDevRespringOnInstall = NO;
				iOSOpenDevUsePackageVersionPList = NO;
			};
			name = Debug;
		};
		522949411A1DCB4500A5A01C /* Release */ = {
			isa = XCBuildConfiguration;
			buildSettings = {
				CLANG_ENABLE_OBJC_ARC = YES;
				CODE_SIGN_IDENTITY = "";
				DYLIB_COMPATIBILITY_VERSION = 1;
				DYLIB_CURRENT_VERSION = 1;
				EXECUTABLE_PREFIX = lib;
				GCC_PRECOMPILE_PREFIX_HEADER = YES;
				GCC_PREFIX_HEADER = "libFLEX/libFLEX-Prefix.pch";
				INSTALL_PATH = /usr/lib;
				IPHONEOS_DEPLOYMENT_TARGET = 6.0;
				PRODUCT_NAME = "$(TARGET_NAME)";
				iOSOpenDevBuildPackageOnAnyBuild = NO;
				iOSOpenDevCopyOnBuild = NO;
				iOSOpenDevDevice = "";
				iOSOpenDevInstallOnAnyBuild = NO;
				iOSOpenDevInstallOnProfiling = NO;
				iOSOpenDevRespringOnInstall = NO;
				iOSOpenDevUsePackageVersionPList = NO;
			};
			name = Release;
		};
/* End XCBuildConfiguration section */

/* Begin XCConfigurationList section */
		522949211A1DCB4500A5A01C /* Build configuration list for PBXProject "libFLEX" */ = {
			isa = XCConfigurationList;
			buildConfigurations = (
				5229493D1A1DCB4500A5A01C /* Debug */,
				5229493E1A1DCB4500A5A01C /* Release */,
			);
			defaultConfigurationIsVisible = 0;
			defaultConfigurationName = Release;
		};
		5229493F1A1DCB4500A5A01C /* Build configuration list for PBXNativeTarget "libFLEX" */ = {
			isa = XCConfigurationList;
			buildConfigurations = (
				522949401A1DCB4500A5A01C /* Debug */,
				522949411A1DCB4500A5A01C /* Release */,
			);
			defaultConfigurationIsVisible = 0;
			defaultConfigurationName = Release;
		};
/* End XCConfigurationList section */
	};
	rootObject = 5229491E1A1DCB4500A5A01C /* Project object */;
}
